// !$*UTF8*$!
{
	archiveVersion = 1;
	classes = {
	};
	objectVersion = 46;
	objects = {

/* Begin PBXAggregateTarget section */
		6A6E89731F7101090084870F /* AGXCrashBuilder */ = {
			isa = PBXAggregateTarget;
			buildConfigurationList = 6A6E89741F7101090084870F /* Build configuration list for PBXAggregateTarget "AGXCrashBuilder" */;
			buildPhases = (
				6A6E897C1F7103C70084870F /* ShellScript */,
			);
			dependencies = (
			);
			name = AGXCrashBuilder;
			productName = AGXCrashBuilder;
		};
/* End PBXAggregateTarget section */

/* Begin PBXBuildFile section */
		6A113BB81F8FA2DB00B52FEE /* AGXMach.c in Sources */ = {isa = PBXBuildFile; fileRef = 6A113BB61F8FA2DB00B52FEE /* AGXMach.c */; };
		6A113BB91F8FA2DB00B52FEE /* AGXMach.h in Headers */ = {isa = PBXBuildFile; fileRef = 6A113BB71F8FA2DB00B52FEE /* AGXMach.h */; };
		6A113BBC1F8FA2DB00B52FEE /* AGXObjCRuntime.c in Sources */ = {isa = PBXBuildFile; fileRef = 6A113BBA1F8FA2DB00B52FEE /* AGXObjCRuntime.c */; };
		6A113BBD1F8FA2DB00B52FEE /* AGXObjCRuntime.h in Headers */ = {isa = PBXBuildFile; fileRef = 6A113BBB1F8FA2DB00B52FEE /* AGXObjCRuntime.h */; };
		6A113BBF1F8FA2DB00B52FEE /* AGXObjCAppleRuntime.h in Headers */ = {isa = PBXBuildFile; fileRef = 6A113BBE1F8FA2DB00B52FEE /* AGXObjCAppleRuntime.h */; };
		6A113BC21F8FA2DB00B52FEE /* AGXString.c in Sources */ = {isa = PBXBuildFile; fileRef = 6A113BC01F8FA2DB00B52FEE /* AGXString.c */; };
		6A113BC31F8FA2DB00B52FEE /* AGXString.h in Headers */ = {isa = PBXBuildFile; fileRef = 6A113BC11F8FA2DB00B52FEE /* AGXString.h */; };
		6A28AEF51F77C298001AF4C7 /* None.h in Headers */ = {isa = PBXBuildFile; fileRef = 6A28AEF41F77C298001AF4C7 /* None.h */; };
		6A28AEF71F77C305001AF4C7 /* Optional.h in Headers */ = {isa = PBXBuildFile; fileRef = 6A28AEF61F77C305001AF4C7 /* Optional.h */; };
		6A28AEF91F77C3B5001AF4C7 /* StringRef.h in Headers */ = {isa = PBXBuildFile; fileRef = 6A28AEF81F77C3B5001AF4C7 /* StringRef.h */; };
		6A28AEFB1F77C435001AF4C7 /* llvm-config.h in Headers */ = {isa = PBXBuildFile; fileRef = 6A28AEFA1F77C435001AF4C7 /* llvm-config.h */; };
		6A28AEFD1F77C49F001AF4C7 /* AlignOf.h in Headers */ = {isa = PBXBuildFile; fileRef = 6A28AEFC1F77C49F001AF4C7 /* AlignOf.h */; };
		6A28AEFF1F77C4DF001AF4C7 /* Casting.h in Headers */ = {isa = PBXBuildFile; fileRef = 6A28AEFE1F77C4DF001AF4C7 /* Casting.h */; };
		6A28AF011F77C4F2001AF4C7 /* Compiler.h in Headers */ = {isa = PBXBuildFile; fileRef = 6A28AF001F77C4F2001AF4C7 /* Compiler.h */; };
		6A28AF031F77C503001AF4C7 /* type_traits.h in Headers */ = {isa = PBXBuildFile; fileRef = 6A28AF021F77C503001AF4C7 /* type_traits.h */; };
		6A28AF071F77C614001AF4C7 /* Demangle.cpp in Sources */ = {isa = PBXBuildFile; fileRef = 6A28AF051F77C614001AF4C7 /* Demangle.cpp */; };
		6A28AF081F77C614001AF4C7 /* Demangle.h in Headers */ = {isa = PBXBuildFile; fileRef = 6A28AF061F77C614001AF4C7 /* Demangle.h */; };
		6A28AF0A1F77C76D001AF4C7 /* DemangleNodes.h in Headers */ = {isa = PBXBuildFile; fileRef = 6A28AF091F77C76D001AF4C7 /* DemangleNodes.h */; };
		6A28AF0D1F77C795001AF4C7 /* Fallthrough.h in Headers */ = {isa = PBXBuildFile; fileRef = 6A28AF0C1F77C795001AF4C7 /* Fallthrough.h */; };
		6A28AF0F1F77C7AE001AF4C7 /* LLVM.h in Headers */ = {isa = PBXBuildFile; fileRef = 6A28AF0E1F77C7AE001AF4C7 /* LLVM.h */; };
		6A28AF111F77C7BC001AF4C7 /* Malloc.h in Headers */ = {isa = PBXBuildFile; fileRef = 6A28AF101F77C7BC001AF4C7 /* Malloc.h */; };
		6A28AF141F77C7CF001AF4C7 /* Punycode.cpp in Sources */ = {isa = PBXBuildFile; fileRef = 6A28AF121F77C7CF001AF4C7 /* Punycode.cpp */; };
		6A28AF151F77C7CF001AF4C7 /* Punycode.h in Headers */ = {isa = PBXBuildFile; fileRef = 6A28AF131F77C7CF001AF4C7 /* Punycode.h */; };
		6A28AF181F77C802001AF4C7 /* SwiftStrings.h in Headers */ = {isa = PBXBuildFile; fileRef = 6A28AF171F77C802001AF4C7 /* SwiftStrings.h */; };
		6A3106B31F7CFBEC00B09B83 /* AGXCPU_x86_32.c in Sources */ = {isa = PBXBuildFile; fileRef = 6A3106B21F7CFBEC00B09B83 /* AGXCPU_x86_32.c */; };
		6A3106B51F7CFBFF00B09B83 /* AGXCPU_x86_64.c in Sources */ = {isa = PBXBuildFile; fileRef = 6A3106B41F7CFBFF00B09B83 /* AGXCPU_x86_64.c */; };
		6A3106B81F7D05E600B09B83 /* AGXStackCursor.c in Sources */ = {isa = PBXBuildFile; fileRef = 6A3106B61F7D05E600B09B83 /* AGXStackCursor.c */; };
		6A3106B91F7D05E600B09B83 /* AGXStackCursor.h in Headers */ = {isa = PBXBuildFile; fileRef = 6A3106B71F7D05E600B09B83 /* AGXStackCursor.h */; };
		6A3106BC1F7D06E900B09B83 /* AGXDynamicLinker.c in Sources */ = {isa = PBXBuildFile; fileRef = 6A3106BA1F7D06E900B09B83 /* AGXDynamicLinker.c */; };
		6A3106BD1F7D06E900B09B83 /* AGXDynamicLinker.h in Headers */ = {isa = PBXBuildFile; fileRef = 6A3106BB1F7D06E900B09B83 /* AGXDynamicLinker.h */; };
		6A3106C01F7D09F100B09B83 /* AGXSymbolicator.c in Sources */ = {isa = PBXBuildFile; fileRef = 6A3106BE1F7D09F100B09B83 /* AGXSymbolicator.c */; };
		6A3106C11F7D09F100B09B83 /* AGXSymbolicator.h in Headers */ = {isa = PBXBuildFile; fileRef = 6A3106BF1F7D09F100B09B83 /* AGXSymbolicator.h */; };
		6A3106C41F7D54E600B09B83 /* AGXStackCursor_Backtrace.c in Sources */ = {isa = PBXBuildFile; fileRef = 6A3106C21F7D54E600B09B83 /* AGXStackCursor_Backtrace.c */; };
		6A3106C51F7D54E600B09B83 /* AGXStackCursor_Backtrace.h in Headers */ = {isa = PBXBuildFile; fileRef = 6A3106C31F7D54E600B09B83 /* AGXStackCursor_Backtrace.h */; };
		6A3106C81F7D550000B09B83 /* AGXStackCursor_MachineContext.c in Sources */ = {isa = PBXBuildFile; fileRef = 6A3106C61F7D550000B09B83 /* AGXStackCursor_MachineContext.c */; };
		6A3106C91F7D550000B09B83 /* AGXStackCursor_MachineContext.h in Headers */ = {isa = PBXBuildFile; fileRef = 6A3106C71F7D550000B09B83 /* AGXStackCursor_MachineContext.h */; };
		6A3106CC1F7D550E00B09B83 /* AGXStackCursor_SelfThread.c in Sources */ = {isa = PBXBuildFile; fileRef = 6A3106CA1F7D550E00B09B83 /* AGXStackCursor_SelfThread.c */; };
		6A3106CD1F7D550E00B09B83 /* AGXStackCursor_SelfThread.h in Headers */ = {isa = PBXBuildFile; fileRef = 6A3106CB1F7D550E00B09B83 /* AGXStackCursor_SelfThread.h */; };
		6A6E895C1F70C6C40084870F /* AGXCrash.m in Sources */ = {isa = PBXBuildFile; fileRef = 6A6E895B1F70C6C40084870F /* AGXCrash.m */; };
		6A6E896A1F70C71E0084870F /* AGXCrashTests.m in Sources */ = {isa = PBXBuildFile; fileRef = 6A6E89691F70C71E0084870F /* AGXCrashTests.m */; };
		6A6E896C1F70C71E0084870F /* libAGXCrash.a in Frameworks */ = {isa = PBXBuildFile; fileRef = 6A6E89571F70C6C40084870F /* libAGXCrash.a */; };
		6AA39E811F7A361600F1DED2 /* AGXSystemCapabilities.h in Headers */ = {isa = PBXBuildFile; fileRef = 6AA39E801F7A361600F1DED2 /* AGXSystemCapabilities.h */; };
		6AA39E841F7A430200F1DED2 /* AGXCrashLogger.c in Sources */ = {isa = PBXBuildFile; fileRef = 6AA39E821F7A430200F1DED2 /* AGXCrashLogger.c */; };
		6AA39E851F7A430200F1DED2 /* AGXCrashLogger.h in Headers */ = {isa = PBXBuildFile; fileRef = 6AA39E831F7A430200F1DED2 /* AGXCrashLogger.h */; };
		6AA39E911F7B6B9700F1DED2 /* AGXMemory.c in Sources */ = {isa = PBXBuildFile; fileRef = 6AA39E8F1F7B6B9700F1DED2 /* AGXMemory.c */; };
		6AA39E921F7B6B9700F1DED2 /* AGXMemory.h in Headers */ = {isa = PBXBuildFile; fileRef = 6AA39E901F7B6B9700F1DED2 /* AGXMemory.h */; };
		6AA39E951F7B70C500F1DED2 /* AGXThread.c in Sources */ = {isa = PBXBuildFile; fileRef = 6AA39E931F7B70C500F1DED2 /* AGXThread.c */; };
		6AA39E961F7B70C500F1DED2 /* AGXThread.h in Headers */ = {isa = PBXBuildFile; fileRef = 6AA39E941F7B70C500F1DED2 /* AGXThread.h */; };
		6AA39E991F7CEC2A00F1DED2 /* AGXMachineContext.c in Sources */ = {isa = PBXBuildFile; fileRef = 6AA39E971F7CEC2A00F1DED2 /* AGXMachineContext.c */; };
		6AA39E9A1F7CEC2A00F1DED2 /* AGXMachineContext.h in Headers */ = {isa = PBXBuildFile; fileRef = 6AA39E981F7CEC2A00F1DED2 /* AGXMachineContext.h */; };
		6AA39E9C1F7CEC4C00F1DED2 /* AGXMachineContext_Apple.h in Headers */ = {isa = PBXBuildFile; fileRef = 6AA39E9B1F7CEC4C00F1DED2 /* AGXMachineContext_Apple.h */; };
		6AA39E9F1F7CFB0800F1DED2 /* AGXCPU.c in Sources */ = {isa = PBXBuildFile; fileRef = 6AA39E9D1F7CFB0800F1DED2 /* AGXCPU.c */; };
		6AA39EA01F7CFB0800F1DED2 /* AGXCPU.h in Headers */ = {isa = PBXBuildFile; fileRef = 6AA39E9E1F7CFB0800F1DED2 /* AGXCPU.h */; };
		6AA39EA21F7CFB2C00F1DED2 /* AGXCPU_Apple.h in Headers */ = {isa = PBXBuildFile; fileRef = 6AA39EA11F7CFB2C00F1DED2 /* AGXCPU_Apple.h */; };
		6AA39EA41F7CFB4F00F1DED2 /* AGXCPU_arm.c in Sources */ = {isa = PBXBuildFile; fileRef = 6AA39EA31F7CFB4F00F1DED2 /* AGXCPU_arm.c */; };
		6AA39EA61F7CFB6400F1DED2 /* AGXCPU_arm64.c in Sources */ = {isa = PBXBuildFile; fileRef = 6AA39EA51F7CFB6400F1DED2 /* AGXCPU_arm64.c */; };
		6ABA7C041F8B76A7002DAE6D /* AGXDebug.c in Sources */ = {isa = PBXBuildFile; fileRef = 6ABA7C021F8B76A7002DAE6D /* AGXDebug.c */; };
		6ABA7C051F8B76A7002DAE6D /* AGXDebug.h in Headers */ = {isa = PBXBuildFile; fileRef = 6ABA7C031F8B76A7002DAE6D /* AGXDebug.h */; };
		6ABA7C081F8B77BA002DAE6D /* AGXID.c in Sources */ = {isa = PBXBuildFile; fileRef = 6ABA7C061F8B77BA002DAE6D /* AGXID.c */; };
		6ABA7C091F8B77BA002DAE6D /* AGXID.h in Headers */ = {isa = PBXBuildFile; fileRef = 6ABA7C071F8B77BA002DAE6D /* AGXID.h */; };
		6ABA7C0C1F8B7893002DAE6D /* AGXFileUtils.c in Sources */ = {isa = PBXBuildFile; fileRef = 6ABA7C0A1F8B7893002DAE6D /* AGXFileUtils.c */; };
		6ABA7C0D1F8B7893002DAE6D /* AGXFileUtils.h in Headers */ = {isa = PBXBuildFile; fileRef = 6ABA7C0B1F8B7893002DAE6D /* AGXFileUtils.h */; };
/* End PBXBuildFile section */

/* Begin PBXContainerItemProxy section */
		6A6E896D1F70C71E0084870F /* PBXContainerItemProxy */ = {
			isa = PBXContainerItemProxy;
			containerPortal = 6A6E894F1F70C6C40084870F /* Project object */;
			proxyType = 1;
			remoteGlobalIDString = 6A6E89561F70C6C40084870F;
			remoteInfo = AGXCrash;
		};
/* End PBXContainerItemProxy section */

/* Begin PBXFileReference section */
		6A113BB61F8FA2DB00B52FEE /* AGXMach.c */ = {isa = PBXFileReference; lastKnownFileType = sourcecode.c.c; name = AGXMach.c; path = Privates/AGXMach.c; sourceTree = "<group>"; };
		6A113BB71F8FA2DB00B52FEE /* AGXMach.h */ = {isa = PBXFileReference; lastKnownFileType = sourcecode.c.h; name = AGXMach.h; path = Privates/AGXMach.h; sourceTree = "<group>"; };
		6A113BBA1F8FA2DB00B52FEE /* AGXObjCRuntime.c */ = {isa = PBXFileReference; lastKnownFileType = sourcecode.c.c; name = AGXObjCRuntime.c; path = Privates/AGXObjCRuntime.c; sourceTree = "<group>"; };
		6A113BBB1F8FA2DB00B52FEE /* AGXObjCRuntime.h */ = {isa = PBXFileReference; lastKnownFileType = sourcecode.c.h; name = AGXObjCRuntime.h; path = Privates/AGXObjCRuntime.h; sourceTree = "<group>"; };
		6A113BBE1F8FA2DB00B52FEE /* AGXObjCAppleRuntime.h */ = {isa = PBXFileReference; lastKnownFileType = sourcecode.c.h; name = AGXObjCAppleRuntime.h; path = Privates/AGXObjCAppleRuntime.h; sourceTree = "<group>"; };
		6A113BC01F8FA2DB00B52FEE /* AGXString.c */ = {isa = PBXFileReference; lastKnownFileType = sourcecode.c.c; name = AGXString.c; path = Privates/AGXString.c; sourceTree = "<group>"; };
		6A113BC11F8FA2DB00B52FEE /* AGXString.h */ = {isa = PBXFileReference; lastKnownFileType = sourcecode.c.h; name = AGXString.h; path = Privates/AGXString.h; sourceTree = "<group>"; };
		6A28AEF41F77C298001AF4C7 /* None.h */ = {isa = PBXFileReference; fileEncoding = 4; lastKnownFileType = sourcecode.c.h; name = None.h; path = Privates/Support/llvm/ADT/None.h; sourceTree = "<group>"; };
		6A28AEF61F77C305001AF4C7 /* Optional.h */ = {isa = PBXFileReference; fileEncoding = 4; lastKnownFileType = sourcecode.c.h; name = Optional.h; path = Privates/Support/llvm/ADT/Optional.h; sourceTree = "<group>"; };
		6A28AEF81F77C3B5001AF4C7 /* StringRef.h */ = {isa = PBXFileReference; fileEncoding = 4; lastKnownFileType = sourcecode.c.h; name = StringRef.h; path = Privates/Support/llvm/ADT/StringRef.h; sourceTree = "<group>"; };
		6A28AEFA1F77C435001AF4C7 /* llvm-config.h */ = {isa = PBXFileReference; fileEncoding = 4; lastKnownFileType = sourcecode.c.h; name = "llvm-config.h"; path = "Privates/Support/llvm/Config/llvm-config.h"; sourceTree = "<group>"; };
		6A28AEFC1F77C49F001AF4C7 /* AlignOf.h */ = {isa = PBXFileReference; fileEncoding = 4; lastKnownFileType = sourcecode.c.h; name = AlignOf.h; path = Privates/Support/llvm/Support/AlignOf.h; sourceTree = "<group>"; };
		6A28AEFE1F77C4DF001AF4C7 /* Casting.h */ = {isa = PBXFileReference; fileEncoding = 4; lastKnownFileType = sourcecode.c.h; name = Casting.h; path = Privates/Support/llvm/Support/Casting.h; sourceTree = "<group>"; };
		6A28AF001F77C4F2001AF4C7 /* Compiler.h */ = {isa = PBXFileReference; fileEncoding = 4; lastKnownFileType = sourcecode.c.h; name = Compiler.h; path = Privates/Support/llvm/Support/Compiler.h; sourceTree = "<group>"; };
		6A28AF021F77C503001AF4C7 /* type_traits.h */ = {isa = PBXFileReference; fileEncoding = 4; lastKnownFileType = sourcecode.c.h; name = type_traits.h; path = Privates/Support/llvm/Support/type_traits.h; sourceTree = "<group>"; };
		6A28AF051F77C614001AF4C7 /* Demangle.cpp */ = {isa = PBXFileReference; fileEncoding = 4; lastKnownFileType = sourcecode.cpp.cpp; name = Demangle.cpp; path = Privates/Support/swift/Basic/Demangle.cpp; sourceTree = "<group>"; };
		6A28AF061F77C614001AF4C7 /* Demangle.h */ = {isa = PBXFileReference; fileEncoding = 4; lastKnownFileType = sourcecode.c.h; name = Demangle.h; path = Privates/Support/swift/Basic/Demangle.h; sourceTree = "<group>"; };
		6A28AF091F77C76D001AF4C7 /* DemangleNodes.h */ = {isa = PBXFileReference; fileEncoding = 4; lastKnownFileType = sourcecode.c.h; name = DemangleNodes.h; path = Privates/Support/swift/Basic/DemangleNodes.h; sourceTree = "<group>"; };
		6A28AF0C1F77C795001AF4C7 /* Fallthrough.h */ = {isa = PBXFileReference; fileEncoding = 4; lastKnownFileType = sourcecode.c.h; name = Fallthrough.h; path = Privates/Support/swift/Basic/Fallthrough.h; sourceTree = "<group>"; };
		6A28AF0E1F77C7AE001AF4C7 /* LLVM.h */ = {isa = PBXFileReference; fileEncoding = 4; lastKnownFileType = sourcecode.c.h; name = LLVM.h; path = Privates/Support/swift/Basic/LLVM.h; sourceTree = "<group>"; };
		6A28AF101F77C7BC001AF4C7 /* Malloc.h */ = {isa = PBXFileReference; fileEncoding = 4; lastKnownFileType = sourcecode.c.h; name = Malloc.h; path = Privates/Support/swift/Basic/Malloc.h; sourceTree = "<group>"; };
		6A28AF121F77C7CF001AF4C7 /* Punycode.cpp */ = {isa = PBXFileReference; fileEncoding = 4; lastKnownFileType = sourcecode.cpp.cpp; name = Punycode.cpp; path = Privates/Support/swift/Basic/Punycode.cpp; sourceTree = "<group>"; };
		6A28AF131F77C7CF001AF4C7 /* Punycode.h */ = {isa = PBXFileReference; fileEncoding = 4; lastKnownFileType = sourcecode.c.h; name = Punycode.h; path = Privates/Support/swift/Basic/Punycode.h; sourceTree = "<group>"; };
		6A28AF171F77C802001AF4C7 /* SwiftStrings.h */ = {isa = PBXFileReference; fileEncoding = 4; lastKnownFileType = sourcecode.c.h; name = SwiftStrings.h; path = Privates/Support/swift/SwiftStrings.h; sourceTree = "<group>"; };
		6A3106B21F7CFBEC00B09B83 /* AGXCPU_x86_32.c */ = {isa = PBXFileReference; fileEncoding = 4; lastKnownFileType = sourcecode.c.c; name = AGXCPU_x86_32.c; path = Privates/AGXCPU_x86_32.c; sourceTree = "<group>"; };
		6A3106B41F7CFBFF00B09B83 /* AGXCPU_x86_64.c */ = {isa = PBXFileReference; fileEncoding = 4; lastKnownFileType = sourcecode.c.c; name = AGXCPU_x86_64.c; path = Privates/AGXCPU_x86_64.c; sourceTree = "<group>"; };
		6A3106B61F7D05E600B09B83 /* AGXStackCursor.c */ = {isa = PBXFileReference; fileEncoding = 4; lastKnownFileType = sourcecode.c.c; name = AGXStackCursor.c; path = Privates/AGXStackCursor.c; sourceTree = "<group>"; };
		6A3106B71F7D05E600B09B83 /* AGXStackCursor.h */ = {isa = PBXFileReference; fileEncoding = 4; lastKnownFileType = sourcecode.c.h; name = AGXStackCursor.h; path = Privates/AGXStackCursor.h; sourceTree = "<group>"; };
		6A3106BA1F7D06E900B09B83 /* AGXDynamicLinker.c */ = {isa = PBXFileReference; fileEncoding = 4; lastKnownFileType = sourcecode.c.c; name = AGXDynamicLinker.c; path = Privates/AGXDynamicLinker.c; sourceTree = "<group>"; };
		6A3106BB1F7D06E900B09B83 /* AGXDynamicLinker.h */ = {isa = PBXFileReference; fileEncoding = 4; lastKnownFileType = sourcecode.c.h; name = AGXDynamicLinker.h; path = Privates/AGXDynamicLinker.h; sourceTree = "<group>"; };
		6A3106BE1F7D09F100B09B83 /* AGXSymbolicator.c */ = {isa = PBXFileReference; fileEncoding = 4; lastKnownFileType = sourcecode.c.c; name = AGXSymbolicator.c; path = Privates/AGXSymbolicator.c; sourceTree = "<group>"; };
		6A3106BF1F7D09F100B09B83 /* AGXSymbolicator.h */ = {isa = PBXFileReference; fileEncoding = 4; lastKnownFileType = sourcecode.c.h; name = AGXSymbolicator.h; path = Privates/AGXSymbolicator.h; sourceTree = "<group>"; };
		6A3106C21F7D54E600B09B83 /* AGXStackCursor_Backtrace.c */ = {isa = PBXFileReference; fileEncoding = 4; lastKnownFileType = sourcecode.c.c; name = AGXStackCursor_Backtrace.c; path = Privates/AGXStackCursor_Backtrace.c; sourceTree = "<group>"; };
		6A3106C31F7D54E600B09B83 /* AGXStackCursor_Backtrace.h */ = {isa = PBXFileReference; fileEncoding = 4; lastKnownFileType = sourcecode.c.h; name = AGXStackCursor_Backtrace.h; path = Privates/AGXStackCursor_Backtrace.h; sourceTree = "<group>"; };
		6A3106C61F7D550000B09B83 /* AGXStackCursor_MachineContext.c */ = {isa = PBXFileReference; fileEncoding = 4; lastKnownFileType = sourcecode.c.c; name = AGXStackCursor_MachineContext.c; path = Privates/AGXStackCursor_MachineContext.c; sourceTree = "<group>"; };
		6A3106C71F7D550000B09B83 /* AGXStackCursor_MachineContext.h */ = {isa = PBXFileReference; fileEncoding = 4; lastKnownFileType = sourcecode.c.h; name = AGXStackCursor_MachineContext.h; path = Privates/AGXStackCursor_MachineContext.h; sourceTree = "<group>"; };
		6A3106CA1F7D550E00B09B83 /* AGXStackCursor_SelfThread.c */ = {isa = PBXFileReference; fileEncoding = 4; lastKnownFileType = sourcecode.c.c; name = AGXStackCursor_SelfThread.c; path = Privates/AGXStackCursor_SelfThread.c; sourceTree = "<group>"; };
		6A3106CB1F7D550E00B09B83 /* AGXStackCursor_SelfThread.h */ = {isa = PBXFileReference; fileEncoding = 4; lastKnownFileType = sourcecode.c.h; name = AGXStackCursor_SelfThread.h; path = Privates/AGXStackCursor_SelfThread.h; sourceTree = "<group>"; };
		6A6E89571F70C6C40084870F /* libAGXCrash.a */ = {isa = PBXFileReference; explicitFileType = archive.ar; includeInIndex = 0; path = libAGXCrash.a; sourceTree = BUILT_PRODUCTS_DIR; };
		6A6E895A1F70C6C40084870F /* AGXCrash.h */ = {isa = PBXFileReference; lastKnownFileType = sourcecode.c.h; path = AGXCrash.h; sourceTree = "<group>"; };
		6A6E895B1F70C6C40084870F /* AGXCrash.m */ = {isa = PBXFileReference; lastKnownFileType = sourcecode.c.objc; path = AGXCrash.m; sourceTree = "<group>"; };
		6A6E89671F70C71E0084870F /* AGXCrashTests.xctest */ = {isa = PBXFileReference; explicitFileType = wrapper.cfbundle; includeInIndex = 0; path = AGXCrashTests.xctest; sourceTree = BUILT_PRODUCTS_DIR; };
		6A6E89691F70C71E0084870F /* AGXCrashTests.m */ = {isa = PBXFileReference; lastKnownFileType = sourcecode.c.objc; path = AGXCrashTests.m; sourceTree = "<group>"; };
		6A6E896B1F70C71E0084870F /* Info.plist */ = {isa = PBXFileReference; lastKnownFileType = text.plist.xml; path = Info.plist; sourceTree = "<group>"; };
		6AA39E801F7A361600F1DED2 /* AGXSystemCapabilities.h */ = {isa = PBXFileReference; fileEncoding = 4; lastKnownFileType = sourcecode.c.h; name = AGXSystemCapabilities.h; path = Privates/AGXSystemCapabilities.h; sourceTree = "<group>"; };
		6AA39E821F7A430200F1DED2 /* AGXCrashLogger.c */ = {isa = PBXFileReference; fileEncoding = 4; lastKnownFileType = sourcecode.c.c; name = AGXCrashLogger.c; path = Privates/AGXCrashLogger.c; sourceTree = "<group>"; };
		6AA39E831F7A430200F1DED2 /* AGXCrashLogger.h */ = {isa = PBXFileReference; fileEncoding = 4; lastKnownFileType = sourcecode.c.h; name = AGXCrashLogger.h; path = Privates/AGXCrashLogger.h; sourceTree = "<group>"; };
		6AA39E8F1F7B6B9700F1DED2 /* AGXMemory.c */ = {isa = PBXFileReference; fileEncoding = 4; lastKnownFileType = sourcecode.c.c; name = AGXMemory.c; path = Privates/AGXMemory.c; sourceTree = "<group>"; };
		6AA39E901F7B6B9700F1DED2 /* AGXMemory.h */ = {isa = PBXFileReference; fileEncoding = 4; lastKnownFileType = sourcecode.c.h; name = AGXMemory.h; path = Privates/AGXMemory.h; sourceTree = "<group>"; };
		6AA39E931F7B70C500F1DED2 /* AGXThread.c */ = {isa = PBXFileReference; fileEncoding = 4; lastKnownFileType = sourcecode.c.c; name = AGXThread.c; path = Privates/AGXThread.c; sourceTree = "<group>"; };
		6AA39E941F7B70C500F1DED2 /* AGXThread.h */ = {isa = PBXFileReference; fileEncoding = 4; lastKnownFileType = sourcecode.c.h; name = AGXThread.h; path = Privates/AGXThread.h; sourceTree = "<group>"; };
		6AA39E971F7CEC2A00F1DED2 /* AGXMachineContext.c */ = {isa = PBXFileReference; fileEncoding = 4; lastKnownFileType = sourcecode.c.c; name = AGXMachineContext.c; path = Privates/AGXMachineContext.c; sourceTree = "<group>"; };
		6AA39E981F7CEC2A00F1DED2 /* AGXMachineContext.h */ = {isa = PBXFileReference; fileEncoding = 4; lastKnownFileType = sourcecode.c.h; name = AGXMachineContext.h; path = Privates/AGXMachineContext.h; sourceTree = "<group>"; };
		6AA39E9B1F7CEC4C00F1DED2 /* AGXMachineContext_Apple.h */ = {isa = PBXFileReference; fileEncoding = 4; lastKnownFileType = sourcecode.c.h; name = AGXMachineContext_Apple.h; path = Privates/AGXMachineContext_Apple.h; sourceTree = "<group>"; };
		6AA39E9D1F7CFB0800F1DED2 /* AGXCPU.c */ = {isa = PBXFileReference; fileEncoding = 4; lastKnownFileType = sourcecode.c.c; name = AGXCPU.c; path = Privates/AGXCPU.c; sourceTree = "<group>"; };
		6AA39E9E1F7CFB0800F1DED2 /* AGXCPU.h */ = {isa = PBXFileReference; fileEncoding = 4; lastKnownFileType = sourcecode.c.h; name = AGXCPU.h; path = Privates/AGXCPU.h; sourceTree = "<group>"; };
		6AA39EA11F7CFB2C00F1DED2 /* AGXCPU_Apple.h */ = {isa = PBXFileReference; fileEncoding = 4; lastKnownFileType = sourcecode.c.h; name = AGXCPU_Apple.h; path = Privates/AGXCPU_Apple.h; sourceTree = "<group>"; };
		6AA39EA31F7CFB4F00F1DED2 /* AGXCPU_arm.c */ = {isa = PBXFileReference; fileEncoding = 4; lastKnownFileType = sourcecode.c.c; name = AGXCPU_arm.c; path = Privates/AGXCPU_arm.c; sourceTree = "<group>"; };
		6AA39EA51F7CFB6400F1DED2 /* AGXCPU_arm64.c */ = {isa = PBXFileReference; fileEncoding = 4; lastKnownFileType = sourcecode.c.c; name = AGXCPU_arm64.c; path = Privates/AGXCPU_arm64.c; sourceTree = "<group>"; };
		6ABA7C021F8B76A7002DAE6D /* AGXDebug.c */ = {isa = PBXFileReference; lastKnownFileType = sourcecode.c.c; name = AGXDebug.c; path = Privates/AGXDebug.c; sourceTree = "<group>"; };
		6ABA7C031F8B76A7002DAE6D /* AGXDebug.h */ = {isa = PBXFileReference; lastKnownFileType = sourcecode.c.h; name = AGXDebug.h; path = Privates/AGXDebug.h; sourceTree = "<group>"; };
		6ABA7C061F8B77BA002DAE6D /* AGXID.c */ = {isa = PBXFileReference; lastKnownFileType = sourcecode.c.c; name = AGXID.c; path = Privates/AGXID.c; sourceTree = "<group>"; };
		6ABA7C071F8B77BA002DAE6D /* AGXID.h */ = {isa = PBXFileReference; lastKnownFileType = sourcecode.c.h; name = AGXID.h; path = Privates/AGXID.h; sourceTree = "<group>"; };
		6ABA7C0A1F8B7893002DAE6D /* AGXFileUtils.c */ = {isa = PBXFileReference; lastKnownFileType = sourcecode.c.c; name = AGXFileUtils.c; path = Privates/AGXFileUtils.c; sourceTree = "<group>"; };
		6ABA7C0B1F8B7893002DAE6D /* AGXFileUtils.h */ = {isa = PBXFileReference; lastKnownFileType = sourcecode.c.h; name = AGXFileUtils.h; path = Privates/AGXFileUtils.h; sourceTree = "<group>"; };
/* End PBXFileReference section */

/* Begin PBXFrameworksBuildPhase section */
		6A6E89541F70C6C40084870F /* Frameworks */ = {
			isa = PBXFrameworksBuildPhase;
			buildActionMask = 2147483647;
			files = (
			);
			runOnlyForDeploymentPostprocessing = 0;
		};
		6A6E89641F70C71E0084870F /* Frameworks */ = {
			isa = PBXFrameworksBuildPhase;
			buildActionMask = 2147483647;
			files = (
				6A6E896C1F70C71E0084870F /* libAGXCrash.a in Frameworks */,
			);
			runOnlyForDeploymentPostprocessing = 0;
		};
/* End PBXFrameworksBuildPhase section */

/* Begin PBXGroup section */
		6A28AEED1F77C21E001AF4C7 /* Privates */ = {
			isa = PBXGroup;
			children = (
				6A28AEEE1F77C22D001AF4C7 /* Support */,
				6AA39E801F7A361600F1DED2 /* AGXSystemCapabilities.h */,
				6AA39E831F7A430200F1DED2 /* AGXCrashLogger.h */,
				6AA39E821F7A430200F1DED2 /* AGXCrashLogger.c */,
				6AA39E901F7B6B9700F1DED2 /* AGXMemory.h */,
				6AA39E8F1F7B6B9700F1DED2 /* AGXMemory.c */,
				6AA39E941F7B70C500F1DED2 /* AGXThread.h */,
				6AA39E931F7B70C500F1DED2 /* AGXThread.c */,
				6AA39E981F7CEC2A00F1DED2 /* AGXMachineContext.h */,
				6AA39E9B1F7CEC4C00F1DED2 /* AGXMachineContext_Apple.h */,
				6AA39E971F7CEC2A00F1DED2 /* AGXMachineContext.c */,
				6AA39E9E1F7CFB0800F1DED2 /* AGXCPU.h */,
				6AA39EA11F7CFB2C00F1DED2 /* AGXCPU_Apple.h */,
				6AA39E9D1F7CFB0800F1DED2 /* AGXCPU.c */,
				6AA39EA31F7CFB4F00F1DED2 /* AGXCPU_arm.c */,
				6AA39EA51F7CFB6400F1DED2 /* AGXCPU_arm64.c */,
				6A3106B21F7CFBEC00B09B83 /* AGXCPU_x86_32.c */,
				6A3106B41F7CFBFF00B09B83 /* AGXCPU_x86_64.c */,
				6A3106BB1F7D06E900B09B83 /* AGXDynamicLinker.h */,
				6A3106BA1F7D06E900B09B83 /* AGXDynamicLinker.c */,
				6A3106BF1F7D09F100B09B83 /* AGXSymbolicator.h */,
				6A3106BE1F7D09F100B09B83 /* AGXSymbolicator.c */,
				6A3106B71F7D05E600B09B83 /* AGXStackCursor.h */,
				6A3106B61F7D05E600B09B83 /* AGXStackCursor.c */,
				6A3106C31F7D54E600B09B83 /* AGXStackCursor_Backtrace.h */,
				6A3106C21F7D54E600B09B83 /* AGXStackCursor_Backtrace.c */,
				6A3106C71F7D550000B09B83 /* AGXStackCursor_MachineContext.h */,
				6A3106C61F7D550000B09B83 /* AGXStackCursor_MachineContext.c */,
				6A3106CB1F7D550E00B09B83 /* AGXStackCursor_SelfThread.h */,
				6A3106CA1F7D550E00B09B83 /* AGXStackCursor_SelfThread.c */,
				6ABA7C031F8B76A7002DAE6D /* AGXDebug.h */,
				6ABA7C021F8B76A7002DAE6D /* AGXDebug.c */,
				6ABA7C071F8B77BA002DAE6D /* AGXID.h */,
				6ABA7C061F8B77BA002DAE6D /* AGXID.c */,
				6ABA7C0B1F8B7893002DAE6D /* AGXFileUtils.h */,
				6ABA7C0A1F8B7893002DAE6D /* AGXFileUtils.c */,
				6A113BB71F8FA2DB00B52FEE /* AGXMach.h */,
				6A113BB61F8FA2DB00B52FEE /* AGXMach.c */,
				6A113BC11F8FA2DB00B52FEE /* AGXString.h */,
				6A113BC01F8FA2DB00B52FEE /* AGXString.c */,
				6A113BBB1F8FA2DB00B52FEE /* AGXObjCRuntime.h */,
				6A113BBE1F8FA2DB00B52FEE /* AGXObjCAppleRuntime.h */,
				6A113BBA1F8FA2DB00B52FEE /* AGXObjCRuntime.c */,
			);
			name = Privates;
			sourceTree = "<group>";
		};
		6A28AEEE1F77C22D001AF4C7 /* Support */ = {
			isa = PBXGroup;
			children = (
				6A28AEEF1F77C240001AF4C7 /* llvm */,
				6A28AEF01F77C246001AF4C7 /* swift */,
			);
			name = Support;
			sourceTree = "<group>";
		};
		6A28AEEF1F77C240001AF4C7 /* llvm */ = {
			isa = PBXGroup;
			children = (
				6A28AEF31F77C26B001AF4C7 /* ADT */,
				6A28AEF21F77C267001AF4C7 /* Config */,
				6A28AEF11F77C260001AF4C7 /* Support */,
			);
			name = llvm;
			sourceTree = "<group>";
		};
		6A28AEF01F77C246001AF4C7 /* swift */ = {
			isa = PBXGroup;
			children = (
				6A28AF041F77C5C4001AF4C7 /* Basic */,
				6A28AF171F77C802001AF4C7 /* SwiftStrings.h */,
			);
			name = swift;
			sourceTree = "<group>";
		};
		6A28AEF11F77C260001AF4C7 /* Support */ = {
			isa = PBXGroup;
			children = (
				6A28AEFC1F77C49F001AF4C7 /* AlignOf.h */,
				6A28AEFE1F77C4DF001AF4C7 /* Casting.h */,
				6A28AF001F77C4F2001AF4C7 /* Compiler.h */,
				6A28AF021F77C503001AF4C7 /* type_traits.h */,
			);
			name = Support;
			sourceTree = "<group>";
		};
		6A28AEF21F77C267001AF4C7 /* Config */ = {
			isa = PBXGroup;
			children = (
				6A28AEFA1F77C435001AF4C7 /* llvm-config.h */,
			);
			name = Config;
			sourceTree = "<group>";
		};
		6A28AEF31F77C26B001AF4C7 /* ADT */ = {
			isa = PBXGroup;
			children = (
				6A28AEF41F77C298001AF4C7 /* None.h */,
				6A28AEF61F77C305001AF4C7 /* Optional.h */,
				6A28AEF81F77C3B5001AF4C7 /* StringRef.h */,
			);
			name = ADT;
			sourceTree = "<group>";
		};
		6A28AF041F77C5C4001AF4C7 /* Basic */ = {
			isa = PBXGroup;
			children = (
				6A28AF061F77C614001AF4C7 /* Demangle.h */,
				6A28AF051F77C614001AF4C7 /* Demangle.cpp */,
				6A28AF091F77C76D001AF4C7 /* DemangleNodes.h */,
				6A28AF0C1F77C795001AF4C7 /* Fallthrough.h */,
				6A28AF0E1F77C7AE001AF4C7 /* LLVM.h */,
				6A28AF101F77C7BC001AF4C7 /* Malloc.h */,
				6A28AF131F77C7CF001AF4C7 /* Punycode.h */,
				6A28AF121F77C7CF001AF4C7 /* Punycode.cpp */,
			);
			name = Basic;
			sourceTree = "<group>";
		};
		6A6E894E1F70C6C40084870F = {
			isa = PBXGroup;
			children = (
				6A6E89591F70C6C40084870F /* AGXCrash */,
				6A6E89681F70C71E0084870F /* AGXCrashTests */,
				6A6E89581F70C6C40084870F /* Products */,
			);
			sourceTree = "<group>";
		};
		6A6E89581F70C6C40084870F /* Products */ = {
			isa = PBXGroup;
			children = (
				6A6E89571F70C6C40084870F /* libAGXCrash.a */,
				6A6E89671F70C71E0084870F /* AGXCrashTests.xctest */,
			);
			name = Products;
			sourceTree = "<group>";
		};
		6A6E89591F70C6C40084870F /* AGXCrash */ = {
			isa = PBXGroup;
			children = (
				6A28AEED1F77C21E001AF4C7 /* Privates */,
				6A6E895A1F70C6C40084870F /* AGXCrash.h */,
				6A6E895B1F70C6C40084870F /* AGXCrash.m */,
			);
			path = AGXCrash;
			sourceTree = "<group>";
		};
		6A6E89681F70C71E0084870F /* AGXCrashTests */ = {
			isa = PBXGroup;
			children = (
				6A6E89691F70C71E0084870F /* AGXCrashTests.m */,
				6A6E896B1F70C71E0084870F /* Info.plist */,
			);
			path = AGXCrashTests;
			sourceTree = "<group>";
		};
/* End PBXGroup section */

/* Begin PBXHeadersBuildPhase section */
		6A6E89721F70FC480084870F /* Headers */ = {
			isa = PBXHeadersBuildPhase;
			buildActionMask = 2147483647;
			files = (
				6A28AEF51F77C298001AF4C7 /* None.h in Headers */,
				6A3106C91F7D550000B09B83 /* AGXStackCursor_MachineContext.h in Headers */,
				6A3106C51F7D54E600B09B83 /* AGXStackCursor_Backtrace.h in Headers */,
				6AA39E851F7A430200F1DED2 /* AGXCrashLogger.h in Headers */,
				6A28AEF91F77C3B5001AF4C7 /* StringRef.h in Headers */,
				6A113BB91F8FA2DB00B52FEE /* AGXMach.h in Headers */,
				6ABA7C0D1F8B7893002DAE6D /* AGXFileUtils.h in Headers */,
				6AA39E9C1F7CEC4C00F1DED2 /* AGXMachineContext_Apple.h in Headers */,
				6A113BC31F8FA2DB00B52FEE /* AGXString.h in Headers */,
				6A28AF011F77C4F2001AF4C7 /* Compiler.h in Headers */,
				6A28AF151F77C7CF001AF4C7 /* Punycode.h in Headers */,
				6A113BBF1F8FA2DB00B52FEE /* AGXObjCAppleRuntime.h in Headers */,
				6ABA7C091F8B77BA002DAE6D /* AGXID.h in Headers */,
				6AA39EA21F7CFB2C00F1DED2 /* AGXCPU_Apple.h in Headers */,
				6A3106BD1F7D06E900B09B83 /* AGXDynamicLinker.h in Headers */,
				6A3106CD1F7D550E00B09B83 /* AGXStackCursor_SelfThread.h in Headers */,
				6A28AEF71F77C305001AF4C7 /* Optional.h in Headers */,
				6A28AEFF1F77C4DF001AF4C7 /* Casting.h in Headers */,
				6AA39E9A1F7CEC2A00F1DED2 /* AGXMachineContext.h in Headers */,
				6A3106B91F7D05E600B09B83 /* AGXStackCursor.h in Headers */,
				6A113BBD1F8FA2DB00B52FEE /* AGXObjCRuntime.h in Headers */,
				6AA39E811F7A361600F1DED2 /* AGXSystemCapabilities.h in Headers */,
				6A28AF181F77C802001AF4C7 /* SwiftStrings.h in Headers */,
				6A28AF0F1F77C7AE001AF4C7 /* LLVM.h in Headers */,
				6A28AF0A1F77C76D001AF4C7 /* DemangleNodes.h in Headers */,
				6A28AF031F77C503001AF4C7 /* type_traits.h in Headers */,
				6AA39E921F7B6B9700F1DED2 /* AGXMemory.h in Headers */,
				6A28AF0D1F77C795001AF4C7 /* Fallthrough.h in Headers */,
				6A28AF081F77C614001AF4C7 /* Demangle.h in Headers */,
				6A28AF111F77C7BC001AF4C7 /* Malloc.h in Headers */,
				6AA39E961F7B70C500F1DED2 /* AGXThread.h in Headers */,
				6ABA7C051F8B76A7002DAE6D /* AGXDebug.h in Headers */,
				6A28AEFB1F77C435001AF4C7 /* llvm-config.h in Headers */,
				6AA39EA01F7CFB0800F1DED2 /* AGXCPU.h in Headers */,
				6A28AEFD1F77C49F001AF4C7 /* AlignOf.h in Headers */,
				6A3106C11F7D09F100B09B83 /* AGXSymbolicator.h in Headers */,
			);
			runOnlyForDeploymentPostprocessing = 0;
		};
/* End PBXHeadersBuildPhase section */

/* Begin PBXNativeTarget section */
		6A6E89561F70C6C40084870F /* AGXCrash */ = {
			isa = PBXNativeTarget;
			buildConfigurationList = 6A6E89601F70C6C40084870F /* Build configuration list for PBXNativeTarget "AGXCrash" */;
			buildPhases = (
				6A6E89531F70C6C40084870F /* Sources */,
				6A6E89541F70C6C40084870F /* Frameworks */,
				6A6E89721F70FC480084870F /* Headers */,
			);
			buildRules = (
			);
			dependencies = (
			);
			name = AGXCrash;
			productName = AGXCrash;
			productReference = 6A6E89571F70C6C40084870F /* libAGXCrash.a */;
			productType = "com.apple.product-type.library.static";
		};
		6A6E89661F70C71E0084870F /* AGXCrashTests */ = {
			isa = PBXNativeTarget;
			buildConfigurationList = 6A6E896F1F70C71E0084870F /* Build configuration list for PBXNativeTarget "AGXCrashTests" */;
			buildPhases = (
				6A6E89631F70C71E0084870F /* Sources */,
				6A6E89641F70C71E0084870F /* Frameworks */,
				6A6E89651F70C71E0084870F /* Resources */,
			);
			buildRules = (
			);
			dependencies = (
				6A6E896E1F70C71E0084870F /* PBXTargetDependency */,
			);
			name = AGXCrashTests;
			productName = AGXCrashTests;
			productReference = 6A6E89671F70C71E0084870F /* AGXCrashTests.xctest */;
			productType = "com.apple.product-type.bundle.unit-test";
		};
/* End PBXNativeTarget section */

/* Begin PBXProject section */
		6A6E894F1F70C6C40084870F /* Project object */ = {
			isa = PBXProject;
			attributes = {
				LastUpgradeCheck = 0900;
				ORGANIZATIONNAME = "AI-CUC-EC";
				TargetAttributes = {
					6A6E89561F70C6C40084870F = {
						CreatedOnToolsVersion = 8.2;
						ProvisioningStyle = Automatic;
					};
					6A6E89661F70C71E0084870F = {
						CreatedOnToolsVersion = 8.2;
						ProvisioningStyle = Automatic;
					};
					6A6E89731F7101090084870F = {
						CreatedOnToolsVersion = 8.2;
						ProvisioningStyle = Automatic;
					};
				};
			};
			buildConfigurationList = 6A6E89521F70C6C40084870F /* Build configuration list for PBXProject "AGXCrash" */;
			compatibilityVersion = "Xcode 3.2";
			developmentRegion = English;
			hasScannedForEncodings = 0;
			knownRegions = (
				en,
			);
			mainGroup = 6A6E894E1F70C6C40084870F;
			productRefGroup = 6A6E89581F70C6C40084870F /* Products */;
			projectDirPath = "";
			projectRoot = "";
			targets = (
				6A6E89561F70C6C40084870F /* AGXCrash */,
				6A6E89661F70C71E0084870F /* AGXCrashTests */,
				6A6E89731F7101090084870F /* AGXCrashBuilder */,
			);
		};
/* End PBXProject section */

/* Begin PBXResourcesBuildPhase section */
		6A6E89651F70C71E0084870F /* Resources */ = {
			isa = PBXResourcesBuildPhase;
			buildActionMask = 2147483647;
			files = (
			);
			runOnlyForDeploymentPostprocessing = 0;
		};
/* End PBXResourcesBuildPhase section */

/* Begin PBXShellScriptBuildPhase section */
		6A6E897C1F7103C70084870F /* ShellScript */ = {
			isa = PBXShellScriptBuildPhase;
			buildActionMask = 2147483647;
			files = (
			);
			inputPaths = (
			);
			outputPaths = (
			);
			runOnlyForDeploymentPostprocessing = 0;
			shellPath = /bin/sh;
			shellScript = "# Step 1. Build Device and Simulator versions\nxcodebuild -target ${PROJECT_NAME} ONLY_ACTIVE_ARCH=NO -configuration ${CONFIGURATION} -sdk iphoneos BUILD_DIR=\"${BUILD_DIR}\" BUILD_ROOT=\"${BUILD_ROOT}\"\nxcodebuild -target ${PROJECT_NAME} ONLY_ACTIVE_ARCH=NO -configuration ${CONFIGURATION} -sdk iphonesimulator ARCHS='i386 x86_64' VALID_ARCHS='i386 x86_64' BUILD_DIR=\"${BUILD_DIR}\" BUILD_ROOT=\"${BUILD_ROOT}\"\n\n# define output folder environment variable\nUNIVERSAL_OUTPUTFOLDER=${BUILD_DIR}/${CONFIGURATION}-universal\n\n# make sure the output directory exists\nmkdir -p \"${UNIVERSAL_OUTPUTFOLDER}\"\n\n# Step 2. Create universal binary file using lipo\nlipo -create -output \"${UNIVERSAL_OUTPUTFOLDER}/lib${PROJECT_NAME}.a\" \"${BUILD_DIR}/${CONFIGURATION}-iphoneos/lib${PROJECT_NAME}.a\" \"${BUILD_DIR}/${CONFIGURATION}-iphonesimulator/lib${PROJECT_NAME}.a\"\n\n# Step 3. copy files.\ncp \"${BUILD_DIR}/${CONFIGURATION}-iphoneos/${PROJECT_NAME}.h\" \"${UNIVERSAL_OUTPUTFOLDER}/\"\ncp -R \"${BUILD_DIR}/${CONFIGURATION}-iphoneos/${PROJECT_NAME}\" \"${UNIVERSAL_OUTPUTFOLDER}/\"\n\n# Last touch. create framework.\nFRAMEWORK_LOCATION=${UNIVERSAL_OUTPUTFOLDER}/${PROJECT_NAME}.framework\nmkdir -p \"${FRAMEWORK_LOCATION}/Headers\"\ncp \"${UNIVERSAL_OUTPUTFOLDER}/${PROJECT_NAME}.h\" \"${FRAMEWORK_LOCATION}/Headers/\"\ncp -R \"${UNIVERSAL_OUTPUTFOLDER}/${PROJECT_NAME}\" \"${FRAMEWORK_LOCATION}/Headers/\"\ncp \"${UNIVERSAL_OUTPUTFOLDER}/lib${PROJECT_NAME}.a\" \"${FRAMEWORK_LOCATION}/${PROJECT_NAME}\"\ncp \"${SRCROOT}/README.md\" \"${FRAMEWORK_LOCATION}/README.md\"\n";
		};
/* End PBXShellScriptBuildPhase section */

/* Begin PBXSourcesBuildPhase section */
		6A6E89531F70C6C40084870F /* Sources */ = {
			isa = PBXSourcesBuildPhase;
			buildActionMask = 2147483647;
			files = (
				6AA39E951F7B70C500F1DED2 /* AGXThread.c in Sources */,
				6A3106B81F7D05E600B09B83 /* AGXStackCursor.c in Sources */,
				6AA39E9F1F7CFB0800F1DED2 /* AGXCPU.c in Sources */,
				6A113BC21F8FA2DB00B52FEE /* AGXString.c in Sources */,
				6A113BB81F8FA2DB00B52FEE /* AGXMach.c in Sources */,
				6AA39EA41F7CFB4F00F1DED2 /* AGXCPU_arm.c in Sources */,
				6AA39EA61F7CFB6400F1DED2 /* AGXCPU_arm64.c in Sources */,
				6A3106C81F7D550000B09B83 /* AGXStackCursor_MachineContext.c in Sources */,
				6ABA7C0C1F8B7893002DAE6D /* AGXFileUtils.c in Sources */,
				6ABA7C081F8B77BA002DAE6D /* AGXID.c in Sources */,
				6A3106CC1F7D550E00B09B83 /* AGXStackCursor_SelfThread.c in Sources */,
				6A28AF141F77C7CF001AF4C7 /* Punycode.cpp in Sources */,
				6A3106C41F7D54E600B09B83 /* AGXStackCursor_Backtrace.c in Sources */,
				6A3106B31F7CFBEC00B09B83 /* AGXCPU_x86_32.c in Sources */,
				6A3106BC1F7D06E900B09B83 /* AGXDynamicLinker.c in Sources */,
				6A6E895C1F70C6C40084870F /* AGXCrash.m in Sources */,
				6A3106C01F7D09F100B09B83 /* AGXSymbolicator.c in Sources */,
				6ABA7C041F8B76A7002DAE6D /* AGXDebug.c in Sources */,
				6AA39E911F7B6B9700F1DED2 /* AGXMemory.c in Sources */,
				6A113BBC1F8FA2DB00B52FEE /* AGXObjCRuntime.c in Sources */,
				6A28AF071F77C614001AF4C7 /* Demangle.cpp in Sources */,
				6A3106B51F7CFBFF00B09B83 /* AGXCPU_x86_64.c in Sources */,
				6AA39E991F7CEC2A00F1DED2 /* AGXMachineContext.c in Sources */,
				6AA39E841F7A430200F1DED2 /* AGXCrashLogger.c in Sources */,
			);
			runOnlyForDeploymentPostprocessing = 0;
		};
		6A6E89631F70C71E0084870F /* Sources */ = {
			isa = PBXSourcesBuildPhase;
			buildActionMask = 2147483647;
			files = (
				6A6E896A1F70C71E0084870F /* AGXCrashTests.m in Sources */,
			);
			runOnlyForDeploymentPostprocessing = 0;
		};
/* End PBXSourcesBuildPhase section */

/* Begin PBXTargetDependency section */
		6A6E896E1F70C71E0084870F /* PBXTargetDependency */ = {
			isa = PBXTargetDependency;
			target = 6A6E89561F70C6C40084870F /* AGXCrash */;
			targetProxy = 6A6E896D1F70C71E0084870F /* PBXContainerItemProxy */;
		};
/* End PBXTargetDependency section */

/* Begin XCBuildConfiguration section */
		6A6E895E1F70C6C40084870F /* Debug */ = {
			isa = XCBuildConfiguration;
			buildSettings = {
				ALWAYS_SEARCH_USER_PATHS = NO;
				CLANG_ANALYZER_NONNULL = YES;
				CLANG_CXX_LANGUAGE_STANDARD = "gnu++0x";
				CLANG_CXX_LIBRARY = "libc++";
				CLANG_ENABLE_MODULES = YES;
				CLANG_ENABLE_OBJC_ARC = NO;
				CLANG_WARN_BLOCK_CAPTURE_AUTORELEASING = YES;
				CLANG_WARN_BOOL_CONVERSION = YES;
				CLANG_WARN_COMMA = YES;
				CLANG_WARN_CONSTANT_CONVERSION = YES;
				CLANG_WARN_DIRECT_OBJC_ISA_USAGE = YES_ERROR;
				CLANG_WARN_DOCUMENTATION_COMMENTS = YES;
				CLANG_WARN_EMPTY_BODY = YES;
				CLANG_WARN_ENUM_CONVERSION = YES;
				CLANG_WARN_INFINITE_RECURSION = YES;
				CLANG_WARN_INT_CONVERSION = YES;
				CLANG_WARN_NON_LITERAL_NULL_CONVERSION = YES;
				CLANG_WARN_OBJC_LITERAL_CONVERSION = YES;
				CLANG_WARN_OBJC_ROOT_CLASS = YES_ERROR;
				CLANG_WARN_RANGE_LOOP_ANALYSIS = YES;
				CLANG_WARN_STRICT_PROTOTYPES = YES;
				CLANG_WARN_SUSPICIOUS_MOVE = YES;
				CLANG_WARN_UNREACHABLE_CODE = YES;
				CLANG_WARN__DUPLICATE_METHOD_MATCH = YES;
				"CODE_SIGN_IDENTITY[sdk=iphoneos*]" = "iPhone Developer";
				COPY_PHASE_STRIP = NO;
				DEAD_CODE_STRIPPING = NO;
				DEBUG_INFORMATION_FORMAT = dwarf;
				ENABLE_STRICT_OBJC_MSGSEND = YES;
				ENABLE_TESTABILITY = YES;
				FRAMEWORK_SEARCH_PATHS = "$(BUILD_DIR)/Debug-universal/";
				GCC_C_LANGUAGE_STANDARD = gnu99;
				GCC_DYNAMIC_NO_PIC = NO;
				GCC_NO_COMMON_BLOCKS = YES;
				GCC_OPTIMIZATION_LEVEL = 0;
				GCC_PREPROCESSOR_DEFINITIONS = (
					"DEBUG=1",
					"$(inherited)",
				);
				GCC_WARN_64_TO_32_BIT_CONVERSION = YES;
				GCC_WARN_ABOUT_RETURN_TYPE = YES_ERROR;
				GCC_WARN_UNDECLARED_SELECTOR = YES;
				GCC_WARN_UNINITIALIZED_AUTOS = YES_AGGRESSIVE;
				GCC_WARN_UNUSED_FUNCTION = YES;
				GCC_WARN_UNUSED_VARIABLE = YES;
				IPHONEOS_DEPLOYMENT_TARGET = 8.0;
				MTL_ENABLE_DEBUG_INFO = YES;
				ONLY_ACTIVE_ARCH = YES;
				SDKROOT = iphoneos;
				STRIP_STYLE = "non-global";
			};
			name = Debug;
		};
		6A6E895F1F70C6C40084870F /* Release */ = {
			isa = XCBuildConfiguration;
			buildSettings = {
				ALWAYS_SEARCH_USER_PATHS = NO;
				CLANG_ANALYZER_NONNULL = YES;
				CLANG_CXX_LANGUAGE_STANDARD = "gnu++0x";
				CLANG_CXX_LIBRARY = "libc++";
				CLANG_DEBUG_INFORMATION_LEVEL = "line-tables-only";
				CLANG_ENABLE_MODULES = YES;
				CLANG_ENABLE_OBJC_ARC = NO;
				CLANG_WARN_BLOCK_CAPTURE_AUTORELEASING = YES;
				CLANG_WARN_BOOL_CONVERSION = YES;
				CLANG_WARN_COMMA = YES;
				CLANG_WARN_CONSTANT_CONVERSION = YES;
				CLANG_WARN_DIRECT_OBJC_ISA_USAGE = YES_ERROR;
				CLANG_WARN_DOCUMENTATION_COMMENTS = YES;
				CLANG_WARN_EMPTY_BODY = YES;
				CLANG_WARN_ENUM_CONVERSION = YES;
				CLANG_WARN_INFINITE_RECURSION = YES;
				CLANG_WARN_INT_CONVERSION = YES;
				CLANG_WARN_NON_LITERAL_NULL_CONVERSION = YES;
				CLANG_WARN_OBJC_LITERAL_CONVERSION = YES;
				CLANG_WARN_OBJC_ROOT_CLASS = YES_ERROR;
				CLANG_WARN_RANGE_LOOP_ANALYSIS = YES;
				CLANG_WARN_STRICT_PROTOTYPES = YES;
				CLANG_WARN_SUSPICIOUS_MOVE = YES;
				CLANG_WARN_UNREACHABLE_CODE = YES;
				CLANG_WARN__DUPLICATE_METHOD_MATCH = YES;
				"CODE_SIGN_IDENTITY[sdk=iphoneos*]" = "iPhone Developer";
				COPY_PHASE_STRIP = NO;
				DEAD_CODE_STRIPPING = NO;
				DEBUG_INFORMATION_FORMAT = "dwarf-with-dsym";
				DEPLOYMENT_POSTPROCESSING = YES;
				ENABLE_NS_ASSERTIONS = NO;
				ENABLE_STRICT_OBJC_MSGSEND = YES;
				FRAMEWORK_SEARCH_PATHS = "$(BUILD_DIR)/Release-universal/";
				GCC_C_LANGUAGE_STANDARD = gnu99;
				GCC_GENERATE_DEBUGGING_SYMBOLS = NO;
				GCC_NO_COMMON_BLOCKS = YES;
				GCC_WARN_64_TO_32_BIT_CONVERSION = YES;
				GCC_WARN_ABOUT_RETURN_TYPE = YES_ERROR;
				GCC_WARN_UNDECLARED_SELECTOR = YES;
				GCC_WARN_UNINITIALIZED_AUTOS = YES_AGGRESSIVE;
				GCC_WARN_UNUSED_FUNCTION = YES;
				GCC_WARN_UNUSED_VARIABLE = YES;
				IPHONEOS_DEPLOYMENT_TARGET = 8.0;
				MTL_ENABLE_DEBUG_INFO = NO;
				SDKROOT = iphoneos;
				STRIP_STYLE = "non-global";
				VALIDATE_PRODUCT = YES;
			};
			name = Release;
		};
		6A6E89611F70C6C40084870F /* Debug */ = {
			isa = XCBuildConfiguration;
			buildSettings = {
				CLANG_ENABLE_OBJC_ARC = NO;
				IPHONEOS_DEPLOYMENT_TARGET = 8.0;
				OTHER_LDFLAGS = "";
				PRIVATE_HEADERS_FOLDER_PATH = "$(PROJECT_NAME)/";
				PRODUCT_NAME = "$(TARGET_NAME)";
				PUBLIC_HEADERS_FOLDER_PATH = "";
				SKIP_INSTALL = YES;
			};
			name = Debug;
		};
		6A6E89621F70C6C40084870F /* Release */ = {
			isa = XCBuildConfiguration;
			buildSettings = {
				CLANG_ENABLE_OBJC_ARC = NO;
				IPHONEOS_DEPLOYMENT_TARGET = 8.0;
				OTHER_LDFLAGS = "";
				PRIVATE_HEADERS_FOLDER_PATH = "$(PROJECT_NAME)/";
				PRODUCT_NAME = "$(TARGET_NAME)";
				PUBLIC_HEADERS_FOLDER_PATH = "";
				SKIP_INSTALL = YES;
			};
			name = Release;
		};
		6A6E89701F70C71E0084870F /* Debug */ = {
			isa = XCBuildConfiguration;
			buildSettings = {
				CLANG_ENABLE_OBJC_ARC = NO;
				INFOPLIST_FILE = AGXCrashTests/Info.plist;
				IPHONEOS_DEPLOYMENT_TARGET = 8.0;
				LD_RUNPATH_SEARCH_PATHS = "$(inherited) @executable_path/Frameworks @loader_path/Frameworks";
				PRODUCT_BUNDLE_IDENTIFIER = org.cuc.n3.AGXCrashTests;
				PRODUCT_NAME = "$(TARGET_NAME)";
			};
			name = Debug;
		};
		6A6E89711F70C71E0084870F /* Release */ = {
			isa = XCBuildConfiguration;
			buildSettings = {
				CLANG_ENABLE_OBJC_ARC = NO;
				INFOPLIST_FILE = AGXCrashTests/Info.plist;
				IPHONEOS_DEPLOYMENT_TARGET = 8.0;
				LD_RUNPATH_SEARCH_PATHS = "$(inherited) @executable_path/Frameworks @loader_path/Frameworks";
				PRODUCT_BUNDLE_IDENTIFIER = org.cuc.n3.AGXCrashTests;
				PRODUCT_NAME = "$(TARGET_NAME)";
			};
			name = Release;
		};
		6A6E89751F7101090084870F /* Debug */ = {
			isa = XCBuildConfiguration;
			buildSettings = {
				CLANG_ENABLE_OBJC_ARC = NO;
				IPHONEOS_DEPLOYMENT_TARGET = 8.0;
				PRODUCT_NAME = "$(TARGET_NAME)";
			};
			name = Debug;
		};
		6A6E89761F7101090084870F /* Release */ = {
			isa = XCBuildConfiguration;
			buildSettings = {
				CLANG_ENABLE_OBJC_ARC = NO;
				IPHONEOS_DEPLOYMENT_TARGET = 8.0;
				PRODUCT_NAME = "$(TARGET_NAME)";
			};
			name = Release;
		};
/* End XCBuildConfiguration section */

/* Begin XCConfigurationList section */
		6A6E89521F70C6C40084870F /* Build configuration list for PBXProject "AGXCrash" */ = {
			isa = XCConfigurationList;
			buildConfigurations = (
				6A6E895E1F70C6C40084870F /* Debug */,
				6A6E895F1F70C6C40084870F /* Release */,
			);
			defaultConfigurationIsVisible = 0;
			defaultConfigurationName = Release;
		};
		6A6E89601F70C6C40084870F /* Build configuration list for PBXNativeTarget "AGXCrash" */ = {
			isa = XCConfigurationList;
			buildConfigurations = (
				6A6E89611F70C6C40084870F /* Debug */,
				6A6E89621F70C6C40084870F /* Release */,
			);
			defaultConfigurationIsVisible = 0;
			defaultConfigurationName = Release;
		};
		6A6E896F1F70C71E0084870F /* Build configuration list for PBXNativeTarget "AGXCrashTests" */ = {
			isa = XCConfigurationList;
			buildConfigurations = (
				6A6E89701F70C71E0084870F /* Debug */,
				6A6E89711F70C71E0084870F /* Release */,
			);
			defaultConfigurationIsVisible = 0;
			defaultConfigurationName = Release;
		};
		6A6E89741F7101090084870F /* Build configuration list for PBXAggregateTarget "AGXCrashBuilder" */ = {
			isa = XCConfigurationList;
			buildConfigurations = (
				6A6E89751F7101090084870F /* Debug */,
				6A6E89761F7101090084870F /* Release */,
			);
			defaultConfigurationIsVisible = 0;
			defaultConfigurationName = Release;
		};
/* End XCConfigurationList section */
	};
	rootObject = 6A6E894F1F70C6C40084870F /* Project object */;
}
