// !$*UTF8*$!
{
	archiveVersion = 1;
	classes = {
	};
	objectVersion = 46;
	objects = {

/* Begin PBXAggregateTarget section */
		6A21F1B71C781644000718D0 /* AGXHUDBuilder */ = {
			isa = PBXAggregateTarget;
			buildConfigurationList = 6A21F1B81C781644000718D0 /* Build configuration list for PBXAggregateTarget "AGXHUDBuilder" */;
			buildPhases = (
				6A21F1BD1C7816EB000718D0 /* ShellScript */,
			);
			dependencies = (
			);
			name = AGXHUDBuilder;
			productName = AGXHUD;
		};
/* End PBXAggregateTarget section */

/* Begin PBXBuildFile section */
		6A21F1BF1C781C5D000718D0 /* AGXHUD.h in Headers */ = {isa = PBXBuildFile; fileRef = 6A21F1BE1C781C5D000718D0 /* AGXHUD.h */; settings = {ATTRIBUTES = (Public, ); }; };
		6A21F1C41C783DC1000718D0 /* AGXProgressHUD.h in Headers */ = {isa = PBXBuildFile; fileRef = 6A21F1C21C783DC1000718D0 /* AGXProgressHUD.h */; settings = {ATTRIBUTES = (Private, ); }; };
		6A21F1C51C783DC1000718D0 /* AGXProgressHUD.m in Sources */ = {isa = PBXBuildFile; fileRef = 6A21F1C31C783DC1000718D0 /* AGXProgressHUD.m */; };
		6A21F1C81C783FB7000718D0 /* UIView+AGXHUD.h in Headers */ = {isa = PBXBuildFile; fileRef = 6A21F1C61C783FB7000718D0 /* UIView+AGXHUD.h */; settings = {ATTRIBUTES = (Private, ); }; };
		6A21F1C91C783FB7000718D0 /* UIView+AGXHUD.m in Sources */ = {isa = PBXBuildFile; fileRef = 6A21F1C71C783FB7000718D0 /* UIView+AGXHUD.m */; };
		6A21F1CC1C7849A5000718D0 /* UIView+AGXHUDRecursive.h in Headers */ = {isa = PBXBuildFile; fileRef = 6A21F1CA1C7849A5000718D0 /* UIView+AGXHUDRecursive.h */; settings = {ATTRIBUTES = (Private, ); }; };
		6A21F1CD1C7849A5000718D0 /* UIView+AGXHUDRecursive.m in Sources */ = {isa = PBXBuildFile; fileRef = 6A21F1CB1C7849A5000718D0 /* UIView+AGXHUDRecursive.m */; };
/* End PBXBuildFile section */

/* Begin PBXFileReference section */
		6A21F1AB1C781584000718D0 /* libAGXHUD.a */ = {isa = PBXFileReference; explicitFileType = archive.ar; includeInIndex = 0; path = libAGXHUD.a; sourceTree = BUILT_PRODUCTS_DIR; };
		6A21F1BE1C781C5D000718D0 /* AGXHUD.h */ = {isa = PBXFileReference; fileEncoding = 4; lastKnownFileType = sourcecode.c.h; name = AGXHUD.h; path = AGXHUD/AGXHUD.h; sourceTree = SOURCE_ROOT; };
		6A21F1C21C783DC1000718D0 /* AGXProgressHUD.h */ = {isa = PBXFileReference; fileEncoding = 4; lastKnownFileType = sourcecode.c.h; name = AGXProgressHUD.h; path = Components/AGXProgressHUD.h; sourceTree = "<group>"; };
		6A21F1C31C783DC1000718D0 /* AGXProgressHUD.m */ = {isa = PBXFileReference; fileEncoding = 4; lastKnownFileType = sourcecode.c.objc; name = AGXProgressHUD.m; path = Components/AGXProgressHUD.m; sourceTree = "<group>"; };
		6A21F1C61C783FB7000718D0 /* UIView+AGXHUD.h */ = {isa = PBXFileReference; fileEncoding = 4; lastKnownFileType = sourcecode.c.h; name = "UIView+AGXHUD.h"; path = "Categories/UIView+AGXHUD.h"; sourceTree = "<group>"; };
		6A21F1C71C783FB7000718D0 /* UIView+AGXHUD.m */ = {isa = PBXFileReference; fileEncoding = 4; lastKnownFileType = sourcecode.c.objc; name = "UIView+AGXHUD.m"; path = "Categories/UIView+AGXHUD.m"; sourceTree = "<group>"; };
		6A21F1CA1C7849A5000718D0 /* UIView+AGXHUDRecursive.h */ = {isa = PBXFileReference; fileEncoding = 4; lastKnownFileType = sourcecode.c.h; name = "UIView+AGXHUDRecursive.h"; path = "Categories/UIView+AGXHUDRecursive.h"; sourceTree = "<group>"; };
		6A21F1CB1C7849A5000718D0 /* UIView+AGXHUDRecursive.m */ = {isa = PBXFileReference; fileEncoding = 4; lastKnownFileType = sourcecode.c.objc; name = "UIView+AGXHUDRecursive.m"; path = "Categories/UIView+AGXHUDRecursive.m"; sourceTree = "<group>"; };
/* End PBXFileReference section */

/* Begin PBXFrameworksBuildPhase section */
		6A21F1A81C781583000718D0 /* Frameworks */ = {
			isa = PBXFrameworksBuildPhase;
			buildActionMask = 2147483647;
			files = (
			);
			runOnlyForDeploymentPostprocessing = 0;
		};
/* End PBXFrameworksBuildPhase section */

/* Begin PBXGroup section */
		6A21F1A21C781583000718D0 = {
			isa = PBXGroup;
			children = (
				6A21F1AD1C781584000718D0 /* AGXHUD */,
				6A21F1AC1C781584000718D0 /* Products */,
			);
			sourceTree = "<group>";
		};
		6A21F1AC1C781584000718D0 /* Products */ = {
			isa = PBXGroup;
			children = (
				6A21F1AB1C781584000718D0 /* libAGXHUD.a */,
			);
			name = Products;
			sourceTree = "<group>";
		};
		6A21F1AD1C781584000718D0 /* AGXHUD */ = {
			isa = PBXGroup;
			children = (
				6A21F1C11C783D8C000718D0 /* Components */,
				6A21F1C01C783D86000718D0 /* Categories */,
				6A21F1BE1C781C5D000718D0 /* AGXHUD.h */,
			);
			path = AGXHUD;
			sourceTree = "<group>";
		};
		6A21F1C01C783D86000718D0 /* Categories */ = {
			isa = PBXGroup;
			children = (
				6A21F1C61C783FB7000718D0 /* UIView+AGXHUD.h */,
				6A21F1C71C783FB7000718D0 /* UIView+AGXHUD.m */,
				6A21F1CA1C7849A5000718D0 /* UIView+AGXHUDRecursive.h */,
				6A21F1CB1C7849A5000718D0 /* UIView+AGXHUDRecursive.m */,
			);
			name = Categories;
			sourceTree = "<group>";
		};
		6A21F1C11C783D8C000718D0 /* Components */ = {
			isa = PBXGroup;
			children = (
				6A21F1C21C783DC1000718D0 /* AGXProgressHUD.h */,
				6A21F1C31C783DC1000718D0 /* AGXProgressHUD.m */,
			);
			name = Components;
			sourceTree = "<group>";
		};
/* End PBXGroup section */

/* Begin PBXHeadersBuildPhase section */
		6A21F1BB1C781669000718D0 /* Headers */ = {
			isa = PBXHeadersBuildPhase;
			buildActionMask = 2147483647;
			files = (
				6A21F1BF1C781C5D000718D0 /* AGXHUD.h in Headers */,
				6A21F1C41C783DC1000718D0 /* AGXProgressHUD.h in Headers */,
				6A21F1C81C783FB7000718D0 /* UIView+AGXHUD.h in Headers */,
				6A21F1CC1C7849A5000718D0 /* UIView+AGXHUDRecursive.h in Headers */,
			);
			runOnlyForDeploymentPostprocessing = 0;
		};
/* End PBXHeadersBuildPhase section */

/* Begin PBXNativeTarget section */
		6A21F1AA1C781583000718D0 /* AGXHUD */ = {
			isa = PBXNativeTarget;
			buildConfigurationList = 6A21F1B41C781584000718D0 /* Build configuration list for PBXNativeTarget "AGXHUD" */;
			buildPhases = (
				6A21F1A71C781583000718D0 /* Sources */,
				6A21F1A81C781583000718D0 /* Frameworks */,
				6A21F1BB1C781669000718D0 /* Headers */,
			);
			buildRules = (
			);
			dependencies = (
			);
			name = AGXHUD;
			productName = AGXHUD;
			productReference = 6A21F1AB1C781584000718D0 /* libAGXHUD.a */;
			productType = "com.apple.product-type.library.static";
		};
/* End PBXNativeTarget section */

/* Begin PBXProject section */
		6A21F1A31C781583000718D0 /* Project object */ = {
			isa = PBXProject;
			attributes = {
				LastUpgradeCheck = 0710;
				ORGANIZATIONNAME = "AI-CUC-EC";
				TargetAttributes = {
					6A21F1AA1C781583000718D0 = {
						CreatedOnToolsVersion = 7.1.1;
					};
					6A21F1B71C781644000718D0 = {
						CreatedOnToolsVersion = 7.1.1;
					};
				};
			};
			buildConfigurationList = 6A21F1A61C781583000718D0 /* Build configuration list for PBXProject "AGXHUD" */;
			compatibilityVersion = "Xcode 3.2";
			developmentRegion = English;
			hasScannedForEncodings = 0;
			knownRegions = (
				en,
			);
			mainGroup = 6A21F1A21C781583000718D0;
			productRefGroup = 6A21F1AC1C781584000718D0 /* Products */;
			projectDirPath = "";
			projectRoot = "";
			targets = (
				6A21F1AA1C781583000718D0 /* AGXHUD */,
				6A21F1B71C781644000718D0 /* AGXHUDBuilder */,
			);
		};
/* End PBXProject section */

/* Begin PBXShellScriptBuildPhase section */
		6A21F1BD1C7816EB000718D0 /* ShellScript */ = {
			isa = PBXShellScriptBuildPhase;
			buildActionMask = 2147483647;
			files = (
			);
			inputPaths = (
			);
			outputPaths = (
			);
			runOnlyForDeploymentPostprocessing = 0;
			shellPath = /bin/sh;
			shellScript = "# Step 1. Build Device and Simulator versions\nxcodebuild -target ${PROJECT_NAME} ONLY_ACTIVE_ARCH=NO -configuration ${CONFIGURATION} -sdk iphoneos BUILD_DIR=\"${BUILD_DIR}\" BUILD_ROOT=\"${BUILD_ROOT}\"\nxcodebuild -target ${PROJECT_NAME} -configuration ${CONFIGURATION} -sdk iphonesimulator ARCHS='i386 x86_64' VALID_ARCHS='i386 x86_64' BUILD_DIR=\"${BUILD_DIR}\" BUILD_ROOT=\"${BUILD_ROOT}\"\n\n# define output folder environment variable\nUNIVERSAL_OUTPUTFOLDER=${BUILD_DIR}/${CONFIGURATION}-universal\n\n# make sure the output directory exists\nmkdir -p \"${UNIVERSAL_OUTPUTFOLDER}\"\n\n# Step 2. Create universal binary file using lipo\nlipo -create -output \"${UNIVERSAL_OUTPUTFOLDER}/lib${PROJECT_NAME}.a\" \"${BUILD_DIR}/${CONFIGURATION}-iphoneos/lib${PROJECT_NAME}.a\" \"${BUILD_DIR}/${CONFIGURATION}-iphonesimulator/lib${PROJECT_NAME}.a\"\n\n# Step 3. copy files.\ncp \"${BUILD_DIR}/${CONFIGURATION}-iphoneos/${PROJECT_NAME}.h\" \"${UNIVERSAL_OUTPUTFOLDER}/\"\ncp -R \"${BUILD_DIR}/${CONFIGURATION}-iphoneos/${PROJECT_NAME}\" \"${UNIVERSAL_OUTPUTFOLDER}/\"\n\n# Last touch. create framework.\nFRAMEWORK_LOCATION=${UNIVERSAL_OUTPUTFOLDER}/${PROJECT_NAME}.framework\nmkdir -p \"${FRAMEWORK_LOCATION}/Headers\"\ncp \"${UNIVERSAL_OUTPUTFOLDER}/${PROJECT_NAME}.h\" \"${FRAMEWORK_LOCATION}/Headers/\"\ncp -R \"${UNIVERSAL_OUTPUTFOLDER}/${PROJECT_NAME}\" \"${FRAMEWORK_LOCATION}/Headers/\"\ncp \"${UNIVERSAL_OUTPUTFOLDER}/lib${PROJECT_NAME}.a\" \"${FRAMEWORK_LOCATION}/${PROJECT_NAME}\"\n";
		};
/* End PBXShellScriptBuildPhase section */

/* Begin PBXSourcesBuildPhase section */
		6A21F1A71C781583000718D0 /* Sources */ = {
			isa = PBXSourcesBuildPhase;
			buildActionMask = 2147483647;
			files = (
				6A21F1CD1C7849A5000718D0 /* UIView+AGXHUDRecursive.m in Sources */,
				6A21F1C51C783DC1000718D0 /* AGXProgressHUD.m in Sources */,
				6A21F1C91C783FB7000718D0 /* UIView+AGXHUD.m in Sources */,
			);
			runOnlyForDeploymentPostprocessing = 0;
		};
/* End PBXSourcesBuildPhase section */

/* Begin XCBuildConfiguration section */
		6A21F1B21C781584000718D0 /* Debug */ = {
			isa = XCBuildConfiguration;
			buildSettings = {
				ALWAYS_SEARCH_USER_PATHS = NO;
				CLANG_CXX_LANGUAGE_STANDARD = "gnu++0x";
				CLANG_CXX_LIBRARY = "libc++";
				CLANG_ENABLE_MODULES = YES;
				CLANG_ENABLE_OBJC_ARC = NO;
				CLANG_WARN_BOOL_CONVERSION = YES;
				CLANG_WARN_CONSTANT_CONVERSION = YES;
				CLANG_WARN_DIRECT_OBJC_ISA_USAGE = YES_ERROR;
				CLANG_WARN_EMPTY_BODY = YES;
				CLANG_WARN_ENUM_CONVERSION = YES;
				CLANG_WARN_INT_CONVERSION = YES;
				CLANG_WARN_OBJC_ROOT_CLASS = YES_ERROR;
				CLANG_WARN_UNREACHABLE_CODE = YES;
				CLANG_WARN__DUPLICATE_METHOD_MATCH = YES;
				"CODE_SIGN_IDENTITY[sdk=iphoneos*]" = "iPhone Developer";
				COPY_PHASE_STRIP = NO;
				DEBUG_INFORMATION_FORMAT = dwarf;
				ENABLE_STRICT_OBJC_MSGSEND = YES;
				ENABLE_TESTABILITY = YES;
				FRAMEWORK_SEARCH_PATHS = "$(BUILD_DIR)/Debug-universal/";
				GCC_C_LANGUAGE_STANDARD = gnu99;
				GCC_DYNAMIC_NO_PIC = NO;
				GCC_NO_COMMON_BLOCKS = YES;
				GCC_OPTIMIZATION_LEVEL = 0;
				GCC_PREPROCESSOR_DEFINITIONS = (
					"DEBUG=1",
					"$(inherited)",
				);
				GCC_WARN_64_TO_32_BIT_CONVERSION = YES;
				GCC_WARN_ABOUT_RETURN_TYPE = YES_ERROR;
				GCC_WARN_UNDECLARED_SELECTOR = YES;
				GCC_WARN_UNINITIALIZED_AUTOS = YES_AGGRESSIVE;
				GCC_WARN_UNUSED_FUNCTION = YES;
				GCC_WARN_UNUSED_VARIABLE = YES;
				IPHONEOS_DEPLOYMENT_TARGET = 5.0;
				MTL_ENABLE_DEBUG_INFO = YES;
				ONLY_ACTIVE_ARCH = YES;
				SDKROOT = iphoneos;
			};
			name = Debug;
		};
		6A21F1B31C781584000718D0 /* Release */ = {
			isa = XCBuildConfiguration;
			buildSettings = {
				ALWAYS_SEARCH_USER_PATHS = NO;
				CLANG_CXX_LANGUAGE_STANDARD = "gnu++0x";
				CLANG_CXX_LIBRARY = "libc++";
				CLANG_ENABLE_MODULES = YES;
				CLANG_ENABLE_OBJC_ARC = NO;
				CLANG_WARN_BOOL_CONVERSION = YES;
				CLANG_WARN_CONSTANT_CONVERSION = YES;
				CLANG_WARN_DIRECT_OBJC_ISA_USAGE = YES_ERROR;
				CLANG_WARN_EMPTY_BODY = YES;
				CLANG_WARN_ENUM_CONVERSION = YES;
				CLANG_WARN_INT_CONVERSION = YES;
				CLANG_WARN_OBJC_ROOT_CLASS = YES_ERROR;
				CLANG_WARN_UNREACHABLE_CODE = YES;
				CLANG_WARN__DUPLICATE_METHOD_MATCH = YES;
				"CODE_SIGN_IDENTITY[sdk=iphoneos*]" = "iPhone Developer";
				COPY_PHASE_STRIP = NO;
				DEBUG_INFORMATION_FORMAT = "dwarf-with-dsym";
				ENABLE_NS_ASSERTIONS = NO;
				ENABLE_STRICT_OBJC_MSGSEND = YES;
				FRAMEWORK_SEARCH_PATHS = "$(BUILD_DIR)/Release-universal/";
				GCC_C_LANGUAGE_STANDARD = gnu99;
				GCC_NO_COMMON_BLOCKS = YES;
				GCC_WARN_64_TO_32_BIT_CONVERSION = YES;
				GCC_WARN_ABOUT_RETURN_TYPE = YES_ERROR;
				GCC_WARN_UNDECLARED_SELECTOR = YES;
				GCC_WARN_UNINITIALIZED_AUTOS = YES_AGGRESSIVE;
				GCC_WARN_UNUSED_FUNCTION = YES;
				GCC_WARN_UNUSED_VARIABLE = YES;
				IPHONEOS_DEPLOYMENT_TARGET = 5.0;
				MTL_ENABLE_DEBUG_INFO = NO;
				SDKROOT = iphoneos;
				VALIDATE_PRODUCT = YES;
			};
			name = Release;
		};
		6A21F1B51C781584000718D0 /* Debug */ = {
			isa = XCBuildConfiguration;
			buildSettings = {
				CLANG_ENABLE_OBJC_ARC = NO;
				OTHER_LDFLAGS = "";
				PRIVATE_HEADERS_FOLDER_PATH = "$(PROJECT_NAME)/";
				PRODUCT_NAME = AGXHUD;
				PUBLIC_HEADERS_FOLDER_PATH = "";
				SKIP_INSTALL = YES;
			};
			name = Debug;
		};
		6A21F1B61C781584000718D0 /* Release */ = {
			isa = XCBuildConfiguration;
			buildSettings = {
				CLANG_ENABLE_OBJC_ARC = NO;
				OTHER_LDFLAGS = "";
				PRIVATE_HEADERS_FOLDER_PATH = "$(PROJECT_NAME)/";
				PRODUCT_NAME = AGXHUD;
				PUBLIC_HEADERS_FOLDER_PATH = "";
				SKIP_INSTALL = YES;
			};
			name = Release;
		};
		6A21F1B91C781644000718D0 /* Debug */ = {
			isa = XCBuildConfiguration;
			buildSettings = {
				PRODUCT_NAME = AGXHUD;
			};
			name = Debug;
		};
		6A21F1BA1C781644000718D0 /* Release */ = {
			isa = XCBuildConfiguration;
			buildSettings = {
				PRODUCT_NAME = AGXHUD;
			};
			name = Release;
		};
/* End XCBuildConfiguration section */

/* Begin XCConfigurationList section */
		6A21F1A61C781583000718D0 /* Build configuration list for PBXProject "AGXHUD" */ = {
			isa = XCConfigurationList;
			buildConfigurations = (
				6A21F1B21C781584000718D0 /* Debug */,
				6A21F1B31C781584000718D0 /* Release */,
			);
			defaultConfigurationIsVisible = 0;
			defaultConfigurationName = Release;
		};
		6A21F1B41C781584000718D0 /* Build configuration list for PBXNativeTarget "AGXHUD" */ = {
			isa = XCConfigurationList;
			buildConfigurations = (
				6A21F1B51C781584000718D0 /* Debug */,
				6A21F1B61C781584000718D0 /* Release */,
			);
			defaultConfigurationIsVisible = 0;
			defaultConfigurationName = Release;
		};
		6A21F1B81C781644000718D0 /* Build configuration list for PBXAggregateTarget "AGXHUDBuilder" */ = {
			isa = XCConfigurationList;
			buildConfigurations = (
				6A21F1B91C781644000718D0 /* Debug */,
				6A21F1BA1C781644000718D0 /* Release */,
			);
			defaultConfigurationIsVisible = 0;
			defaultConfigurationName = Release;
		};
/* End XCConfigurationList section */
	};
	rootObject = 6A21F1A31C781583000718D0 /* Project object */;
}
