// !$*UTF8*$!
{
	archiveVersion = 1;
	classes = {
	};
	objectVersion = 46;
	objects = {

/* Begin PBXAggregateTarget section */
		6AFAE9491C8419B600FC93B5 /* AGXNetworkBuilder */ = {
			isa = PBXAggregateTarget;
			buildConfigurationList = 6AFAE94A1C8419B600FC93B5 /* Build configuration list for PBXAggregateTarget "AGXNetworkBuilder" */;
			buildPhases = (
				6AFAE94D1C8419BA00FC93B5 /* ShellScript */,
			);
			dependencies = (
			);
			name = AGXNetworkBuilder;
			productName = AGXNetworkBuilder;
		};
/* End PBXAggregateTarget section */

/* Begin PBXBuildFile section */
		6A6A48FE1CB352B100DBDA0C /* AGXNetworkTypes.h in Headers */ = {isa = PBXBuildFile; fileRef = 6A6A48FD1CB352B100DBDA0C /* AGXNetworkTypes.h */; settings = {ATTRIBUTES = (Private, ); }; };
		6A79824C1CA8186B0088677D /* AGXReachability.h in Headers */ = {isa = PBXBuildFile; fileRef = 6A79824A1CA8186B0088677D /* AGXReachability.h */; };
		6A79824D1CA8186B0088677D /* AGXReachability.m in Sources */ = {isa = PBXBuildFile; fileRef = 6A79824B1CA8186B0088677D /* AGXReachability.m */; };
		6A7982511CA818A70088677D /* AGXReachabilityTest.m in Sources */ = {isa = PBXBuildFile; fileRef = 6A7982501CA818A70088677D /* AGXReachabilityTest.m */; };
		6AFAE9481C84199500FC93B5 /* AGXNetwork.h in Headers */ = {isa = PBXBuildFile; fileRef = 6AFAE93E1C8418AE00FC93B5 /* AGXNetwork.h */; settings = {ATTRIBUTES = (Public, ); }; };
		6AFAE9581C8422E000FC93B5 /* libAGXNetwork.a in Frameworks */ = {isa = PBXBuildFile; fileRef = 6AFAE93B1C8418AE00FC93B5 /* libAGXNetwork.a */; };
/* End PBXBuildFile section */

/* Begin PBXContainerItemProxy section */
		6AFAE9591C8422E000FC93B5 /* PBXContainerItemProxy */ = {
			isa = PBXContainerItemProxy;
			containerPortal = 6AFAE9331C8418AE00FC93B5 /* Project object */;
			proxyType = 1;
			remoteGlobalIDString = 6AFAE93A1C8418AE00FC93B5;
			remoteInfo = AGXNetwork;
		};
/* End PBXContainerItemProxy section */

/* Begin PBXFileReference section */
		6A6A48FD1CB352B100DBDA0C /* AGXNetworkTypes.h */ = {isa = PBXFileReference; fileEncoding = 4; lastKnownFileType = sourcecode.c.h; path = AGXNetworkTypes.h; sourceTree = "<group>"; };
		6A79824A1CA8186B0088677D /* AGXReachability.h */ = {isa = PBXFileReference; fileEncoding = 4; lastKnownFileType = sourcecode.c.h; name = AGXReachability.h; path = Privates/AGXReachability.h; sourceTree = "<group>"; };
		6A79824B1CA8186B0088677D /* AGXReachability.m */ = {isa = PBXFileReference; fileEncoding = 4; lastKnownFileType = sourcecode.c.objc; name = AGXReachability.m; path = Privates/AGXReachability.m; sourceTree = "<group>"; };
		6A7982501CA818A70088677D /* AGXReachabilityTest.m */ = {isa = PBXFileReference; fileEncoding = 4; lastKnownFileType = sourcecode.c.objc; name = AGXReachabilityTest.m; path = Privates/AGXReachabilityTest.m; sourceTree = "<group>"; };
		6AFAE93B1C8418AE00FC93B5 /* libAGXNetwork.a */ = {isa = PBXFileReference; explicitFileType = archive.ar; includeInIndex = 0; path = libAGXNetwork.a; sourceTree = BUILT_PRODUCTS_DIR; };
		6AFAE93E1C8418AE00FC93B5 /* AGXNetwork.h */ = {isa = PBXFileReference; lastKnownFileType = sourcecode.c.h; path = AGXNetwork.h; sourceTree = "<group>"; };
		6AFAE9531C8422E000FC93B5 /* AGXNetworkTest.xctest */ = {isa = PBXFileReference; explicitFileType = wrapper.cfbundle; includeInIndex = 0; path = AGXNetworkTest.xctest; sourceTree = BUILT_PRODUCTS_DIR; };
		6AFAE9571C8422E000FC93B5 /* Info.plist */ = {isa = PBXFileReference; lastKnownFileType = text.plist.xml; path = Info.plist; sourceTree = "<group>"; };
/* End PBXFileReference section */

/* Begin PBXFrameworksBuildPhase section */
		6AFAE9381C8418AE00FC93B5 /* Frameworks */ = {
			isa = PBXFrameworksBuildPhase;
			buildActionMask = 2147483647;
			files = (
			);
			runOnlyForDeploymentPostprocessing = 0;
		};
		6AFAE9501C8422E000FC93B5 /* Frameworks */ = {
			isa = PBXFrameworksBuildPhase;
			buildActionMask = 2147483647;
			files = (
				6AFAE9581C8422E000FC93B5 /* libAGXNetwork.a in Frameworks */,
			);
			runOnlyForDeploymentPostprocessing = 0;
		};
/* End PBXFrameworksBuildPhase section */

/* Begin PBXGroup section */
		6A6A48FC1CB352B100DBDA0C /* Constants */ = {
			isa = PBXGroup;
			children = (
				6A6A48FD1CB352B100DBDA0C /* AGXNetworkTypes.h */,
			);
			path = Constants;
			sourceTree = "<group>";
		};
		6AFAE9321C8418AE00FC93B5 = {
			isa = PBXGroup;
			children = (
				6AFAE93D1C8418AE00FC93B5 /* AGXNetwork */,
				6AFAE9541C8422E000FC93B5 /* AGXNetworkTest */,
				6AFAE93C1C8418AE00FC93B5 /* Products */,
			);
			sourceTree = "<group>";
		};
		6AFAE93C1C8418AE00FC93B5 /* Products */ = {
			isa = PBXGroup;
			children = (
				6AFAE93B1C8418AE00FC93B5 /* libAGXNetwork.a */,
				6AFAE9531C8422E000FC93B5 /* AGXNetworkTest.xctest */,
			);
			name = Products;
			sourceTree = "<group>";
		};
		6AFAE93D1C8418AE00FC93B5 /* AGXNetwork */ = {
			isa = PBXGroup;
			children = (
				6A6A48FC1CB352B100DBDA0C /* Constants */,
				6AFAE94E1C8422C200FC93B5 /* Privates */,
				6AFAE93E1C8418AE00FC93B5 /* AGXNetwork.h */,
			);
			path = AGXNetwork;
			sourceTree = "<group>";
		};
		6AFAE94E1C8422C200FC93B5 /* Privates */ = {
			isa = PBXGroup;
			children = (
				6A79824A1CA8186B0088677D /* AGXReachability.h */,
				6A79824B1CA8186B0088677D /* AGXReachability.m */,
			);
			name = Privates;
			sourceTree = "<group>";
		};
		6AFAE9541C8422E000FC93B5 /* AGXNetworkTest */ = {
			isa = PBXGroup;
			children = (
				6AFAE95E1C84230A00FC93B5 /* Privates */,
				6AFAE9571C8422E000FC93B5 /* Info.plist */,
			);
			path = AGXNetworkTest;
			sourceTree = "<group>";
		};
		6AFAE95E1C84230A00FC93B5 /* Privates */ = {
			isa = PBXGroup;
			children = (
				6A7982501CA818A70088677D /* AGXReachabilityTest.m */,
			);
			name = Privates;
			sourceTree = "<group>";
		};
/* End PBXGroup section */

/* Begin PBXHeadersBuildPhase section */
		6AFAE9471C84198F00FC93B5 /* Headers */ = {
			isa = PBXHeadersBuildPhase;
			buildActionMask = 2147483647;
			files = (
				6AFAE9481C84199500FC93B5 /* AGXNetwork.h in Headers */,
				6A6A48FE1CB352B100DBDA0C /* AGXNetworkTypes.h in Headers */,
				6A79824C1CA8186B0088677D /* AGXReachability.h in Headers */,
			);
			runOnlyForDeploymentPostprocessing = 0;
		};
/* End PBXHeadersBuildPhase section */

/* Begin PBXNativeTarget section */
		6AFAE93A1C8418AE00FC93B5 /* AGXNetwork */ = {
			isa = PBXNativeTarget;
			buildConfigurationList = 6AFAE9441C8418AE00FC93B5 /* Build configuration list for PBXNativeTarget "AGXNetwork" */;
			buildPhases = (
				6AFAE9371C8418AE00FC93B5 /* Sources */,
				6AFAE9381C8418AE00FC93B5 /* Frameworks */,
				6AFAE9471C84198F00FC93B5 /* Headers */,
			);
			buildRules = (
			);
			dependencies = (
			);
			name = AGXNetwork;
			productName = AGXNetwork;
			productReference = 6AFAE93B1C8418AE00FC93B5 /* libAGXNetwork.a */;
			productType = "com.apple.product-type.library.static";
		};
		6AFAE9521C8422E000FC93B5 /* AGXNetworkTest */ = {
			isa = PBXNativeTarget;
			buildConfigurationList = 6AFAE95B1C8422E000FC93B5 /* Build configuration list for PBXNativeTarget "AGXNetworkTest" */;
			buildPhases = (
				6AFAE94F1C8422E000FC93B5 /* Sources */,
				6AFAE9501C8422E000FC93B5 /* Frameworks */,
				6AFAE9511C8422E000FC93B5 /* Resources */,
			);
			buildRules = (
			);
			dependencies = (
				6AFAE95A1C8422E000FC93B5 /* PBXTargetDependency */,
			);
			name = AGXNetworkTest;
			productName = AGXNetworkTest;
			productReference = 6AFAE9531C8422E000FC93B5 /* AGXNetworkTest.xctest */;
			productType = "com.apple.product-type.bundle.unit-test";
		};
/* End PBXNativeTarget section */

/* Begin PBXProject section */
		6AFAE9331C8418AE00FC93B5 /* Project object */ = {
			isa = PBXProject;
			attributes = {
				LastUpgradeCheck = 0710;
				ORGANIZATIONNAME = "AI-CUC-EC";
				TargetAttributes = {
					6AFAE93A1C8418AE00FC93B5 = {
						CreatedOnToolsVersion = 7.1.1;
					};
					6AFAE9491C8419B600FC93B5 = {
						CreatedOnToolsVersion = 7.1.1;
					};
					6AFAE9521C8422E000FC93B5 = {
						CreatedOnToolsVersion = 7.1.1;
					};
				};
			};
			buildConfigurationList = 6AFAE9361C8418AE00FC93B5 /* Build configuration list for PBXProject "AGXNetwork" */;
			compatibilityVersion = "Xcode 3.2";
			developmentRegion = English;
			hasScannedForEncodings = 0;
			knownRegions = (
				en,
			);
			mainGroup = 6AFAE9321C8418AE00FC93B5;
			productRefGroup = 6AFAE93C1C8418AE00FC93B5 /* Products */;
			projectDirPath = "";
			projectRoot = "";
			targets = (
				6AFAE93A1C8418AE00FC93B5 /* AGXNetwork */,
				6AFAE9521C8422E000FC93B5 /* AGXNetworkTest */,
				6AFAE9491C8419B600FC93B5 /* AGXNetworkBuilder */,
			);
		};
/* End PBXProject section */

/* Begin PBXResourcesBuildPhase section */
		6AFAE9511C8422E000FC93B5 /* Resources */ = {
			isa = PBXResourcesBuildPhase;
			buildActionMask = 2147483647;
			files = (
			);
			runOnlyForDeploymentPostprocessing = 0;
		};
/* End PBXResourcesBuildPhase section */

/* Begin PBXShellScriptBuildPhase section */
		6AFAE94D1C8419BA00FC93B5 /* ShellScript */ = {
			isa = PBXShellScriptBuildPhase;
			buildActionMask = 2147483647;
			files = (
			);
			inputPaths = (
			);
			outputPaths = (
			);
			runOnlyForDeploymentPostprocessing = 0;
			shellPath = /bin/sh;
			shellScript = "# Step 1. Build Device and Simulator versions\nxcodebuild -target ${PROJECT_NAME} ONLY_ACTIVE_ARCH=NO -configuration ${CONFIGURATION} -sdk iphoneos BUILD_DIR=\"${BUILD_DIR}\" BUILD_ROOT=\"${BUILD_ROOT}\"\nxcodebuild -target ${PROJECT_NAME} ONLY_ACTIVE_ARCH=NO -configuration ${CONFIGURATION} -sdk iphonesimulator ARCHS='i386 x86_64' VALID_ARCHS='i386 x86_64' BUILD_DIR=\"${BUILD_DIR}\" BUILD_ROOT=\"${BUILD_ROOT}\"\n\n# define output folder environment variable\nUNIVERSAL_OUTPUTFOLDER=${BUILD_DIR}/${CONFIGURATION}-universal\n\n# make sure the output directory exists\nmkdir -p \"${UNIVERSAL_OUTPUTFOLDER}\"\n\n# Step 2. Create universal binary file using lipo\nlipo -create -output \"${UNIVERSAL_OUTPUTFOLDER}/lib${PROJECT_NAME}.a\" \"${BUILD_DIR}/${CONFIGURATION}-iphoneos/lib${PROJECT_NAME}.a\" \"${BUILD_DIR}/${CONFIGURATION}-iphonesimulator/lib${PROJECT_NAME}.a\"\n\n# Step 3. copy files.\ncp \"${BUILD_DIR}/${CONFIGURATION}-iphoneos/${PROJECT_NAME}.h\" \"${UNIVERSAL_OUTPUTFOLDER}/\"\ncp -R \"${BUILD_DIR}/${CONFIGURATION}-iphoneos/${PROJECT_NAME}\" \"${UNIVERSAL_OUTPUTFOLDER}/\"\n\n# Last touch. create framework.\nFRAMEWORK_LOCATION=${UNIVERSAL_OUTPUTFOLDER}/${PROJECT_NAME}.framework\nmkdir -p \"${FRAMEWORK_LOCATION}/Headers\"\ncp \"${UNIVERSAL_OUTPUTFOLDER}/${PROJECT_NAME}.h\" \"${FRAMEWORK_LOCATION}/Headers/\"\ncp -R \"${UNIVERSAL_OUTPUTFOLDER}/${PROJECT_NAME}\" \"${FRAMEWORK_LOCATION}/Headers/\"\ncp \"${UNIVERSAL_OUTPUTFOLDER}/lib${PROJECT_NAME}.a\" \"${FRAMEWORK_LOCATION}/${PROJECT_NAME}\"\ncp \"${SRCROOT}/README.md\" \"${FRAMEWORK_LOCATION}/README.md\"\n";
		};
/* End PBXShellScriptBuildPhase section */

/* Begin PBXSourcesBuildPhase section */
		6AFAE9371C8418AE00FC93B5 /* Sources */ = {
			isa = PBXSourcesBuildPhase;
			buildActionMask = 2147483647;
			files = (
				6A79824D1CA8186B0088677D /* AGXReachability.m in Sources */,
			);
			runOnlyForDeploymentPostprocessing = 0;
		};
		6AFAE94F1C8422E000FC93B5 /* Sources */ = {
			isa = PBXSourcesBuildPhase;
			buildActionMask = 2147483647;
			files = (
				6A7982511CA818A70088677D /* AGXReachabilityTest.m in Sources */,
			);
			runOnlyForDeploymentPostprocessing = 0;
		};
/* End PBXSourcesBuildPhase section */

/* Begin PBXTargetDependency section */
		6AFAE95A1C8422E000FC93B5 /* PBXTargetDependency */ = {
			isa = PBXTargetDependency;
			target = 6AFAE93A1C8418AE00FC93B5 /* AGXNetwork */;
			targetProxy = 6AFAE9591C8422E000FC93B5 /* PBXContainerItemProxy */;
		};
/* End PBXTargetDependency section */

/* Begin XCBuildConfiguration section */
		6AFAE9421C8418AE00FC93B5 /* Debug */ = {
			isa = XCBuildConfiguration;
			buildSettings = {
				ALWAYS_SEARCH_USER_PATHS = NO;
				CLANG_CXX_LANGUAGE_STANDARD = "gnu++0x";
				CLANG_CXX_LIBRARY = "libc++";
				CLANG_ENABLE_MODULES = YES;
				CLANG_ENABLE_OBJC_ARC = NO;
				CLANG_WARN_BOOL_CONVERSION = YES;
				CLANG_WARN_CONSTANT_CONVERSION = YES;
				CLANG_WARN_DIRECT_OBJC_ISA_USAGE = YES_ERROR;
				CLANG_WARN_EMPTY_BODY = YES;
				CLANG_WARN_ENUM_CONVERSION = YES;
				CLANG_WARN_INT_CONVERSION = YES;
				CLANG_WARN_OBJC_ROOT_CLASS = YES_ERROR;
				CLANG_WARN_UNREACHABLE_CODE = YES;
				CLANG_WARN__DUPLICATE_METHOD_MATCH = YES;
				"CODE_SIGN_IDENTITY[sdk=iphoneos*]" = "iPhone Developer";
				COPY_PHASE_STRIP = NO;
				DEBUG_INFORMATION_FORMAT = dwarf;
				ENABLE_STRICT_OBJC_MSGSEND = YES;
				ENABLE_TESTABILITY = YES;
				FRAMEWORK_SEARCH_PATHS = "$(BUILD_DIR)/Debug-universal/";
				GCC_C_LANGUAGE_STANDARD = gnu99;
				GCC_DYNAMIC_NO_PIC = NO;
				GCC_NO_COMMON_BLOCKS = YES;
				GCC_OPTIMIZATION_LEVEL = 0;
				GCC_PREPROCESSOR_DEFINITIONS = (
					"DEBUG=1",
					"$(inherited)",
				);
				GCC_WARN_64_TO_32_BIT_CONVERSION = YES;
				GCC_WARN_ABOUT_RETURN_TYPE = YES_ERROR;
				GCC_WARN_UNDECLARED_SELECTOR = YES;
				GCC_WARN_UNINITIALIZED_AUTOS = YES_AGGRESSIVE;
				GCC_WARN_UNUSED_FUNCTION = YES;
				GCC_WARN_UNUSED_VARIABLE = YES;
				IPHONEOS_DEPLOYMENT_TARGET = 5.0;
				MTL_ENABLE_DEBUG_INFO = YES;
				ONLY_ACTIVE_ARCH = YES;
				SDKROOT = iphoneos;
			};
			name = Debug;
		};
		6AFAE9431C8418AE00FC93B5 /* Release */ = {
			isa = XCBuildConfiguration;
			buildSettings = {
				ALWAYS_SEARCH_USER_PATHS = NO;
				CLANG_CXX_LANGUAGE_STANDARD = "gnu++0x";
				CLANG_CXX_LIBRARY = "libc++";
				CLANG_ENABLE_MODULES = YES;
				CLANG_ENABLE_OBJC_ARC = NO;
				CLANG_WARN_BOOL_CONVERSION = YES;
				CLANG_WARN_CONSTANT_CONVERSION = YES;
				CLANG_WARN_DIRECT_OBJC_ISA_USAGE = YES_ERROR;
				CLANG_WARN_EMPTY_BODY = YES;
				CLANG_WARN_ENUM_CONVERSION = YES;
				CLANG_WARN_INT_CONVERSION = YES;
				CLANG_WARN_OBJC_ROOT_CLASS = YES_ERROR;
				CLANG_WARN_UNREACHABLE_CODE = YES;
				CLANG_WARN__DUPLICATE_METHOD_MATCH = YES;
				"CODE_SIGN_IDENTITY[sdk=iphoneos*]" = "iPhone Developer";
				COPY_PHASE_STRIP = NO;
				DEBUG_INFORMATION_FORMAT = "dwarf-with-dsym";
				ENABLE_NS_ASSERTIONS = NO;
				ENABLE_STRICT_OBJC_MSGSEND = YES;
				FRAMEWORK_SEARCH_PATHS = "$(BUILD_DIR)/Release-universal/";
				GCC_C_LANGUAGE_STANDARD = gnu99;
				GCC_NO_COMMON_BLOCKS = YES;
				GCC_WARN_64_TO_32_BIT_CONVERSION = YES;
				GCC_WARN_ABOUT_RETURN_TYPE = YES_ERROR;
				GCC_WARN_UNDECLARED_SELECTOR = YES;
				GCC_WARN_UNINITIALIZED_AUTOS = YES_AGGRESSIVE;
				GCC_WARN_UNUSED_FUNCTION = YES;
				GCC_WARN_UNUSED_VARIABLE = YES;
				IPHONEOS_DEPLOYMENT_TARGET = 5.0;
				MTL_ENABLE_DEBUG_INFO = NO;
				SDKROOT = iphoneos;
				VALIDATE_PRODUCT = YES;
			};
			name = Release;
		};
		6AFAE9451C8418AE00FC93B5 /* Debug */ = {
			isa = XCBuildConfiguration;
			buildSettings = {
				CLANG_ENABLE_OBJC_ARC = NO;
				OTHER_LDFLAGS = "";
				PRIVATE_HEADERS_FOLDER_PATH = "$(PROJECT_NAME)/";
				PRODUCT_NAME = "$(TARGET_NAME)";
				PUBLIC_HEADERS_FOLDER_PATH = "";
				SKIP_INSTALL = YES;
			};
			name = Debug;
		};
		6AFAE9461C8418AE00FC93B5 /* Release */ = {
			isa = XCBuildConfiguration;
			buildSettings = {
				CLANG_ENABLE_OBJC_ARC = NO;
				OTHER_LDFLAGS = "";
				PRIVATE_HEADERS_FOLDER_PATH = "$(PROJECT_NAME)/";
				PRODUCT_NAME = "$(TARGET_NAME)";
				PUBLIC_HEADERS_FOLDER_PATH = "";
				SKIP_INSTALL = YES;
			};
			name = Release;
		};
		6AFAE94B1C8419B600FC93B5 /* Debug */ = {
			isa = XCBuildConfiguration;
			buildSettings = {
				PRODUCT_NAME = "$(TARGET_NAME)";
			};
			name = Debug;
		};
		6AFAE94C1C8419B600FC93B5 /* Release */ = {
			isa = XCBuildConfiguration;
			buildSettings = {
				PRODUCT_NAME = "$(TARGET_NAME)";
			};
			name = Release;
		};
		6AFAE95C1C8422E000FC93B5 /* Debug */ = {
			isa = XCBuildConfiguration;
			buildSettings = {
				CLANG_ENABLE_OBJC_ARC = YES;
				INFOPLIST_FILE = AGXNetworkTest/Info.plist;
				IPHONEOS_DEPLOYMENT_TARGET = 9.1;
				LD_RUNPATH_SEARCH_PATHS = "$(inherited) @executable_path/Frameworks @loader_path/Frameworks";
				PRODUCT_BUNDLE_IDENTIFIER = org.cuc.n3.AGXNetworkTest;
				PRODUCT_NAME = "$(TARGET_NAME)";
			};
			name = Debug;
		};
		6AFAE95D1C8422E000FC93B5 /* Release */ = {
			isa = XCBuildConfiguration;
			buildSettings = {
				CLANG_ENABLE_OBJC_ARC = YES;
				INFOPLIST_FILE = AGXNetworkTest/Info.plist;
				IPHONEOS_DEPLOYMENT_TARGET = 9.1;
				LD_RUNPATH_SEARCH_PATHS = "$(inherited) @executable_path/Frameworks @loader_path/Frameworks";
				PRODUCT_BUNDLE_IDENTIFIER = org.cuc.n3.AGXNetworkTest;
				PRODUCT_NAME = "$(TARGET_NAME)";
			};
			name = Release;
		};
/* End XCBuildConfiguration section */

/* Begin XCConfigurationList section */
		6AFAE9361C8418AE00FC93B5 /* Build configuration list for PBXProject "AGXNetwork" */ = {
			isa = XCConfigurationList;
			buildConfigurations = (
				6AFAE9421C8418AE00FC93B5 /* Debug */,
				6AFAE9431C8418AE00FC93B5 /* Release */,
			);
			defaultConfigurationIsVisible = 0;
			defaultConfigurationName = Release;
		};
		6AFAE9441C8418AE00FC93B5 /* Build configuration list for PBXNativeTarget "AGXNetwork" */ = {
			isa = XCConfigurationList;
			buildConfigurations = (
				6AFAE9451C8418AE00FC93B5 /* Debug */,
				6AFAE9461C8418AE00FC93B5 /* Release */,
			);
			defaultConfigurationIsVisible = 0;
			defaultConfigurationName = Release;
		};
		6AFAE94A1C8419B600FC93B5 /* Build configuration list for PBXAggregateTarget "AGXNetworkBuilder" */ = {
			isa = XCConfigurationList;
			buildConfigurations = (
				6AFAE94B1C8419B600FC93B5 /* Debug */,
				6AFAE94C1C8419B600FC93B5 /* Release */,
			);
			defaultConfigurationIsVisible = 0;
			defaultConfigurationName = Release;
		};
		6AFAE95B1C8422E000FC93B5 /* Build configuration list for PBXNativeTarget "AGXNetworkTest" */ = {
			isa = XCConfigurationList;
			buildConfigurations = (
				6AFAE95C1C8422E000FC93B5 /* Debug */,
				6AFAE95D1C8422E000FC93B5 /* Release */,
			);
			defaultConfigurationIsVisible = 0;
			defaultConfigurationName = Release;
		};
/* End XCConfigurationList section */
	};
	rootObject = 6AFAE9331C8418AE00FC93B5 /* Project object */;
}
