// !$*UTF8*$!
{
	archiveVersion = 1;
	classes = {
	};
	objectVersion = 46;
	objects = {

/* Begin PBXAggregateTarget section */
		6AC40CFC1C7D513600740E97 /* AGXWidgetBuilder */ = {
			isa = PBXAggregateTarget;
			buildConfigurationList = 6AC40CFD1C7D513600740E97 /* Build configuration list for PBXAggregateTarget "AGXWidgetBuilder" */;
			buildPhases = (
				6AC40D001C7D513B00740E97 /* ShellScript */,
			);
			dependencies = (
			);
			name = AGXWidgetBuilder;
			productName = AGXWidgetBuilder;
		};
/* End PBXAggregateTarget section */

/* Begin PBXBuildFile section */
		6A3100391EFD0C9B00099B42 /* AGXWidget.m in Sources */ = {isa = PBXBuildFile; fileRef = 6A3100381EFD0C9B00099B42 /* AGXWidget.m */; };
		6A398B961C7EAF72008D273B /* AGXLabel.h in Headers */ = {isa = PBXBuildFile; fileRef = 6A398B941C7EAF72008D273B /* AGXLabel.h */; settings = {ATTRIBUTES = (Private, ); }; };
		6A398B971C7EAF72008D273B /* AGXLabel.m in Sources */ = {isa = PBXBuildFile; fileRef = 6A398B951C7EAF72008D273B /* AGXLabel.m */; };
		6A398B9A1C7EE24F008D273B /* AGXImageView.h in Headers */ = {isa = PBXBuildFile; fileRef = 6A398B981C7EE24F008D273B /* AGXImageView.h */; settings = {ATTRIBUTES = (Private, ); }; };
		6A398B9B1C7EE24F008D273B /* AGXImageView.m in Sources */ = {isa = PBXBuildFile; fileRef = 6A398B991C7EE24F008D273B /* AGXImageView.m */; };
		6A398B9E1C7EF33C008D273B /* AGXRefreshView.h in Headers */ = {isa = PBXBuildFile; fileRef = 6A398B9C1C7EF33C008D273B /* AGXRefreshView.h */; settings = {ATTRIBUTES = (Private, ); }; };
		6A398B9F1C7EF33C008D273B /* AGXRefreshView.m in Sources */ = {isa = PBXBuildFile; fileRef = 6A398B9D1C7EF33C008D273B /* AGXRefreshView.m */; };
		6A398BA21C7EF56E008D273B /* AGXPageControl.h in Headers */ = {isa = PBXBuildFile; fileRef = 6A398BA01C7EF56E008D273B /* AGXPageControl.h */; settings = {ATTRIBUTES = (Private, ); }; };
		6A398BA31C7EF56E008D273B /* AGXPageControl.m in Sources */ = {isa = PBXBuildFile; fileRef = 6A398BA11C7EF56E008D273B /* AGXPageControl.m */; };
		6A398BA61C7EF6FC008D273B /* AGXSearchBar.h in Headers */ = {isa = PBXBuildFile; fileRef = 6A398BA41C7EF6FC008D273B /* AGXSearchBar.h */; settings = {ATTRIBUTES = (Private, ); }; };
		6A398BA71C7EF6FC008D273B /* AGXSearchBar.m in Sources */ = {isa = PBXBuildFile; fileRef = 6A398BA51C7EF6FC008D273B /* AGXSearchBar.m */; };
		6A45648F1FCBAF4D0006EF59 /* AGXWebViewLogLevel.h in Headers */ = {isa = PBXBuildFile; fileRef = 6A45648E1FCBAF4D0006EF59 /* AGXWebViewLogLevel.h */; settings = {ATTRIBUTES = (Private, ); }; };
		6A4564911FCBB2E20006EF59 /* AGXWebViewLogLevel.m in Sources */ = {isa = PBXBuildFile; fileRef = 6A4564901FCBB2E20006EF59 /* AGXWebViewLogLevel.m */; };
		6A61EBA01C9118A10054543E /* AGXProgressBar.h in Headers */ = {isa = PBXBuildFile; fileRef = 6A61EB9E1C9118A10054543E /* AGXProgressBar.h */; settings = {ATTRIBUTES = (Private, ); }; };
		6A61EBA11C9118A10054543E /* AGXProgressBar.m in Sources */ = {isa = PBXBuildFile; fileRef = 6A61EB9F1C9118A10054543E /* AGXProgressBar.m */; };
		6A61EBA91C916FB00054543E /* AGXWebViewProgressSensor.h in Headers */ = {isa = PBXBuildFile; fileRef = 6A61EBA71C916FB00054543E /* AGXWebViewProgressSensor.h */; };
		6A61EBAA1C916FB00054543E /* AGXWebViewProgressSensor.m in Sources */ = {isa = PBXBuildFile; fileRef = 6A61EBA81C916FB00054543E /* AGXWebViewProgressSensor.m */; };
		6A6354D51C906529006D8B0E /* AGXWebViewJavascriptBridge.h in Headers */ = {isa = PBXBuildFile; fileRef = 6A6354D31C906529006D8B0E /* AGXWebViewJavascriptBridge.h */; };
		6A6354D61C906529006D8B0E /* AGXWebViewJavascriptBridge.m in Sources */ = {isa = PBXBuildFile; fileRef = 6A6354D41C906529006D8B0E /* AGXWebViewJavascriptBridge.m */; };
		6A6354DD1C906642006D8B0E /* AGXWebView.h in Headers */ = {isa = PBXBuildFile; fileRef = 6A6354DB1C906642006D8B0E /* AGXWebView.h */; settings = {ATTRIBUTES = (Private, ); }; };
		6A6354DE1C906642006D8B0E /* AGXWebView.m in Sources */ = {isa = PBXBuildFile; fileRef = 6A6354DC1C906642006D8B0E /* AGXWebView.m */; };
		6A6354E11C906652006D8B0E /* AGXWebViewController.h in Headers */ = {isa = PBXBuildFile; fileRef = 6A6354DF1C906652006D8B0E /* AGXWebViewController.h */; settings = {ATTRIBUTES = (Private, ); }; };
		6A6354E21C906652006D8B0E /* AGXWebViewController.m in Sources */ = {isa = PBXBuildFile; fileRef = 6A6354E01C906652006D8B0E /* AGXWebViewController.m */; };
		6A66E10F1CC0BF4C00C8D764 /* AGXWebViewInternalDelegate.h in Headers */ = {isa = PBXBuildFile; fileRef = 6A66E10D1CC0BF4C00C8D764 /* AGXWebViewInternalDelegate.h */; };
		6A66E1101CC0BF4C00C8D764 /* AGXWebViewInternalDelegate.m in Sources */ = {isa = PBXBuildFile; fileRef = 6A66E10E1CC0BF4C00C8D764 /* AGXWebViewInternalDelegate.m */; };
		6A66E1131CC0CB0B00C8D764 /* AGXNavigationControllerInternalDelegate.h in Headers */ = {isa = PBXBuildFile; fileRef = 6A66E1111CC0CB0B00C8D764 /* AGXNavigationControllerInternalDelegate.h */; };
		6A66E1141CC0CB0B00C8D764 /* AGXNavigationControllerInternalDelegate.m in Sources */ = {isa = PBXBuildFile; fileRef = 6A66E1121CC0CB0B00C8D764 /* AGXNavigationControllerInternalDelegate.m */; };
		6A66E1171CC0D8AD00C8D764 /* AGXAnimation.h in Headers */ = {isa = PBXBuildFile; fileRef = 6A66E1151CC0D8AD00C8D764 /* AGXAnimation.h */; settings = {ATTRIBUTES = (Private, ); }; };
		6A66E1181CC0D8AD00C8D764 /* AGXAnimation.m in Sources */ = {isa = PBXBuildFile; fileRef = 6A66E1161CC0D8AD00C8D764 /* AGXAnimation.m */; };
		6A66E11B1CC0E07300C8D764 /* AGXAnimationInternal.h in Headers */ = {isa = PBXBuildFile; fileRef = 6A66E1191CC0E07300C8D764 /* AGXAnimationInternal.h */; };
		6A66E11C1CC0E07300C8D764 /* AGXAnimationInternal.m in Sources */ = {isa = PBXBuildFile; fileRef = 6A66E11A1CC0E07300C8D764 /* AGXAnimationInternal.m */; };
		6A6ABB421E7FFC7B006BAE8B /* AGXLocationManager.h in Headers */ = {isa = PBXBuildFile; fileRef = 6A6ABB401E7FFC7B006BAE8B /* AGXLocationManager.h */; settings = {ATTRIBUTES = (Private, ); }; };
		6A6ABB431E7FFC7B006BAE8B /* AGXLocationManager.m in Sources */ = {isa = PBXBuildFile; fileRef = 6A6ABB411E7FFC7B006BAE8B /* AGXLocationManager.m */; };
		6A6D6C081D0F00D300144CE8 /* AGXSwitch.h in Headers */ = {isa = PBXBuildFile; fileRef = 6A6D6C061D0F00D300144CE8 /* AGXSwitch.h */; settings = {ATTRIBUTES = (Private, ); }; };
		6A6D6C091D0F00D300144CE8 /* AGXSwitch.m in Sources */ = {isa = PBXBuildFile; fileRef = 6A6D6C071D0F00D300144CE8 /* AGXSwitch.m */; };
		6A71C0181CB605E100C87844 /* UINavigationController+AGXWidget.h in Headers */ = {isa = PBXBuildFile; fileRef = 6A71C0161CB605E100C87844 /* UINavigationController+AGXWidget.h */; settings = {ATTRIBUTES = (Private, ); }; };
		6A71C0191CB605E100C87844 /* UINavigationController+AGXWidget.m in Sources */ = {isa = PBXBuildFile; fileRef = 6A71C0171CB605E100C87844 /* UINavigationController+AGXWidget.m */; };
		6A7C0EFC1CAE18BB009CB602 /* AGXLine.h in Headers */ = {isa = PBXBuildFile; fileRef = 6A7C0EFA1CAE18BB009CB602 /* AGXLine.h */; settings = {ATTRIBUTES = (Private, ); }; };
		6A7C0EFD1CAE18BB009CB602 /* AGXLine.m in Sources */ = {isa = PBXBuildFile; fileRef = 6A7C0EFB1CAE18BB009CB602 /* AGXLine.m */; };
		6A815D401C9949CF00E6FF43 /* AGXWebViewExtension.h in Headers */ = {isa = PBXBuildFile; fileRef = 6A815D3E1C9949CF00E6FF43 /* AGXWebViewExtension.h */; };
		6A815D411C9949CF00E6FF43 /* AGXWebViewExtension.m in Sources */ = {isa = PBXBuildFile; fileRef = 6A815D3F1C9949CF00E6FF43 /* AGXWebViewExtension.m */; };
		6A815D431C994BC800E6FF43 /* AGXEvaluateJavascriptDelegate.h in Headers */ = {isa = PBXBuildFile; fileRef = 6A815D421C994BC800E6FF43 /* AGXEvaluateJavascriptDelegate.h */; };
		6A830B151D6AD0FD004CD02B /* AGXBiometric.h in Headers */ = {isa = PBXBuildFile; fileRef = 6A830B131D6AD0FD004CD02B /* AGXBiometric.h */; settings = {ATTRIBUTES = (Private, ); }; };
		6A830B161D6AD0FD004CD02B /* AGXBiometric.m in Sources */ = {isa = PBXBuildFile; fileRef = 6A830B141D6AD0FD004CD02B /* AGXBiometric.m */; };
		6A968AC41FB0CEB400D7C34C /* AGXCaptchaView.h in Headers */ = {isa = PBXBuildFile; fileRef = 6A968AC21FB0CEB400D7C34C /* AGXCaptchaView.h */; settings = {ATTRIBUTES = (Private, ); }; };
		6A968AC51FB0CEB400D7C34C /* AGXCaptchaView.m in Sources */ = {isa = PBXBuildFile; fileRef = 6A968AC31FB0CEB400D7C34C /* AGXCaptchaView.m */; };
		6AA281581D06F74D00E3E8AA /* AGXImagePickerController.h in Headers */ = {isa = PBXBuildFile; fileRef = 6AA281561D06F74D00E3E8AA /* AGXImagePickerController.h */; settings = {ATTRIBUTES = (Private, ); }; };
		6AA281591D06F74D00E3E8AA /* AGXImagePickerController.m in Sources */ = {isa = PBXBuildFile; fileRef = 6AA281571D06F74D00E3E8AA /* AGXImagePickerController.m */; };
		6AC40CFB1C7D510A00740E97 /* AGXWidget.h in Headers */ = {isa = PBXBuildFile; fileRef = 6AC40CF11C7D503800740E97 /* AGXWidget.h */; settings = {ATTRIBUTES = (Public, ); }; };
		6AC40D041C7D542800740E97 /* UIView+AGXWidgetBadge.h in Headers */ = {isa = PBXBuildFile; fileRef = 6AC40D021C7D542800740E97 /* UIView+AGXWidgetBadge.h */; settings = {ATTRIBUTES = (Private, ); }; };
		6AC40D051C7D542800740E97 /* UIView+AGXWidgetBadge.m in Sources */ = {isa = PBXBuildFile; fileRef = 6AC40D031C7D542800740E97 /* UIView+AGXWidgetBadge.m */; };
		6AD271E41F29D4890057D623 /* UIDocumentMenuViewController+AGXWidget.h in Headers */ = {isa = PBXBuildFile; fileRef = 6AD271E21F29D4890057D623 /* UIDocumentMenuViewController+AGXWidget.h */; settings = {ATTRIBUTES = (Private, ); }; };
		6AD271E51F29D4890057D623 /* UIDocumentMenuViewController+AGXWidget.m in Sources */ = {isa = PBXBuildFile; fileRef = 6AD271E31F29D4890057D623 /* UIDocumentMenuViewController+AGXWidget.m */; };
		6AFAE9101C83E14800FC93B5 /* AGXProgressHUD.h in Headers */ = {isa = PBXBuildFile; fileRef = 6AFAE90E1C83E14800FC93B5 /* AGXProgressHUD.h */; settings = {ATTRIBUTES = (Private, ); }; };
		6AFAE9111C83E14800FC93B5 /* AGXProgressHUD.m in Sources */ = {isa = PBXBuildFile; fileRef = 6AFAE90F1C83E14800FC93B5 /* AGXProgressHUD.m */; };
		6AFAE9171C83EC6100FC93B5 /* UIView+AGXWidgetAnimation.h in Headers */ = {isa = PBXBuildFile; fileRef = 6AFAE9151C83EC6100FC93B5 /* UIView+AGXWidgetAnimation.h */; settings = {ATTRIBUTES = (Private, ); }; };
		6AFAE9181C83EC6100FC93B5 /* UIView+AGXWidgetAnimation.m in Sources */ = {isa = PBXBuildFile; fileRef = 6AFAE9161C83EC6100FC93B5 /* UIView+AGXWidgetAnimation.m */; };
		6AFAE91B1C83ECDC00FC93B5 /* UIWindow+AGXWidgetAnimation.h in Headers */ = {isa = PBXBuildFile; fileRef = 6AFAE9191C83ECDC00FC93B5 /* UIWindow+AGXWidgetAnimation.h */; settings = {ATTRIBUTES = (Private, ); }; };
		6AFAE91C1C83ECDC00FC93B5 /* UIWindow+AGXWidgetAnimation.m in Sources */ = {isa = PBXBuildFile; fileRef = 6AFAE91A1C83ECDC00FC93B5 /* UIWindow+AGXWidgetAnimation.m */; };
/* End PBXBuildFile section */

/* Begin PBXFileReference section */
		6A3100381EFD0C9B00099B42 /* AGXWidget.m */ = {isa = PBXFileReference; fileEncoding = 4; lastKnownFileType = sourcecode.c.objc; path = AGXWidget.m; sourceTree = "<group>"; };
		6A398B941C7EAF72008D273B /* AGXLabel.h */ = {isa = PBXFileReference; fileEncoding = 4; lastKnownFileType = sourcecode.c.h; name = AGXLabel.h; path = Components/AGXLabel.h; sourceTree = "<group>"; };
		6A398B951C7EAF72008D273B /* AGXLabel.m */ = {isa = PBXFileReference; fileEncoding = 4; lastKnownFileType = sourcecode.c.objc; name = AGXLabel.m; path = Components/AGXLabel.m; sourceTree = "<group>"; };
		6A398B981C7EE24F008D273B /* AGXImageView.h */ = {isa = PBXFileReference; fileEncoding = 4; lastKnownFileType = sourcecode.c.h; name = AGXImageView.h; path = Components/AGXImageView.h; sourceTree = "<group>"; };
		6A398B991C7EE24F008D273B /* AGXImageView.m */ = {isa = PBXFileReference; fileEncoding = 4; lastKnownFileType = sourcecode.c.objc; name = AGXImageView.m; path = Components/AGXImageView.m; sourceTree = "<group>"; };
		6A398B9C1C7EF33C008D273B /* AGXRefreshView.h */ = {isa = PBXFileReference; fileEncoding = 4; lastKnownFileType = sourcecode.c.h; name = AGXRefreshView.h; path = Components/AGXRefreshView.h; sourceTree = "<group>"; };
		6A398B9D1C7EF33C008D273B /* AGXRefreshView.m */ = {isa = PBXFileReference; fileEncoding = 4; lastKnownFileType = sourcecode.c.objc; name = AGXRefreshView.m; path = Components/AGXRefreshView.m; sourceTree = "<group>"; };
		6A398BA01C7EF56E008D273B /* AGXPageControl.h */ = {isa = PBXFileReference; fileEncoding = 4; lastKnownFileType = sourcecode.c.h; name = AGXPageControl.h; path = Components/AGXPageControl.h; sourceTree = "<group>"; };
		6A398BA11C7EF56E008D273B /* AGXPageControl.m */ = {isa = PBXFileReference; fileEncoding = 4; lastKnownFileType = sourcecode.c.objc; name = AGXPageControl.m; path = Components/AGXPageControl.m; sourceTree = "<group>"; };
		6A398BA41C7EF6FC008D273B /* AGXSearchBar.h */ = {isa = PBXFileReference; fileEncoding = 4; lastKnownFileType = sourcecode.c.h; name = AGXSearchBar.h; path = Components/AGXSearchBar.h; sourceTree = "<group>"; };
		6A398BA51C7EF6FC008D273B /* AGXSearchBar.m */ = {isa = PBXFileReference; fileEncoding = 4; lastKnownFileType = sourcecode.c.objc; name = AGXSearchBar.m; path = Components/AGXSearchBar.m; sourceTree = "<group>"; };
		6A45648E1FCBAF4D0006EF59 /* AGXWebViewLogLevel.h */ = {isa = PBXFileReference; lastKnownFileType = sourcecode.c.h; name = AGXWebViewLogLevel.h; path = Constants/AGXWebViewLogLevel.h; sourceTree = "<group>"; };
		6A4564901FCBB2E20006EF59 /* AGXWebViewLogLevel.m */ = {isa = PBXFileReference; lastKnownFileType = sourcecode.c.objc; name = AGXWebViewLogLevel.m; path = Constants/AGXWebViewLogLevel.m; sourceTree = "<group>"; };
		6A61EB9E1C9118A10054543E /* AGXProgressBar.h */ = {isa = PBXFileReference; fileEncoding = 4; lastKnownFileType = sourcecode.c.h; name = AGXProgressBar.h; path = Components/AGXProgressBar.h; sourceTree = "<group>"; };
		6A61EB9F1C9118A10054543E /* AGXProgressBar.m */ = {isa = PBXFileReference; fileEncoding = 4; lastKnownFileType = sourcecode.c.objc; name = AGXProgressBar.m; path = Components/AGXProgressBar.m; sourceTree = "<group>"; };
		6A61EBA71C916FB00054543E /* AGXWebViewProgressSensor.h */ = {isa = PBXFileReference; fileEncoding = 4; lastKnownFileType = sourcecode.c.h; name = AGXWebViewProgressSensor.h; path = Privates/AGXWebViewProgressSensor.h; sourceTree = "<group>"; };
		6A61EBA81C916FB00054543E /* AGXWebViewProgressSensor.m */ = {isa = PBXFileReference; fileEncoding = 4; lastKnownFileType = sourcecode.c.objc; name = AGXWebViewProgressSensor.m; path = Privates/AGXWebViewProgressSensor.m; sourceTree = "<group>"; };
		6A6354D31C906529006D8B0E /* AGXWebViewJavascriptBridge.h */ = {isa = PBXFileReference; fileEncoding = 4; lastKnownFileType = sourcecode.c.h; name = AGXWebViewJavascriptBridge.h; path = Privates/AGXWebViewJavascriptBridge.h; sourceTree = "<group>"; };
		6A6354D41C906529006D8B0E /* AGXWebViewJavascriptBridge.m */ = {isa = PBXFileReference; fileEncoding = 4; lastKnownFileType = sourcecode.c.objc; name = AGXWebViewJavascriptBridge.m; path = Privates/AGXWebViewJavascriptBridge.m; sourceTree = "<group>"; };
		6A6354DB1C906642006D8B0E /* AGXWebView.h */ = {isa = PBXFileReference; fileEncoding = 4; lastKnownFileType = sourcecode.c.h; name = AGXWebView.h; path = Components/AGXWebView.h; sourceTree = "<group>"; };
		6A6354DC1C906642006D8B0E /* AGXWebView.m */ = {isa = PBXFileReference; fileEncoding = 4; lastKnownFileType = sourcecode.c.objc; name = AGXWebView.m; path = Components/AGXWebView.m; sourceTree = "<group>"; };
		6A6354DF1C906652006D8B0E /* AGXWebViewController.h */ = {isa = PBXFileReference; fileEncoding = 4; lastKnownFileType = sourcecode.c.h; name = AGXWebViewController.h; path = Components/AGXWebViewController.h; sourceTree = "<group>"; };
		6A6354E01C906652006D8B0E /* AGXWebViewController.m */ = {isa = PBXFileReference; fileEncoding = 4; lastKnownFileType = sourcecode.c.objc; name = AGXWebViewController.m; path = Components/AGXWebViewController.m; sourceTree = "<group>"; };
		6A66E10D1CC0BF4C00C8D764 /* AGXWebViewInternalDelegate.h */ = {isa = PBXFileReference; fileEncoding = 4; lastKnownFileType = sourcecode.c.h; name = AGXWebViewInternalDelegate.h; path = Privates/AGXWebViewInternalDelegate.h; sourceTree = "<group>"; };
		6A66E10E1CC0BF4C00C8D764 /* AGXWebViewInternalDelegate.m */ = {isa = PBXFileReference; fileEncoding = 4; lastKnownFileType = sourcecode.c.objc; name = AGXWebViewInternalDelegate.m; path = Privates/AGXWebViewInternalDelegate.m; sourceTree = "<group>"; };
		6A66E1111CC0CB0B00C8D764 /* AGXNavigationControllerInternalDelegate.h */ = {isa = PBXFileReference; fileEncoding = 4; lastKnownFileType = sourcecode.c.h; name = AGXNavigationControllerInternalDelegate.h; path = Privates/AGXNavigationControllerInternalDelegate.h; sourceTree = "<group>"; };
		6A66E1121CC0CB0B00C8D764 /* AGXNavigationControllerInternalDelegate.m */ = {isa = PBXFileReference; fileEncoding = 4; lastKnownFileType = sourcecode.c.objc; name = AGXNavigationControllerInternalDelegate.m; path = Privates/AGXNavigationControllerInternalDelegate.m; sourceTree = "<group>"; };
		6A66E1151CC0D8AD00C8D764 /* AGXAnimation.h */ = {isa = PBXFileReference; fileEncoding = 4; lastKnownFileType = sourcecode.c.h; name = AGXAnimation.h; path = Constants/AGXAnimation.h; sourceTree = "<group>"; };
		6A66E1161CC0D8AD00C8D764 /* AGXAnimation.m */ = {isa = PBXFileReference; fileEncoding = 4; lastKnownFileType = sourcecode.c.objc; name = AGXAnimation.m; path = Constants/AGXAnimation.m; sourceTree = "<group>"; };
		6A66E1191CC0E07300C8D764 /* AGXAnimationInternal.h */ = {isa = PBXFileReference; fileEncoding = 4; lastKnownFileType = sourcecode.c.h; name = AGXAnimationInternal.h; path = Privates/AGXAnimationInternal.h; sourceTree = "<group>"; };
		6A66E11A1CC0E07300C8D764 /* AGXAnimationInternal.m */ = {isa = PBXFileReference; fileEncoding = 4; lastKnownFileType = sourcecode.c.objc; name = AGXAnimationInternal.m; path = Privates/AGXAnimationInternal.m; sourceTree = "<group>"; };
		6A6ABB401E7FFC7B006BAE8B /* AGXLocationManager.h */ = {isa = PBXFileReference; fileEncoding = 4; lastKnownFileType = sourcecode.c.h; name = AGXLocationManager.h; path = Components/AGXLocationManager.h; sourceTree = "<group>"; };
		6A6ABB411E7FFC7B006BAE8B /* AGXLocationManager.m */ = {isa = PBXFileReference; fileEncoding = 4; lastKnownFileType = sourcecode.c.objc; name = AGXLocationManager.m; path = Components/AGXLocationManager.m; sourceTree = "<group>"; };
		6A6D6C061D0F00D300144CE8 /* AGXSwitch.h */ = {isa = PBXFileReference; fileEncoding = 4; lastKnownFileType = sourcecode.c.h; name = AGXSwitch.h; path = Components/AGXSwitch.h; sourceTree = "<group>"; };
		6A6D6C071D0F00D300144CE8 /* AGXSwitch.m */ = {isa = PBXFileReference; fileEncoding = 4; lastKnownFileType = sourcecode.c.objc; name = AGXSwitch.m; path = Components/AGXSwitch.m; sourceTree = "<group>"; };
		6A71C0161CB605E100C87844 /* UINavigationController+AGXWidget.h */ = {isa = PBXFileReference; fileEncoding = 4; lastKnownFileType = sourcecode.c.h; name = "UINavigationController+AGXWidget.h"; path = "Categories/UINavigationController+AGXWidget.h"; sourceTree = "<group>"; };
		6A71C0171CB605E100C87844 /* UINavigationController+AGXWidget.m */ = {isa = PBXFileReference; fileEncoding = 4; lastKnownFileType = sourcecode.c.objc; name = "UINavigationController+AGXWidget.m"; path = "Categories/UINavigationController+AGXWidget.m"; sourceTree = "<group>"; };
		6A7C0EFA1CAE18BB009CB602 /* AGXLine.h */ = {isa = PBXFileReference; fileEncoding = 4; lastKnownFileType = sourcecode.c.h; name = AGXLine.h; path = Components/AGXLine.h; sourceTree = "<group>"; };
		6A7C0EFB1CAE18BB009CB602 /* AGXLine.m */ = {isa = PBXFileReference; fileEncoding = 4; lastKnownFileType = sourcecode.c.objc; name = AGXLine.m; path = Components/AGXLine.m; sourceTree = "<group>"; };
		6A815D3E1C9949CF00E6FF43 /* AGXWebViewExtension.h */ = {isa = PBXFileReference; fileEncoding = 4; lastKnownFileType = sourcecode.c.h; name = AGXWebViewExtension.h; path = Privates/AGXWebViewExtension.h; sourceTree = "<group>"; };
		6A815D3F1C9949CF00E6FF43 /* AGXWebViewExtension.m */ = {isa = PBXFileReference; fileEncoding = 4; lastKnownFileType = sourcecode.c.objc; name = AGXWebViewExtension.m; path = Privates/AGXWebViewExtension.m; sourceTree = "<group>"; };
		6A815D421C994BC800E6FF43 /* AGXEvaluateJavascriptDelegate.h */ = {isa = PBXFileReference; fileEncoding = 4; lastKnownFileType = sourcecode.c.h; name = AGXEvaluateJavascriptDelegate.h; path = Privates/AGXEvaluateJavascriptDelegate.h; sourceTree = "<group>"; };
		6A830B131D6AD0FD004CD02B /* AGXBiometric.h */ = {isa = PBXFileReference; fileEncoding = 4; lastKnownFileType = sourcecode.c.h; name = AGXBiometric.h; path = Components/AGXBiometric.h; sourceTree = "<group>"; };
		6A830B141D6AD0FD004CD02B /* AGXBiometric.m */ = {isa = PBXFileReference; fileEncoding = 4; lastKnownFileType = sourcecode.c.objc; name = AGXBiometric.m; path = Components/AGXBiometric.m; sourceTree = "<group>"; };
		6A968AC21FB0CEB400D7C34C /* AGXCaptchaView.h */ = {isa = PBXFileReference; lastKnownFileType = sourcecode.c.h; name = AGXCaptchaView.h; path = Components/AGXCaptchaView.h; sourceTree = "<group>"; };
		6A968AC31FB0CEB400D7C34C /* AGXCaptchaView.m */ = {isa = PBXFileReference; lastKnownFileType = sourcecode.c.objc; name = AGXCaptchaView.m; path = Components/AGXCaptchaView.m; sourceTree = "<group>"; };
		6AA281561D06F74D00E3E8AA /* AGXImagePickerController.h */ = {isa = PBXFileReference; fileEncoding = 4; lastKnownFileType = sourcecode.c.h; name = AGXImagePickerController.h; path = Components/AGXImagePickerController.h; sourceTree = "<group>"; };
		6AA281571D06F74D00E3E8AA /* AGXImagePickerController.m */ = {isa = PBXFileReference; fileEncoding = 4; lastKnownFileType = sourcecode.c.objc; name = AGXImagePickerController.m; path = Components/AGXImagePickerController.m; sourceTree = "<group>"; };
		6AC40CEE1C7D503800740E97 /* libAGXWidget.a */ = {isa = PBXFileReference; explicitFileType = archive.ar; includeInIndex = 0; path = libAGXWidget.a; sourceTree = BUILT_PRODUCTS_DIR; };
		6AC40CF11C7D503800740E97 /* AGXWidget.h */ = {isa = PBXFileReference; lastKnownFileType = sourcecode.c.h; path = AGXWidget.h; sourceTree = "<group>"; };
		6AC40D021C7D542800740E97 /* UIView+AGXWidgetBadge.h */ = {isa = PBXFileReference; fileEncoding = 4; lastKnownFileType = sourcecode.c.h; name = "UIView+AGXWidgetBadge.h"; path = "Categories/UIView+AGXWidgetBadge.h"; sourceTree = "<group>"; };
		6AC40D031C7D542800740E97 /* UIView+AGXWidgetBadge.m */ = {isa = PBXFileReference; fileEncoding = 4; lastKnownFileType = sourcecode.c.objc; name = "UIView+AGXWidgetBadge.m"; path = "Categories/UIView+AGXWidgetBadge.m"; sourceTree = "<group>"; };
		6AD271E21F29D4890057D623 /* UIDocumentMenuViewController+AGXWidget.h */ = {isa = PBXFileReference; fileEncoding = 4; lastKnownFileType = sourcecode.c.h; name = "UIDocumentMenuViewController+AGXWidget.h"; path = "Categories/UIDocumentMenuViewController+AGXWidget.h"; sourceTree = "<group>"; };
		6AD271E31F29D4890057D623 /* UIDocumentMenuViewController+AGXWidget.m */ = {isa = PBXFileReference; fileEncoding = 4; lastKnownFileType = sourcecode.c.objc; name = "UIDocumentMenuViewController+AGXWidget.m"; path = "Categories/UIDocumentMenuViewController+AGXWidget.m"; sourceTree = "<group>"; };
		6AFAE90E1C83E14800FC93B5 /* AGXProgressHUD.h */ = {isa = PBXFileReference; fileEncoding = 4; lastKnownFileType = sourcecode.c.h; name = AGXProgressHUD.h; path = Components/AGXProgressHUD.h; sourceTree = "<group>"; };
		6AFAE90F1C83E14800FC93B5 /* AGXProgressHUD.m */ = {isa = PBXFileReference; fileEncoding = 4; lastKnownFileType = sourcecode.c.objc; name = AGXProgressHUD.m; path = Components/AGXProgressHUD.m; sourceTree = "<group>"; };
		6AFAE9151C83EC6100FC93B5 /* UIView+AGXWidgetAnimation.h */ = {isa = PBXFileReference; fileEncoding = 4; lastKnownFileType = sourcecode.c.h; name = "UIView+AGXWidgetAnimation.h"; path = "Categories/UIView+AGXWidgetAnimation.h"; sourceTree = "<group>"; };
		6AFAE9161C83EC6100FC93B5 /* UIView+AGXWidgetAnimation.m */ = {isa = PBXFileReference; fileEncoding = 4; lastKnownFileType = sourcecode.c.objc; name = "UIView+AGXWidgetAnimation.m"; path = "Categories/UIView+AGXWidgetAnimation.m"; sourceTree = "<group>"; };
		6AFAE9191C83ECDC00FC93B5 /* UIWindow+AGXWidgetAnimation.h */ = {isa = PBXFileReference; fileEncoding = 4; lastKnownFileType = sourcecode.c.h; name = "UIWindow+AGXWidgetAnimation.h"; path = "Categories/UIWindow+AGXWidgetAnimation.h"; sourceTree = "<group>"; };
		6AFAE91A1C83ECDC00FC93B5 /* UIWindow+AGXWidgetAnimation.m */ = {isa = PBXFileReference; fileEncoding = 4; lastKnownFileType = sourcecode.c.objc; name = "UIWindow+AGXWidgetAnimation.m"; path = "Categories/UIWindow+AGXWidgetAnimation.m"; sourceTree = "<group>"; };
/* End PBXFileReference section */

/* Begin PBXFrameworksBuildPhase section */
		6AC40CEB1C7D503800740E97 /* Frameworks */ = {
			isa = PBXFrameworksBuildPhase;
			buildActionMask = 2147483647;
			files = (
			);
			runOnlyForDeploymentPostprocessing = 0;
		};
/* End PBXFrameworksBuildPhase section */

/* Begin PBXGroup section */
		6A398B931C7EAED8008D273B /* Components */ = {
			isa = PBXGroup;
			children = (
				6A7C0EFA1CAE18BB009CB602 /* AGXLine.h */,
				6A7C0EFB1CAE18BB009CB602 /* AGXLine.m */,
				6A398B941C7EAF72008D273B /* AGXLabel.h */,
				6A398B951C7EAF72008D273B /* AGXLabel.m */,
				6A398B981C7EE24F008D273B /* AGXImageView.h */,
				6A398B991C7EE24F008D273B /* AGXImageView.m */,
				6A968AC21FB0CEB400D7C34C /* AGXCaptchaView.h */,
				6A968AC31FB0CEB400D7C34C /* AGXCaptchaView.m */,
				6A398B9C1C7EF33C008D273B /* AGXRefreshView.h */,
				6A398B9D1C7EF33C008D273B /* AGXRefreshView.m */,
				6A398BA01C7EF56E008D273B /* AGXPageControl.h */,
				6A398BA11C7EF56E008D273B /* AGXPageControl.m */,
				6A6D6C061D0F00D300144CE8 /* AGXSwitch.h */,
				6A6D6C071D0F00D300144CE8 /* AGXSwitch.m */,
				6A398BA41C7EF6FC008D273B /* AGXSearchBar.h */,
				6A398BA51C7EF6FC008D273B /* AGXSearchBar.m */,
				6AFAE90E1C83E14800FC93B5 /* AGXProgressHUD.h */,
				6AFAE90F1C83E14800FC93B5 /* AGXProgressHUD.m */,
				6A61EB9E1C9118A10054543E /* AGXProgressBar.h */,
				6A61EB9F1C9118A10054543E /* AGXProgressBar.m */,
				6A6354DB1C906642006D8B0E /* AGXWebView.h */,
				6A6354DC1C906642006D8B0E /* AGXWebView.m */,
				6A6354DF1C906652006D8B0E /* AGXWebViewController.h */,
				6A6354E01C906652006D8B0E /* AGXWebViewController.m */,
				6AA281561D06F74D00E3E8AA /* AGXImagePickerController.h */,
				6AA281571D06F74D00E3E8AA /* AGXImagePickerController.m */,
				6A830B131D6AD0FD004CD02B /* AGXBiometric.h */,
				6A830B141D6AD0FD004CD02B /* AGXBiometric.m */,
				6A6ABB401E7FFC7B006BAE8B /* AGXLocationManager.h */,
				6A6ABB411E7FFC7B006BAE8B /* AGXLocationManager.m */,
			);
			name = Components;
			sourceTree = "<group>";
		};
		6A6354CA1C9063F7006D8B0E /* Privates */ = {
			isa = PBXGroup;
			children = (
				6A66E1191CC0E07300C8D764 /* AGXAnimationInternal.h */,
				6A66E11A1CC0E07300C8D764 /* AGXAnimationInternal.m */,
				6A815D421C994BC800E6FF43 /* AGXEvaluateJavascriptDelegate.h */,
				6A6354D31C906529006D8B0E /* AGXWebViewJavascriptBridge.h */,
				6A6354D41C906529006D8B0E /* AGXWebViewJavascriptBridge.m */,
				6A61EBA71C916FB00054543E /* AGXWebViewProgressSensor.h */,
				6A61EBA81C916FB00054543E /* AGXWebViewProgressSensor.m */,
				6A815D3E1C9949CF00E6FF43 /* AGXWebViewExtension.h */,
				6A815D3F1C9949CF00E6FF43 /* AGXWebViewExtension.m */,
				6A66E10D1CC0BF4C00C8D764 /* AGXWebViewInternalDelegate.h */,
				6A66E10E1CC0BF4C00C8D764 /* AGXWebViewInternalDelegate.m */,
				6A66E1111CC0CB0B00C8D764 /* AGXNavigationControllerInternalDelegate.h */,
				6A66E1121CC0CB0B00C8D764 /* AGXNavigationControllerInternalDelegate.m */,
			);
			name = Privates;
			sourceTree = "<group>";
		};
		6AC40CE51C7D503800740E97 = {
			isa = PBXGroup;
			children = (
				6AC40CF01C7D503800740E97 /* AGXWidget */,
				6AC40CEF1C7D503800740E97 /* Products */,
			);
			sourceTree = "<group>";
		};
		6AC40CEF1C7D503800740E97 /* Products */ = {
			isa = PBXGroup;
			children = (
				6AC40CEE1C7D503800740E97 /* libAGXWidget.a */,
			);
			name = Products;
			sourceTree = "<group>";
		};
		6AC40CF01C7D503800740E97 /* AGXWidget */ = {
			isa = PBXGroup;
			children = (
				6AFAE9121C83EBA300FC93B5 /* Constants */,
				6A398B931C7EAED8008D273B /* Components */,
				6AC40D011C7D540200740E97 /* Categories */,
				6A6354CA1C9063F7006D8B0E /* Privates */,
				6AC40CF11C7D503800740E97 /* AGXWidget.h */,
				6A3100381EFD0C9B00099B42 /* AGXWidget.m */,
			);
			path = AGXWidget;
			sourceTree = "<group>";
		};
		6AC40D011C7D540200740E97 /* Categories */ = {
			isa = PBXGroup;
			children = (
				6AC40D021C7D542800740E97 /* UIView+AGXWidgetBadge.h */,
				6AC40D031C7D542800740E97 /* UIView+AGXWidgetBadge.m */,
				6AFAE9151C83EC6100FC93B5 /* UIView+AGXWidgetAnimation.h */,
				6AFAE9161C83EC6100FC93B5 /* UIView+AGXWidgetAnimation.m */,
				6AFAE9191C83ECDC00FC93B5 /* UIWindow+AGXWidgetAnimation.h */,
				6AFAE91A1C83ECDC00FC93B5 /* UIWindow+AGXWidgetAnimation.m */,
				6A71C0161CB605E100C87844 /* UINavigationController+AGXWidget.h */,
				6A71C0171CB605E100C87844 /* UINavigationController+AGXWidget.m */,
				6AD271E21F29D4890057D623 /* UIDocumentMenuViewController+AGXWidget.h */,
				6AD271E31F29D4890057D623 /* UIDocumentMenuViewController+AGXWidget.m */,
			);
			name = Categories;
			sourceTree = "<group>";
		};
		6AFAE9121C83EBA300FC93B5 /* Constants */ = {
			isa = PBXGroup;
			children = (
				6A66E1151CC0D8AD00C8D764 /* AGXAnimation.h */,
				6A66E1161CC0D8AD00C8D764 /* AGXAnimation.m */,
				6A45648E1FCBAF4D0006EF59 /* AGXWebViewLogLevel.h */,
				6A4564901FCBB2E20006EF59 /* AGXWebViewLogLevel.m */,
			);
			name = Constants;
			sourceTree = "<group>";
		};
/* End PBXGroup section */

/* Begin PBXHeadersBuildPhase section */
		6AC40CFA1C7D510400740E97 /* Headers */ = {
			isa = PBXHeadersBuildPhase;
			buildActionMask = 2147483647;
			files = (
				6AC40D041C7D542800740E97 /* UIView+AGXWidgetBadge.h in Headers */,
				6A45648F1FCBAF4D0006EF59 /* AGXWebViewLogLevel.h in Headers */,
				6A968AC41FB0CEB400D7C34C /* AGXCaptchaView.h in Headers */,
				6AD271E41F29D4890057D623 /* UIDocumentMenuViewController+AGXWidget.h in Headers */,
				6A6ABB421E7FFC7B006BAE8B /* AGXLocationManager.h in Headers */,
				6A830B151D6AD0FD004CD02B /* AGXBiometric.h in Headers */,
				6A6D6C081D0F00D300144CE8 /* AGXSwitch.h in Headers */,
				6AA281581D06F74D00E3E8AA /* AGXImagePickerController.h in Headers */,
				6AFAE9101C83E14800FC93B5 /* AGXProgressHUD.h in Headers */,
				6A7C0EFC1CAE18BB009CB602 /* AGXLine.h in Headers */,
				6A815D431C994BC800E6FF43 /* AGXEvaluateJavascriptDelegate.h in Headers */,
				6A61EBA91C916FB00054543E /* AGXWebViewProgressSensor.h in Headers */,
				6AFAE91B1C83ECDC00FC93B5 /* UIWindow+AGXWidgetAnimation.h in Headers */,
				6A815D401C9949CF00E6FF43 /* AGXWebViewExtension.h in Headers */,
				6A71C0181CB605E100C87844 /* UINavigationController+AGXWidget.h in Headers */,
				6AFAE9171C83EC6100FC93B5 /* UIView+AGXWidgetAnimation.h in Headers */,
				6A398B961C7EAF72008D273B /* AGXLabel.h in Headers */,
				6A398B9A1C7EE24F008D273B /* AGXImageView.h in Headers */,
				6A6354E11C906652006D8B0E /* AGXWebViewController.h in Headers */,
				6A66E1171CC0D8AD00C8D764 /* AGXAnimation.h in Headers */,
				6A61EBA01C9118A10054543E /* AGXProgressBar.h in Headers */,
				6A66E11B1CC0E07300C8D764 /* AGXAnimationInternal.h in Headers */,
				6A6354DD1C906642006D8B0E /* AGXWebView.h in Headers */,
				6A398BA21C7EF56E008D273B /* AGXPageControl.h in Headers */,
				6A66E10F1CC0BF4C00C8D764 /* AGXWebViewInternalDelegate.h in Headers */,
				6A398BA61C7EF6FC008D273B /* AGXSearchBar.h in Headers */,
				6A398B9E1C7EF33C008D273B /* AGXRefreshView.h in Headers */,
				6AC40CFB1C7D510A00740E97 /* AGXWidget.h in Headers */,
				6A6354D51C906529006D8B0E /* AGXWebViewJavascriptBridge.h in Headers */,
				6A66E1131CC0CB0B00C8D764 /* AGXNavigationControllerInternalDelegate.h in Headers */,
			);
			runOnlyForDeploymentPostprocessing = 0;
		};
/* End PBXHeadersBuildPhase section */

/* Begin PBXNativeTarget section */
		6AC40CED1C7D503800740E97 /* AGXWidget */ = {
			isa = PBXNativeTarget;
			buildConfigurationList = 6AC40CF71C7D503800740E97 /* Build configuration list for PBXNativeTarget "AGXWidget" */;
			buildPhases = (
				6AC40CEA1C7D503800740E97 /* Sources */,
				6AC40CEB1C7D503800740E97 /* Frameworks */,
				6AC40CFA1C7D510400740E97 /* Headers */,
			);
			buildRules = (
			);
			dependencies = (
			);
			name = AGXWidget;
			productName = AGXWidget;
			productReference = 6AC40CEE1C7D503800740E97 /* libAGXWidget.a */;
			productType = "com.apple.product-type.library.static";
		};
/* End PBXNativeTarget section */

/* Begin PBXProject section */
		6AC40CE61C7D503800740E97 /* Project object */ = {
			isa = PBXProject;
			attributes = {
				LastUpgradeCheck = 0900;
				ORGANIZATIONNAME = "AI-CUC-EC";
				TargetAttributes = {
					6AC40CED1C7D503800740E97 = {
						CreatedOnToolsVersion = 7.1.1;
					};
					6AC40CFC1C7D513600740E97 = {
						CreatedOnToolsVersion = 7.1.1;
					};
				};
			};
			buildConfigurationList = 6AC40CE91C7D503800740E97 /* Build configuration list for PBXProject "AGXWidget" */;
			compatibilityVersion = "Xcode 3.2";
			developmentRegion = English;
			hasScannedForEncodings = 0;
			knownRegions = (
				en,
			);
			mainGroup = 6AC40CE51C7D503800740E97;
			productRefGroup = 6AC40CEF1C7D503800740E97 /* Products */;
			projectDirPath = "";
			projectRoot = "";
			targets = (
				6AC40CED1C7D503800740E97 /* AGXWidget */,
				6AC40CFC1C7D513600740E97 /* AGXWidgetBuilder */,
			);
		};
/* End PBXProject section */

/* Begin PBXShellScriptBuildPhase section */
		6AC40D001C7D513B00740E97 /* ShellScript */ = {
			isa = PBXShellScriptBuildPhase;
			buildActionMask = 2147483647;
			files = (
			);
			inputPaths = (
			);
			outputPaths = (
			);
			runOnlyForDeploymentPostprocessing = 0;
			shellPath = /bin/sh;
			shellScript = "# Step 1. Build Device and Simulator versions\nxcodebuild -target ${PROJECT_NAME} ONLY_ACTIVE_ARCH=NO -configuration ${CONFIGURATION} -sdk iphoneos BUILD_DIR=\"${BUILD_DIR}\" BUILD_ROOT=\"${BUILD_ROOT}\"\nxcodebuild -target ${PROJECT_NAME} ONLY_ACTIVE_ARCH=NO -configuration ${CONFIGURATION} -sdk iphonesimulator ARCHS='i386 x86_64' VALID_ARCHS='i386 x86_64' BUILD_DIR=\"${BUILD_DIR}\" BUILD_ROOT=\"${BUILD_ROOT}\"\n\n# define output folder environment variable\nUNIVERSAL_OUTPUTFOLDER=${BUILD_DIR}/${CONFIGURATION}-universal\n\n# make sure the output directory exists\nmkdir -p \"${UNIVERSAL_OUTPUTFOLDER}\"\n\n# Step 2. Create universal binary file using lipo\nlipo -create -output \"${UNIVERSAL_OUTPUTFOLDER}/lib${PROJECT_NAME}.a\" \"${BUILD_DIR}/${CONFIGURATION}-iphoneos/lib${PROJECT_NAME}.a\" \"${BUILD_DIR}/${CONFIGURATION}-iphonesimulator/lib${PROJECT_NAME}.a\"\n\n# Step 3. copy files.\ncp \"${BUILD_DIR}/${CONFIGURATION}-iphoneos/${PROJECT_NAME}.h\" \"${UNIVERSAL_OUTPUTFOLDER}/\"\ncp -R \"${BUILD_DIR}/${CONFIGURATION}-iphoneos/${PROJECT_NAME}\" \"${UNIVERSAL_OUTPUTFOLDER}/\"\n\n# Last touch. create framework.\nFRAMEWORK_LOCATION=${UNIVERSAL_OUTPUTFOLDER}/${PROJECT_NAME}.framework\nmkdir -p \"${FRAMEWORK_LOCATION}/Headers\"\ncp \"${UNIVERSAL_OUTPUTFOLDER}/${PROJECT_NAME}.h\" \"${FRAMEWORK_LOCATION}/Headers/\"\ncp -R \"${UNIVERSAL_OUTPUTFOLDER}/${PROJECT_NAME}\" \"${FRAMEWORK_LOCATION}/Headers/\"\ncp \"${UNIVERSAL_OUTPUTFOLDER}/lib${PROJECT_NAME}.a\" \"${FRAMEWORK_LOCATION}/${PROJECT_NAME}\"\ncp \"${SRCROOT}/README.md\" \"${FRAMEWORK_LOCATION}/README.md\"\n";
		};
/* End PBXShellScriptBuildPhase section */

/* Begin PBXSourcesBuildPhase section */
		6AC40CEA1C7D503800740E97 /* Sources */ = {
			isa = PBXSourcesBuildPhase;
			buildActionMask = 2147483647;
			files = (
				6AA281591D06F74D00E3E8AA /* AGXImagePickerController.m in Sources */,
				6A66E1141CC0CB0B00C8D764 /* AGXNavigationControllerInternalDelegate.m in Sources */,
				6A6354DE1C906642006D8B0E /* AGXWebView.m in Sources */,
				6A815D411C9949CF00E6FF43 /* AGXWebViewExtension.m in Sources */,
				6A6354D61C906529006D8B0E /* AGXWebViewJavascriptBridge.m in Sources */,
				6A398BA71C7EF6FC008D273B /* AGXSearchBar.m in Sources */,
				6A66E1181CC0D8AD00C8D764 /* AGXAnimation.m in Sources */,
				6A830B161D6AD0FD004CD02B /* AGXBiometric.m in Sources */,
				6A66E1101CC0BF4C00C8D764 /* AGXWebViewInternalDelegate.m in Sources */,
				6A6ABB431E7FFC7B006BAE8B /* AGXLocationManager.m in Sources */,
				6A398BA31C7EF56E008D273B /* AGXPageControl.m in Sources */,
				6A6354E21C906652006D8B0E /* AGXWebViewController.m in Sources */,
				6A61EBA11C9118A10054543E /* AGXProgressBar.m in Sources */,
				6A398B9B1C7EE24F008D273B /* AGXImageView.m in Sources */,
				6A66E11C1CC0E07300C8D764 /* AGXAnimationInternal.m in Sources */,
				6A398B9F1C7EF33C008D273B /* AGXRefreshView.m in Sources */,
				6A3100391EFD0C9B00099B42 /* AGXWidget.m in Sources */,
				6AD271E51F29D4890057D623 /* UIDocumentMenuViewController+AGXWidget.m in Sources */,
				6AFAE91C1C83ECDC00FC93B5 /* UIWindow+AGXWidgetAnimation.m in Sources */,
				6A6D6C091D0F00D300144CE8 /* AGXSwitch.m in Sources */,
				6A4564911FCBB2E20006EF59 /* AGXWebViewLogLevel.m in Sources */,
				6AC40D051C7D542800740E97 /* UIView+AGXWidgetBadge.m in Sources */,
				6AFAE9111C83E14800FC93B5 /* AGXProgressHUD.m in Sources */,
				6A61EBAA1C916FB00054543E /* AGXWebViewProgressSensor.m in Sources */,
				6AFAE9181C83EC6100FC93B5 /* UIView+AGXWidgetAnimation.m in Sources */,
				6A7C0EFD1CAE18BB009CB602 /* AGXLine.m in Sources */,
				6A71C0191CB605E100C87844 /* UINavigationController+AGXWidget.m in Sources */,
				6A968AC51FB0CEB400D7C34C /* AGXCaptchaView.m in Sources */,
				6A398B971C7EAF72008D273B /* AGXLabel.m in Sources */,
			);
			runOnlyForDeploymentPostprocessing = 0;
		};
/* End PBXSourcesBuildPhase section */

/* Begin XCBuildConfiguration section */
		6AC40CF51C7D503800740E97 /* Debug */ = {
			isa = XCBuildConfiguration;
			buildSettings = {
				ALWAYS_SEARCH_USER_PATHS = NO;
				CLANG_ANALYZER_NONNULL = YES;
				CLANG_CXX_LANGUAGE_STANDARD = "gnu++0x";
				CLANG_CXX_LIBRARY = "libc++";
				CLANG_ENABLE_MODULES = YES;
				CLANG_ENABLE_OBJC_ARC = NO;
				CLANG_WARN_BLOCK_CAPTURE_AUTORELEASING = YES;
				CLANG_WARN_BOOL_CONVERSION = YES;
				CLANG_WARN_COMMA = YES;
				CLANG_WARN_CONSTANT_CONVERSION = YES;
				CLANG_WARN_DIRECT_OBJC_ISA_USAGE = YES_ERROR;
				CLANG_WARN_EMPTY_BODY = YES;
				CLANG_WARN_ENUM_CONVERSION = YES;
				CLANG_WARN_INFINITE_RECURSION = YES;
				CLANG_WARN_INT_CONVERSION = YES;
				CLANG_WARN_NON_LITERAL_NULL_CONVERSION = YES;
				CLANG_WARN_OBJC_LITERAL_CONVERSION = YES;
				CLANG_WARN_OBJC_ROOT_CLASS = YES_ERROR;
				CLANG_WARN_RANGE_LOOP_ANALYSIS = YES;
				CLANG_WARN_STRICT_PROTOTYPES = YES;
				CLANG_WARN_SUSPICIOUS_MOVE = YES;
				CLANG_WARN_UNREACHABLE_CODE = YES;
				CLANG_WARN__DUPLICATE_METHOD_MATCH = YES;
				"CODE_SIGN_IDENTITY[sdk=iphoneos*]" = "iPhone Developer";
				COPY_PHASE_STRIP = NO;
				DEAD_CODE_STRIPPING = NO;
				DEBUG_INFORMATION_FORMAT = dwarf;
				ENABLE_STRICT_OBJC_MSGSEND = YES;
				ENABLE_TESTABILITY = YES;
				FRAMEWORK_SEARCH_PATHS = "$(BUILD_DIR)/Debug-universal/";
				GCC_C_LANGUAGE_STANDARD = gnu99;
				GCC_DYNAMIC_NO_PIC = NO;
				GCC_NO_COMMON_BLOCKS = YES;
				GCC_OPTIMIZATION_LEVEL = 0;
				GCC_PREPROCESSOR_DEFINITIONS = (
					"DEBUG=1",
					"$(inherited)",
				);
				GCC_WARN_64_TO_32_BIT_CONVERSION = YES;
				GCC_WARN_ABOUT_RETURN_TYPE = YES_ERROR;
				GCC_WARN_UNDECLARED_SELECTOR = YES;
				GCC_WARN_UNINITIALIZED_AUTOS = YES_AGGRESSIVE;
				GCC_WARN_UNUSED_FUNCTION = YES;
				GCC_WARN_UNUSED_VARIABLE = YES;
				IPHONEOS_DEPLOYMENT_TARGET = 8.0;
				MTL_ENABLE_DEBUG_INFO = YES;
				ONLY_ACTIVE_ARCH = YES;
				SDKROOT = iphoneos;
				STRIP_STYLE = "non-global";
			};
			name = Debug;
		};
		6AC40CF61C7D503800740E97 /* Release */ = {
			isa = XCBuildConfiguration;
			buildSettings = {
				ALWAYS_SEARCH_USER_PATHS = NO;
				CLANG_ANALYZER_NONNULL = YES;
				CLANG_CXX_LANGUAGE_STANDARD = "gnu++0x";
				CLANG_CXX_LIBRARY = "libc++";
				CLANG_DEBUG_INFORMATION_LEVEL = "line-tables-only";
				CLANG_ENABLE_MODULES = YES;
				CLANG_ENABLE_OBJC_ARC = NO;
				CLANG_WARN_BLOCK_CAPTURE_AUTORELEASING = YES;
				CLANG_WARN_BOOL_CONVERSION = YES;
				CLANG_WARN_COMMA = YES;
				CLANG_WARN_CONSTANT_CONVERSION = YES;
				CLANG_WARN_DIRECT_OBJC_ISA_USAGE = YES_ERROR;
				CLANG_WARN_EMPTY_BODY = YES;
				CLANG_WARN_ENUM_CONVERSION = YES;
				CLANG_WARN_INFINITE_RECURSION = YES;
				CLANG_WARN_INT_CONVERSION = YES;
				CLANG_WARN_NON_LITERAL_NULL_CONVERSION = YES;
				CLANG_WARN_OBJC_LITERAL_CONVERSION = YES;
				CLANG_WARN_OBJC_ROOT_CLASS = YES_ERROR;
				CLANG_WARN_RANGE_LOOP_ANALYSIS = YES;
				CLANG_WARN_STRICT_PROTOTYPES = YES;
				CLANG_WARN_SUSPICIOUS_MOVE = YES;
				CLANG_WARN_UNREACHABLE_CODE = YES;
				CLANG_WARN__DUPLICATE_METHOD_MATCH = YES;
				"CODE_SIGN_IDENTITY[sdk=iphoneos*]" = "iPhone Developer";
				COPY_PHASE_STRIP = NO;
				DEAD_CODE_STRIPPING = NO;
				DEBUG_INFORMATION_FORMAT = "dwarf-with-dsym";
				DEPLOYMENT_POSTPROCESSING = YES;
				ENABLE_NS_ASSERTIONS = NO;
				ENABLE_STRICT_OBJC_MSGSEND = YES;
				FRAMEWORK_SEARCH_PATHS = "$(BUILD_DIR)/Release-universal/";
				GCC_C_LANGUAGE_STANDARD = gnu99;
				GCC_GENERATE_DEBUGGING_SYMBOLS = NO;
				GCC_NO_COMMON_BLOCKS = YES;
				GCC_WARN_64_TO_32_BIT_CONVERSION = YES;
				GCC_WARN_ABOUT_RETURN_TYPE = YES_ERROR;
				GCC_WARN_UNDECLARED_SELECTOR = YES;
				GCC_WARN_UNINITIALIZED_AUTOS = YES_AGGRESSIVE;
				GCC_WARN_UNUSED_FUNCTION = YES;
				GCC_WARN_UNUSED_VARIABLE = YES;
				IPHONEOS_DEPLOYMENT_TARGET = 8.0;
				MTL_ENABLE_DEBUG_INFO = NO;
				SDKROOT = iphoneos;
				STRIP_STYLE = "non-global";
				VALIDATE_PRODUCT = YES;
			};
			name = Release;
		};
		6AC40CF81C7D503800740E97 /* Debug */ = {
			isa = XCBuildConfiguration;
			buildSettings = {
				CLANG_ENABLE_OBJC_ARC = NO;
				IPHONEOS_DEPLOYMENT_TARGET = 8.0;
				OTHER_LDFLAGS = "";
				PRIVATE_HEADERS_FOLDER_PATH = "$(PROJECT_NAME)/";
				PRODUCT_NAME = "$(TARGET_NAME)";
				PUBLIC_HEADERS_FOLDER_PATH = "";
				SKIP_INSTALL = YES;
			};
			name = Debug;
		};
		6AC40CF91C7D503800740E97 /* Release */ = {
			isa = XCBuildConfiguration;
			buildSettings = {
				CLANG_ENABLE_OBJC_ARC = NO;
				IPHONEOS_DEPLOYMENT_TARGET = 8.0;
				OTHER_LDFLAGS = "";
				PRIVATE_HEADERS_FOLDER_PATH = "$(PROJECT_NAME)/";
				PRODUCT_NAME = "$(TARGET_NAME)";
				PUBLIC_HEADERS_FOLDER_PATH = "";
				SKIP_INSTALL = YES;
			};
			name = Release;
		};
		6AC40CFE1C7D513600740E97 /* Debug */ = {
			isa = XCBuildConfiguration;
			buildSettings = {
				CLANG_ENABLE_OBJC_ARC = NO;
				IPHONEOS_DEPLOYMENT_TARGET = 8.0;
				PRODUCT_NAME = "$(TARGET_NAME)";
			};
			name = Debug;
		};
		6AC40CFF1C7D513600740E97 /* Release */ = {
			isa = XCBuildConfiguration;
			buildSettings = {
				CLANG_ENABLE_OBJC_ARC = NO;
				IPHONEOS_DEPLOYMENT_TARGET = 8.0;
				PRODUCT_NAME = "$(TARGET_NAME)";
			};
			name = Release;
		};
/* End XCBuildConfiguration section */

/* Begin XCConfigurationList section */
		6AC40CE91C7D503800740E97 /* Build configuration list for PBXProject "AGXWidget" */ = {
			isa = XCConfigurationList;
			buildConfigurations = (
				6AC40CF51C7D503800740E97 /* Debug */,
				6AC40CF61C7D503800740E97 /* Release */,
			);
			defaultConfigurationIsVisible = 0;
			defaultConfigurationName = Release;
		};
		6AC40CF71C7D503800740E97 /* Build configuration list for PBXNativeTarget "AGXWidget" */ = {
			isa = XCConfigurationList;
			buildConfigurations = (
				6AC40CF81C7D503800740E97 /* Debug */,
				6AC40CF91C7D503800740E97 /* Release */,
			);
			defaultConfigurationIsVisible = 0;
			defaultConfigurationName = Release;
		};
		6AC40CFD1C7D513600740E97 /* Build configuration list for PBXAggregateTarget "AGXWidgetBuilder" */ = {
			isa = XCConfigurationList;
			buildConfigurations = (
				6AC40CFE1C7D513600740E97 /* Debug */,
				6AC40CFF1C7D513600740E97 /* Release */,
			);
			defaultConfigurationIsVisible = 0;
			defaultConfigurationName = Release;
		};
/* End XCConfigurationList section */
	};
	rootObject = 6AC40CE61C7D503800740E97 /* Project object */;
}
