// !$*UTF8*$!
{
	archiveVersion = 1;
	classes = {
	};
	objectVersion = 46;
	objects = {

/* Begin PBXAggregateTarget section */
		6A47C69A1C7B11FE005E804C /* AGXDataBuilder */ = {
			isa = PBXAggregateTarget;
			buildConfigurationList = 6A47C69B1C7B11FE005E804C /* Build configuration list for PBXAggregateTarget "AGXDataBuilder" */;
			buildPhases = (
				6A47C69E1C7B1202005E804C /* ShellScript */,
			);
			dependencies = (
			);
			name = AGXDataBuilder;
			productName = AGXDataBuilder;
		};
/* End PBXAggregateTarget section */

/* Begin PBXBuildFile section */
		6A47C6991C7B11EB005E804C /* AGXData.h in Headers */ = {isa = PBXBuildFile; fileRef = 6A47C68F1C7B1104005E804C /* AGXData.h */; settings = {ATTRIBUTES = (Public, ); }; };
		6A47C6A81C7B1232005E804C /* libAGXData.a in Frameworks */ = {isa = PBXBuildFile; fileRef = 6A47C68C1C7B1104005E804C /* libAGXData.a */; };
		6A47C6B11C7B12F7005E804C /* AGXKeychain.h in Headers */ = {isa = PBXBuildFile; fileRef = 6A47C6AF1C7B12F7005E804C /* AGXKeychain.h */; settings = {ATTRIBUTES = (Private, ); }; };
		6A47C6B21C7B12F7005E804C /* AGXKeychain.m in Sources */ = {isa = PBXBuildFile; fileRef = 6A47C6B01C7B12F7005E804C /* AGXKeychain.m */; };
		6A47C6B51C7B13C0005E804C /* AGXKeychainTest.m in Sources */ = {isa = PBXBuildFile; fileRef = 6A47C6B41C7B13C0005E804C /* AGXKeychainTest.m */; };
		6A47C6B81C7B144A005E804C /* AGXDataBox.h in Headers */ = {isa = PBXBuildFile; fileRef = 6A47C6B61C7B144A005E804C /* AGXDataBox.h */; settings = {ATTRIBUTES = (Private, ); }; };
		6A47C6B91C7B144A005E804C /* AGXDataBox.m in Sources */ = {isa = PBXBuildFile; fileRef = 6A47C6B71C7B144A005E804C /* AGXDataBox.m */; };
		6A47C6BB1C7B1649005E804C /* AGXDataBoxTest.m in Sources */ = {isa = PBXBuildFile; fileRef = 6A47C6BA1C7B1649005E804C /* AGXDataBoxTest.m */; };
		6A47C6BE1C7B16E7005E804C /* AGXAppConfig.h in Headers */ = {isa = PBXBuildFile; fileRef = 6A47C6BC1C7B16E7005E804C /* AGXAppConfig.h */; settings = {ATTRIBUTES = (Private, ); }; };
		6A47C6BF1C7B16E7005E804C /* AGXAppConfig.m in Sources */ = {isa = PBXBuildFile; fileRef = 6A47C6BD1C7B16E7005E804C /* AGXAppConfig.m */; };
		6A47C6C11C7B17B6005E804C /* AGXAppConfigTest.m in Sources */ = {isa = PBXBuildFile; fileRef = 6A47C6C01C7B17B6005E804C /* AGXAppConfigTest.m */; };
		6A47C6C31C7B182F005E804C /* org.cuc.n3.AGXDataTest.plist in Resources */ = {isa = PBXBuildFile; fileRef = 6A47C6C21C7B182F005E804C /* org.cuc.n3.AGXDataTest.plist */; };
		6A47C6C51C7B184D005E804C /* AGXAppConfig.bundle in Resources */ = {isa = PBXBuildFile; fileRef = 6A47C6C41C7B184D005E804C /* AGXAppConfig.bundle */; };
		6A47C6C91C7B18E3005E804C /* libAGXCore.a in Frameworks */ = {isa = PBXBuildFile; fileRef = 6A47C6C61C7B18E3005E804C /* libAGXCore.a */; };
		6A47C6CA1C7B18E3005E804C /* libAGXJson.a in Frameworks */ = {isa = PBXBuildFile; fileRef = 6A47C6C71C7B18E3005E804C /* libAGXJson.a */; };
		6A47C6CB1C7B18E3005E804C /* libAGXRuntime.a in Frameworks */ = {isa = PBXBuildFile; fileRef = 6A47C6C81C7B18E3005E804C /* libAGXRuntime.a */; };
/* End PBXBuildFile section */

/* Begin PBXContainerItemProxy section */
		6A47C6A91C7B1232005E804C /* PBXContainerItemProxy */ = {
			isa = PBXContainerItemProxy;
			containerPortal = 6A47C6841C7B1104005E804C /* Project object */;
			proxyType = 1;
			remoteGlobalIDString = 6A47C68B1C7B1104005E804C;
			remoteInfo = AGXData;
		};
/* End PBXContainerItemProxy section */

/* Begin PBXFileReference section */
		6A47C68C1C7B1104005E804C /* libAGXData.a */ = {isa = PBXFileReference; explicitFileType = archive.ar; includeInIndex = 0; path = libAGXData.a; sourceTree = BUILT_PRODUCTS_DIR; };
		6A47C68F1C7B1104005E804C /* AGXData.h */ = {isa = PBXFileReference; lastKnownFileType = sourcecode.c.h; path = AGXData.h; sourceTree = "<group>"; };
		6A47C6A31C7B1232005E804C /* AGXDataTest.xctest */ = {isa = PBXFileReference; explicitFileType = wrapper.cfbundle; includeInIndex = 0; path = AGXDataTest.xctest; sourceTree = BUILT_PRODUCTS_DIR; };
		6A47C6A71C7B1232005E804C /* Info.plist */ = {isa = PBXFileReference; lastKnownFileType = text.plist.xml; path = Info.plist; sourceTree = "<group>"; };
		6A47C6AF1C7B12F7005E804C /* AGXKeychain.h */ = {isa = PBXFileReference; fileEncoding = 4; lastKnownFileType = sourcecode.c.h; name = AGXKeychain.h; path = Components/AGXKeychain.h; sourceTree = "<group>"; };
		6A47C6B01C7B12F7005E804C /* AGXKeychain.m */ = {isa = PBXFileReference; fileEncoding = 4; lastKnownFileType = sourcecode.c.objc; name = AGXKeychain.m; path = Components/AGXKeychain.m; sourceTree = "<group>"; };
		6A47C6B41C7B13C0005E804C /* AGXKeychainTest.m */ = {isa = PBXFileReference; fileEncoding = 4; lastKnownFileType = sourcecode.c.objc; name = AGXKeychainTest.m; path = Components/AGXKeychainTest.m; sourceTree = "<group>"; };
		6A47C6B61C7B144A005E804C /* AGXDataBox.h */ = {isa = PBXFileReference; fileEncoding = 4; lastKnownFileType = sourcecode.c.h; name = AGXDataBox.h; path = Components/AGXDataBox.h; sourceTree = "<group>"; };
		6A47C6B71C7B144A005E804C /* AGXDataBox.m */ = {isa = PBXFileReference; fileEncoding = 4; lastKnownFileType = sourcecode.c.objc; name = AGXDataBox.m; path = Components/AGXDataBox.m; sourceTree = "<group>"; };
		6A47C6BA1C7B1649005E804C /* AGXDataBoxTest.m */ = {isa = PBXFileReference; fileEncoding = 4; lastKnownFileType = sourcecode.c.objc; name = AGXDataBoxTest.m; path = Components/AGXDataBoxTest.m; sourceTree = "<group>"; };
		6A47C6BC1C7B16E7005E804C /* AGXAppConfig.h */ = {isa = PBXFileReference; fileEncoding = 4; lastKnownFileType = sourcecode.c.h; name = AGXAppConfig.h; path = Components/AGXAppConfig.h; sourceTree = "<group>"; };
		6A47C6BD1C7B16E7005E804C /* AGXAppConfig.m */ = {isa = PBXFileReference; fileEncoding = 4; lastKnownFileType = sourcecode.c.objc; name = AGXAppConfig.m; path = Components/AGXAppConfig.m; sourceTree = "<group>"; };
		6A47C6C01C7B17B6005E804C /* AGXAppConfigTest.m */ = {isa = PBXFileReference; fileEncoding = 4; lastKnownFileType = sourcecode.c.objc; name = AGXAppConfigTest.m; path = Components/AGXAppConfigTest.m; sourceTree = "<group>"; };
		6A47C6C21C7B182F005E804C /* org.cuc.n3.AGXDataTest.plist */ = {isa = PBXFileReference; fileEncoding = 4; lastKnownFileType = text.plist.xml; name = org.cuc.n3.AGXDataTest.plist; path = Components/org.cuc.n3.AGXDataTest.plist; sourceTree = "<group>"; };
		6A47C6C41C7B184D005E804C /* AGXAppConfig.bundle */ = {isa = PBXFileReference; lastKnownFileType = "wrapper.plug-in"; name = AGXAppConfig.bundle; path = Components/AGXAppConfig.bundle; sourceTree = "<group>"; };
		6A47C6C61C7B18E3005E804C /* libAGXCore.a */ = {isa = PBXFileReference; lastKnownFileType = archive.ar; name = libAGXCore.a; path = "../../../../../Library/Developer/Xcode/DerivedData/AGXToolkit-exahlfvcmswsofdoteortrxluuyt/Build/Products/Debug-iphoneos/libAGXCore.a"; sourceTree = "<group>"; };
		6A47C6C71C7B18E3005E804C /* libAGXJson.a */ = {isa = PBXFileReference; lastKnownFileType = archive.ar; name = libAGXJson.a; path = "../../../../../Library/Developer/Xcode/DerivedData/AGXToolkit-exahlfvcmswsofdoteortrxluuyt/Build/Products/Debug-iphoneos/libAGXJson.a"; sourceTree = "<group>"; };
		6A47C6C81C7B18E3005E804C /* libAGXRuntime.a */ = {isa = PBXFileReference; lastKnownFileType = archive.ar; name = libAGXRuntime.a; path = "../../../../../Library/Developer/Xcode/DerivedData/AGXToolkit-exahlfvcmswsofdoteortrxluuyt/Build/Products/Debug-iphoneos/libAGXRuntime.a"; sourceTree = "<group>"; };
/* End PBXFileReference section */

/* Begin PBXFrameworksBuildPhase section */
		6A47C6891C7B1104005E804C /* Frameworks */ = {
			isa = PBXFrameworksBuildPhase;
			buildActionMask = 2147483647;
			files = (
			);
			runOnlyForDeploymentPostprocessing = 0;
		};
		6A47C6A01C7B1232005E804C /* Frameworks */ = {
			isa = PBXFrameworksBuildPhase;
			buildActionMask = 2147483647;
			files = (
				6A47C6C91C7B18E3005E804C /* libAGXCore.a in Frameworks */,
				6A47C6CB1C7B18E3005E804C /* libAGXRuntime.a in Frameworks */,
				6A47C6CA1C7B18E3005E804C /* libAGXJson.a in Frameworks */,
				6A47C6A81C7B1232005E804C /* libAGXData.a in Frameworks */,
			);
			runOnlyForDeploymentPostprocessing = 0;
		};
/* End PBXFrameworksBuildPhase section */

/* Begin PBXGroup section */
		6A47C6831C7B1104005E804C = {
			isa = PBXGroup;
			children = (
				6A47C68E1C7B1104005E804C /* AGXData */,
				6A47C6A41C7B1232005E804C /* AGXDataTest */,
				6A47C68D1C7B1104005E804C /* Products */,
			);
			sourceTree = "<group>";
		};
		6A47C68D1C7B1104005E804C /* Products */ = {
			isa = PBXGroup;
			children = (
				6A47C68C1C7B1104005E804C /* libAGXData.a */,
				6A47C6A31C7B1232005E804C /* AGXDataTest.xctest */,
			);
			name = Products;
			sourceTree = "<group>";
		};
		6A47C68E1C7B1104005E804C /* AGXData */ = {
			isa = PBXGroup;
			children = (
				6A47C6AE1C7B12DE005E804C /* Components */,
				6A47C68F1C7B1104005E804C /* AGXData.h */,
			);
			path = AGXData;
			sourceTree = "<group>";
		};
		6A47C6A41C7B1232005E804C /* AGXDataTest */ = {
			isa = PBXGroup;
			children = (
				6A47C6C61C7B18E3005E804C /* libAGXCore.a */,
				6A47C6C81C7B18E3005E804C /* libAGXRuntime.a */,
				6A47C6C71C7B18E3005E804C /* libAGXJson.a */,
				6A47C6B31C7B13AC005E804C /* Components */,
				6A47C6A71C7B1232005E804C /* Info.plist */,
			);
			path = AGXDataTest;
			sourceTree = "<group>";
		};
		6A47C6AE1C7B12DE005E804C /* Components */ = {
			isa = PBXGroup;
			children = (
				6A47C6AF1C7B12F7005E804C /* AGXKeychain.h */,
				6A47C6B01C7B12F7005E804C /* AGXKeychain.m */,
				6A47C6B61C7B144A005E804C /* AGXDataBox.h */,
				6A47C6B71C7B144A005E804C /* AGXDataBox.m */,
				6A47C6BC1C7B16E7005E804C /* AGXAppConfig.h */,
				6A47C6BD1C7B16E7005E804C /* AGXAppConfig.m */,
			);
			name = Components;
			sourceTree = "<group>";
		};
		6A47C6B31C7B13AC005E804C /* Components */ = {
			isa = PBXGroup;
			children = (
				6A47C6B41C7B13C0005E804C /* AGXKeychainTest.m */,
				6A47C6BA1C7B1649005E804C /* AGXDataBoxTest.m */,
				6A47C6C01C7B17B6005E804C /* AGXAppConfigTest.m */,
				6A47C6C21C7B182F005E804C /* org.cuc.n3.AGXDataTest.plist */,
				6A47C6C41C7B184D005E804C /* AGXAppConfig.bundle */,
			);
			name = Components;
			sourceTree = "<group>";
		};
/* End PBXGroup section */

/* Begin PBXHeadersBuildPhase section */
		6A47C6981C7B11E5005E804C /* Headers */ = {
			isa = PBXHeadersBuildPhase;
			buildActionMask = 2147483647;
			files = (
				6A47C6B81C7B144A005E804C /* AGXDataBox.h in Headers */,
				6A47C6991C7B11EB005E804C /* AGXData.h in Headers */,
				6A47C6B11C7B12F7005E804C /* AGXKeychain.h in Headers */,
				6A47C6BE1C7B16E7005E804C /* AGXAppConfig.h in Headers */,
			);
			runOnlyForDeploymentPostprocessing = 0;
		};
/* End PBXHeadersBuildPhase section */

/* Begin PBXNativeTarget section */
		6A47C68B1C7B1104005E804C /* AGXData */ = {
			isa = PBXNativeTarget;
			buildConfigurationList = 6A47C6951C7B1104005E804C /* Build configuration list for PBXNativeTarget "AGXData" */;
			buildPhases = (
				6A47C6881C7B1104005E804C /* Sources */,
				6A47C6891C7B1104005E804C /* Frameworks */,
				6A47C6981C7B11E5005E804C /* Headers */,
			);
			buildRules = (
			);
			dependencies = (
			);
			name = AGXData;
			productName = AGXData;
			productReference = 6A47C68C1C7B1104005E804C /* libAGXData.a */;
			productType = "com.apple.product-type.library.static";
		};
		6A47C6A21C7B1232005E804C /* AGXDataTest */ = {
			isa = PBXNativeTarget;
			buildConfigurationList = 6A47C6AB1C7B1232005E804C /* Build configuration list for PBXNativeTarget "AGXDataTest" */;
			buildPhases = (
				6A47C69F1C7B1232005E804C /* Sources */,
				6A47C6A01C7B1232005E804C /* Frameworks */,
				6A47C6A11C7B1232005E804C /* Resources */,
			);
			buildRules = (
			);
			dependencies = (
				6A47C6AA1C7B1232005E804C /* PBXTargetDependency */,
			);
			name = AGXDataTest;
			productName = AGXDataTest;
			productReference = 6A47C6A31C7B1232005E804C /* AGXDataTest.xctest */;
			productType = "com.apple.product-type.bundle.unit-test";
		};
/* End PBXNativeTarget section */

/* Begin PBXProject section */
		6A47C6841C7B1104005E804C /* Project object */ = {
			isa = PBXProject;
			attributes = {
				LastUpgradeCheck = 0710;
				ORGANIZATIONNAME = "AI-CUC-EC";
				TargetAttributes = {
					6A47C68B1C7B1104005E804C = {
						CreatedOnToolsVersion = 7.1.1;
					};
					6A47C69A1C7B11FE005E804C = {
						CreatedOnToolsVersion = 7.1.1;
					};
					6A47C6A21C7B1232005E804C = {
						CreatedOnToolsVersion = 7.1.1;
					};
				};
			};
			buildConfigurationList = 6A47C6871C7B1104005E804C /* Build configuration list for PBXProject "AGXData" */;
			compatibilityVersion = "Xcode 3.2";
			developmentRegion = English;
			hasScannedForEncodings = 0;
			knownRegions = (
				en,
			);
			mainGroup = 6A47C6831C7B1104005E804C;
			productRefGroup = 6A47C68D1C7B1104005E804C /* Products */;
			projectDirPath = "";
			projectRoot = "";
			targets = (
				6A47C68B1C7B1104005E804C /* AGXData */,
				6A47C6A21C7B1232005E804C /* AGXDataTest */,
				6A47C69A1C7B11FE005E804C /* AGXDataBuilder */,
			);
		};
/* End PBXProject section */

/* Begin PBXResourcesBuildPhase section */
		6A47C6A11C7B1232005E804C /* Resources */ = {
			isa = PBXResourcesBuildPhase;
			buildActionMask = 2147483647;
			files = (
				6A47C6C51C7B184D005E804C /* AGXAppConfig.bundle in Resources */,
				6A47C6C31C7B182F005E804C /* org.cuc.n3.AGXDataTest.plist in Resources */,
			);
			runOnlyForDeploymentPostprocessing = 0;
		};
/* End PBXResourcesBuildPhase section */

/* Begin PBXShellScriptBuildPhase section */
		6A47C69E1C7B1202005E804C /* ShellScript */ = {
			isa = PBXShellScriptBuildPhase;
			buildActionMask = 2147483647;
			files = (
			);
			inputPaths = (
			);
			outputPaths = (
			);
			runOnlyForDeploymentPostprocessing = 0;
			shellPath = /bin/sh;
			shellScript = "# Step 1. Build Device and Simulator versions\nxcodebuild -target ${PROJECT_NAME} ONLY_ACTIVE_ARCH=NO -configuration ${CONFIGURATION} -sdk iphoneos BUILD_DIR=\"${BUILD_DIR}\" BUILD_ROOT=\"${BUILD_ROOT}\"\nxcodebuild -target ${PROJECT_NAME} ONLY_ACTIVE_ARCH=NO -configuration ${CONFIGURATION} -sdk iphonesimulator ARCHS='i386 x86_64' VALID_ARCHS='i386 x86_64' BUILD_DIR=\"${BUILD_DIR}\" BUILD_ROOT=\"${BUILD_ROOT}\"\n\n# define output folder environment variable\nUNIVERSAL_OUTPUTFOLDER=${BUILD_DIR}/${CONFIGURATION}-universal\n\n# make sure the output directory exists\nmkdir -p \"${UNIVERSAL_OUTPUTFOLDER}\"\n\n# Step 2. Create universal binary file using lipo\nlipo -create -output \"${UNIVERSAL_OUTPUTFOLDER}/lib${PROJECT_NAME}.a\" \"${BUILD_DIR}/${CONFIGURATION}-iphoneos/lib${PROJECT_NAME}.a\" \"${BUILD_DIR}/${CONFIGURATION}-iphonesimulator/lib${PROJECT_NAME}.a\"\n\n# Step 3. copy files.\ncp \"${BUILD_DIR}/${CONFIGURATION}-iphoneos/${PROJECT_NAME}.h\" \"${UNIVERSAL_OUTPUTFOLDER}/\"\ncp -R \"${BUILD_DIR}/${CONFIGURATION}-iphoneos/${PROJECT_NAME}\" \"${UNIVERSAL_OUTPUTFOLDER}/\"\n\n# Last touch. create framework.\nFRAMEWORK_LOCATION=${UNIVERSAL_OUTPUTFOLDER}/${PROJECT_NAME}.framework\nmkdir -p \"${FRAMEWORK_LOCATION}/Headers\"\ncp \"${UNIVERSAL_OUTPUTFOLDER}/${PROJECT_NAME}.h\" \"${FRAMEWORK_LOCATION}/Headers/\"\ncp -R \"${UNIVERSAL_OUTPUTFOLDER}/${PROJECT_NAME}\" \"${FRAMEWORK_LOCATION}/Headers/\"\ncp \"${UNIVERSAL_OUTPUTFOLDER}/lib${PROJECT_NAME}.a\" \"${FRAMEWORK_LOCATION}/${PROJECT_NAME}\"\ncp \"${SRCROOT}/README.md\" \"${FRAMEWORK_LOCATION}/README.md\"\n";
		};
/* End PBXShellScriptBuildPhase section */

/* Begin PBXSourcesBuildPhase section */
		6A47C6881C7B1104005E804C /* Sources */ = {
			isa = PBXSourcesBuildPhase;
			buildActionMask = 2147483647;
			files = (
				6A47C6B91C7B144A005E804C /* AGXDataBox.m in Sources */,
				6A47C6B21C7B12F7005E804C /* AGXKeychain.m in Sources */,
				6A47C6BF1C7B16E7005E804C /* AGXAppConfig.m in Sources */,
			);
			runOnlyForDeploymentPostprocessing = 0;
		};
		6A47C69F1C7B1232005E804C /* Sources */ = {
			isa = PBXSourcesBuildPhase;
			buildActionMask = 2147483647;
			files = (
				6A47C6C11C7B17B6005E804C /* AGXAppConfigTest.m in Sources */,
				6A47C6BB1C7B1649005E804C /* AGXDataBoxTest.m in Sources */,
				6A47C6B51C7B13C0005E804C /* AGXKeychainTest.m in Sources */,
			);
			runOnlyForDeploymentPostprocessing = 0;
		};
/* End PBXSourcesBuildPhase section */

/* Begin PBXTargetDependency section */
		6A47C6AA1C7B1232005E804C /* PBXTargetDependency */ = {
			isa = PBXTargetDependency;
			target = 6A47C68B1C7B1104005E804C /* AGXData */;
			targetProxy = 6A47C6A91C7B1232005E804C /* PBXContainerItemProxy */;
		};
/* End PBXTargetDependency section */

/* Begin XCBuildConfiguration section */
		6A47C6931C7B1104005E804C /* Debug */ = {
			isa = XCBuildConfiguration;
			buildSettings = {
				ALWAYS_SEARCH_USER_PATHS = NO;
				CLANG_CXX_LANGUAGE_STANDARD = "gnu++0x";
				CLANG_CXX_LIBRARY = "libc++";
				CLANG_ENABLE_MODULES = YES;
				CLANG_ENABLE_OBJC_ARC = NO;
				CLANG_WARN_BOOL_CONVERSION = YES;
				CLANG_WARN_CONSTANT_CONVERSION = YES;
				CLANG_WARN_DIRECT_OBJC_ISA_USAGE = YES_ERROR;
				CLANG_WARN_EMPTY_BODY = YES;
				CLANG_WARN_ENUM_CONVERSION = YES;
				CLANG_WARN_INT_CONVERSION = YES;
				CLANG_WARN_OBJC_ROOT_CLASS = YES_ERROR;
				CLANG_WARN_UNREACHABLE_CODE = YES;
				CLANG_WARN__DUPLICATE_METHOD_MATCH = YES;
				"CODE_SIGN_IDENTITY[sdk=iphoneos*]" = "iPhone Developer";
				COPY_PHASE_STRIP = NO;
				DEBUG_INFORMATION_FORMAT = dwarf;
				ENABLE_STRICT_OBJC_MSGSEND = YES;
				ENABLE_TESTABILITY = YES;
				FRAMEWORK_SEARCH_PATHS = "$(BUILD_DIR)/Debug-universal/";
				GCC_C_LANGUAGE_STANDARD = gnu99;
				GCC_DYNAMIC_NO_PIC = NO;
				GCC_NO_COMMON_BLOCKS = YES;
				GCC_OPTIMIZATION_LEVEL = 0;
				GCC_PREPROCESSOR_DEFINITIONS = (
					"DEBUG=1",
					"$(inherited)",
				);
				GCC_WARN_64_TO_32_BIT_CONVERSION = YES;
				GCC_WARN_ABOUT_RETURN_TYPE = YES_ERROR;
				GCC_WARN_UNDECLARED_SELECTOR = YES;
				GCC_WARN_UNINITIALIZED_AUTOS = YES_AGGRESSIVE;
				GCC_WARN_UNUSED_FUNCTION = YES;
				GCC_WARN_UNUSED_VARIABLE = YES;
				IPHONEOS_DEPLOYMENT_TARGET = 5.0;
				MTL_ENABLE_DEBUG_INFO = YES;
				ONLY_ACTIVE_ARCH = YES;
				SDKROOT = iphoneos;
			};
			name = Debug;
		};
		6A47C6941C7B1104005E804C /* Release */ = {
			isa = XCBuildConfiguration;
			buildSettings = {
				ALWAYS_SEARCH_USER_PATHS = NO;
				CLANG_CXX_LANGUAGE_STANDARD = "gnu++0x";
				CLANG_CXX_LIBRARY = "libc++";
				CLANG_ENABLE_MODULES = YES;
				CLANG_ENABLE_OBJC_ARC = NO;
				CLANG_WARN_BOOL_CONVERSION = YES;
				CLANG_WARN_CONSTANT_CONVERSION = YES;
				CLANG_WARN_DIRECT_OBJC_ISA_USAGE = YES_ERROR;
				CLANG_WARN_EMPTY_BODY = YES;
				CLANG_WARN_ENUM_CONVERSION = YES;
				CLANG_WARN_INT_CONVERSION = YES;
				CLANG_WARN_OBJC_ROOT_CLASS = YES_ERROR;
				CLANG_WARN_UNREACHABLE_CODE = YES;
				CLANG_WARN__DUPLICATE_METHOD_MATCH = YES;
				"CODE_SIGN_IDENTITY[sdk=iphoneos*]" = "iPhone Developer";
				COPY_PHASE_STRIP = NO;
				DEBUG_INFORMATION_FORMAT = "dwarf-with-dsym";
				ENABLE_NS_ASSERTIONS = NO;
				ENABLE_STRICT_OBJC_MSGSEND = YES;
				FRAMEWORK_SEARCH_PATHS = "$(BUILD_DIR)/Release-universal/";
				GCC_C_LANGUAGE_STANDARD = gnu99;
				GCC_NO_COMMON_BLOCKS = YES;
				GCC_WARN_64_TO_32_BIT_CONVERSION = YES;
				GCC_WARN_ABOUT_RETURN_TYPE = YES_ERROR;
				GCC_WARN_UNDECLARED_SELECTOR = YES;
				GCC_WARN_UNINITIALIZED_AUTOS = YES_AGGRESSIVE;
				GCC_WARN_UNUSED_FUNCTION = YES;
				GCC_WARN_UNUSED_VARIABLE = YES;
				IPHONEOS_DEPLOYMENT_TARGET = 5.0;
				MTL_ENABLE_DEBUG_INFO = NO;
				SDKROOT = iphoneos;
				VALIDATE_PRODUCT = YES;
			};
			name = Release;
		};
		6A47C6961C7B1104005E804C /* Debug */ = {
			isa = XCBuildConfiguration;
			buildSettings = {
				CLANG_ENABLE_OBJC_ARC = NO;
				OTHER_LDFLAGS = "";
				PRIVATE_HEADERS_FOLDER_PATH = "$(PROJECT_NAME)/";
				PRODUCT_NAME = "$(TARGET_NAME)";
				PUBLIC_HEADERS_FOLDER_PATH = "";
				SKIP_INSTALL = YES;
			};
			name = Debug;
		};
		6A47C6971C7B1104005E804C /* Release */ = {
			isa = XCBuildConfiguration;
			buildSettings = {
				CLANG_ENABLE_OBJC_ARC = NO;
				OTHER_LDFLAGS = "";
				PRIVATE_HEADERS_FOLDER_PATH = "$(PROJECT_NAME)/";
				PRODUCT_NAME = "$(TARGET_NAME)";
				PUBLIC_HEADERS_FOLDER_PATH = "";
				SKIP_INSTALL = YES;
			};
			name = Release;
		};
		6A47C69C1C7B11FE005E804C /* Debug */ = {
			isa = XCBuildConfiguration;
			buildSettings = {
				PRODUCT_NAME = "$(TARGET_NAME)";
			};
			name = Debug;
		};
		6A47C69D1C7B11FE005E804C /* Release */ = {
			isa = XCBuildConfiguration;
			buildSettings = {
				PRODUCT_NAME = "$(TARGET_NAME)";
			};
			name = Release;
		};
		6A47C6AC1C7B1232005E804C /* Debug */ = {
			isa = XCBuildConfiguration;
			buildSettings = {
				CLANG_ENABLE_OBJC_ARC = NO;
				INFOPLIST_FILE = AGXDataTest/Info.plist;
				IPHONEOS_DEPLOYMENT_TARGET = 9.1;
				LD_RUNPATH_SEARCH_PATHS = "$(inherited) @executable_path/Frameworks @loader_path/Frameworks";
				PRODUCT_BUNDLE_IDENTIFIER = org.cuc.n3.AGXDataTest;
				PRODUCT_NAME = "$(TARGET_NAME)";
			};
			name = Debug;
		};
		6A47C6AD1C7B1232005E804C /* Release */ = {
			isa = XCBuildConfiguration;
			buildSettings = {
				CLANG_ENABLE_OBJC_ARC = NO;
				INFOPLIST_FILE = AGXDataTest/Info.plist;
				IPHONEOS_DEPLOYMENT_TARGET = 9.1;
				LD_RUNPATH_SEARCH_PATHS = "$(inherited) @executable_path/Frameworks @loader_path/Frameworks";
				PRODUCT_BUNDLE_IDENTIFIER = org.cuc.n3.AGXDataTest;
				PRODUCT_NAME = "$(TARGET_NAME)";
			};
			name = Release;
		};
/* End XCBuildConfiguration section */

/* Begin XCConfigurationList section */
		6A47C6871C7B1104005E804C /* Build configuration list for PBXProject "AGXData" */ = {
			isa = XCConfigurationList;
			buildConfigurations = (
				6A47C6931C7B1104005E804C /* Debug */,
				6A47C6941C7B1104005E804C /* Release */,
			);
			defaultConfigurationIsVisible = 0;
			defaultConfigurationName = Release;
		};
		6A47C6951C7B1104005E804C /* Build configuration list for PBXNativeTarget "AGXData" */ = {
			isa = XCConfigurationList;
			buildConfigurations = (
				6A47C6961C7B1104005E804C /* Debug */,
				6A47C6971C7B1104005E804C /* Release */,
			);
			defaultConfigurationIsVisible = 0;
			defaultConfigurationName = Release;
		};
		6A47C69B1C7B11FE005E804C /* Build configuration list for PBXAggregateTarget "AGXDataBuilder" */ = {
			isa = XCConfigurationList;
			buildConfigurations = (
				6A47C69C1C7B11FE005E804C /* Debug */,
				6A47C69D1C7B11FE005E804C /* Release */,
			);
			defaultConfigurationIsVisible = 0;
			defaultConfigurationName = Release;
		};
		6A47C6AB1C7B1232005E804C /* Build configuration list for PBXNativeTarget "AGXDataTest" */ = {
			isa = XCConfigurationList;
			buildConfigurations = (
				6A47C6AC1C7B1232005E804C /* Debug */,
				6A47C6AD1C7B1232005E804C /* Release */,
			);
			defaultConfigurationIsVisible = 0;
			defaultConfigurationName = Release;
		};
/* End XCConfigurationList section */
	};
	rootObject = 6A47C6841C7B1104005E804C /* Project object */;
}
