// !$*UTF8*$!
{
	archiveVersion = 1;
	classes = {
	};
	objectVersion = 46;
	objects = {

/* Begin PBXAggregateTarget section */
		6A8787801C89236D001969F0 /* AGXWebViewBuilder */ = {
			isa = PBXAggregateTarget;
			buildConfigurationList = 6A8787811C89236D001969F0 /* Build configuration list for PBXAggregateTarget "AGXWebViewBuilder" */;
			buildPhases = (
				6A8787841C892373001969F0 /* ShellScript */,
			);
			dependencies = (
			);
			name = AGXWebViewBuilder;
			productName = AGXWebViewBuilder;
		};
/* End PBXAggregateTarget section */

/* Begin PBXBuildFile section */
		6A8787781C892278001969F0 /* AGXWebView.m in Sources */ = {isa = PBXBuildFile; fileRef = 6A8787771C892278001969F0 /* AGXWebView.m */; };
		6A87877F1C89233D001969F0 /* AGXWebView.h in Headers */ = {isa = PBXBuildFile; fileRef = 6A8787751C892278001969F0 /* AGXWebView.h */; settings = {ATTRIBUTES = (Public, ); }; };
		6A8787881C89252D001969F0 /* AGXWebViewJavascriptBridgeJS.h in Headers */ = {isa = PBXBuildFile; fileRef = 6A8787861C89252D001969F0 /* AGXWebViewJavascriptBridgeJS.h */; };
		6A8787891C89252D001969F0 /* AGXWebViewJavascriptBridgeJS.m in Sources */ = {isa = PBXBuildFile; fileRef = 6A8787871C89252D001969F0 /* AGXWebViewJavascriptBridgeJS.m */; };
		6A87878C1C892957001969F0 /* AGXWebViewJavascriptBridgeBase.h in Headers */ = {isa = PBXBuildFile; fileRef = 6A87878A1C892957001969F0 /* AGXWebViewJavascriptBridgeBase.h */; };
		6A87878D1C892957001969F0 /* AGXWebViewJavascriptBridgeBase.m in Sources */ = {isa = PBXBuildFile; fileRef = 6A87878B1C892957001969F0 /* AGXWebViewJavascriptBridgeBase.m */; };
		6A8787901C893AE2001969F0 /* AGXWebViewJavascriptBridge.h in Headers */ = {isa = PBXBuildFile; fileRef = 6A87878E1C893AE2001969F0 /* AGXWebViewJavascriptBridge.h */; };
		6A8787911C893AE2001969F0 /* AGXWebViewJavascriptBridge.m in Sources */ = {isa = PBXBuildFile; fileRef = 6A87878F1C893AE2001969F0 /* AGXWebViewJavascriptBridge.m */; };
/* End PBXBuildFile section */

/* Begin PBXFileReference section */
		6A8787721C892278001969F0 /* libAGXWebView.a */ = {isa = PBXFileReference; explicitFileType = archive.ar; includeInIndex = 0; path = libAGXWebView.a; sourceTree = BUILT_PRODUCTS_DIR; };
		6A8787751C892278001969F0 /* AGXWebView.h */ = {isa = PBXFileReference; lastKnownFileType = sourcecode.c.h; path = AGXWebView.h; sourceTree = "<group>"; };
		6A8787771C892278001969F0 /* AGXWebView.m */ = {isa = PBXFileReference; lastKnownFileType = sourcecode.c.objc; path = AGXWebView.m; sourceTree = "<group>"; };
		6A8787861C89252D001969F0 /* AGXWebViewJavascriptBridgeJS.h */ = {isa = PBXFileReference; fileEncoding = 4; lastKnownFileType = sourcecode.c.h; name = AGXWebViewJavascriptBridgeJS.h; path = Privates/AGXWebViewJavascriptBridgeJS.h; sourceTree = "<group>"; };
		6A8787871C89252D001969F0 /* AGXWebViewJavascriptBridgeJS.m */ = {isa = PBXFileReference; fileEncoding = 4; lastKnownFileType = sourcecode.c.objc; name = AGXWebViewJavascriptBridgeJS.m; path = Privates/AGXWebViewJavascriptBridgeJS.m; sourceTree = "<group>"; };
		6A87878A1C892957001969F0 /* AGXWebViewJavascriptBridgeBase.h */ = {isa = PBXFileReference; fileEncoding = 4; lastKnownFileType = sourcecode.c.h; name = AGXWebViewJavascriptBridgeBase.h; path = Privates/AGXWebViewJavascriptBridgeBase.h; sourceTree = "<group>"; };
		6A87878B1C892957001969F0 /* AGXWebViewJavascriptBridgeBase.m */ = {isa = PBXFileReference; fileEncoding = 4; lastKnownFileType = sourcecode.c.objc; name = AGXWebViewJavascriptBridgeBase.m; path = Privates/AGXWebViewJavascriptBridgeBase.m; sourceTree = "<group>"; };
		6A87878E1C893AE2001969F0 /* AGXWebViewJavascriptBridge.h */ = {isa = PBXFileReference; fileEncoding = 4; lastKnownFileType = sourcecode.c.h; name = AGXWebViewJavascriptBridge.h; path = Privates/AGXWebViewJavascriptBridge.h; sourceTree = "<group>"; };
		6A87878F1C893AE2001969F0 /* AGXWebViewJavascriptBridge.m */ = {isa = PBXFileReference; fileEncoding = 4; lastKnownFileType = sourcecode.c.objc; name = AGXWebViewJavascriptBridge.m; path = Privates/AGXWebViewJavascriptBridge.m; sourceTree = "<group>"; };
/* End PBXFileReference section */

/* Begin PBXFrameworksBuildPhase section */
		6A87876F1C892278001969F0 /* Frameworks */ = {
			isa = PBXFrameworksBuildPhase;
			buildActionMask = 2147483647;
			files = (
			);
			runOnlyForDeploymentPostprocessing = 0;
		};
/* End PBXFrameworksBuildPhase section */

/* Begin PBXGroup section */
		6A8787691C892278001969F0 = {
			isa = PBXGroup;
			children = (
				6A8787741C892278001969F0 /* AGXWebView */,
				6A8787731C892278001969F0 /* Products */,
			);
			sourceTree = "<group>";
		};
		6A8787731C892278001969F0 /* Products */ = {
			isa = PBXGroup;
			children = (
				6A8787721C892278001969F0 /* libAGXWebView.a */,
			);
			name = Products;
			sourceTree = "<group>";
		};
		6A8787741C892278001969F0 /* AGXWebView */ = {
			isa = PBXGroup;
			children = (
				6A8787851C892497001969F0 /* Privates */,
				6A8787751C892278001969F0 /* AGXWebView.h */,
				6A8787771C892278001969F0 /* AGXWebView.m */,
			);
			path = AGXWebView;
			sourceTree = "<group>";
		};
		6A8787851C892497001969F0 /* Privates */ = {
			isa = PBXGroup;
			children = (
				6A8787861C89252D001969F0 /* AGXWebViewJavascriptBridgeJS.h */,
				6A8787871C89252D001969F0 /* AGXWebViewJavascriptBridgeJS.m */,
				6A87878A1C892957001969F0 /* AGXWebViewJavascriptBridgeBase.h */,
				6A87878B1C892957001969F0 /* AGXWebViewJavascriptBridgeBase.m */,
				6A87878E1C893AE2001969F0 /* AGXWebViewJavascriptBridge.h */,
				6A87878F1C893AE2001969F0 /* AGXWebViewJavascriptBridge.m */,
			);
			name = Privates;
			sourceTree = "<group>";
		};
/* End PBXGroup section */

/* Begin PBXHeadersBuildPhase section */
		6A87877E1C892335001969F0 /* Headers */ = {
			isa = PBXHeadersBuildPhase;
			buildActionMask = 2147483647;
			files = (
				6A8787881C89252D001969F0 /* AGXWebViewJavascriptBridgeJS.h in Headers */,
				6A87877F1C89233D001969F0 /* AGXWebView.h in Headers */,
				6A87878C1C892957001969F0 /* AGXWebViewJavascriptBridgeBase.h in Headers */,
				6A8787901C893AE2001969F0 /* AGXWebViewJavascriptBridge.h in Headers */,
			);
			runOnlyForDeploymentPostprocessing = 0;
		};
/* End PBXHeadersBuildPhase section */

/* Begin PBXNativeTarget section */
		6A8787711C892278001969F0 /* AGXWebView */ = {
			isa = PBXNativeTarget;
			buildConfigurationList = 6A87877B1C892278001969F0 /* Build configuration list for PBXNativeTarget "AGXWebView" */;
			buildPhases = (
				6A87876E1C892278001969F0 /* Sources */,
				6A87876F1C892278001969F0 /* Frameworks */,
				6A87877E1C892335001969F0 /* Headers */,
			);
			buildRules = (
			);
			dependencies = (
			);
			name = AGXWebView;
			productName = AGXWebView;
			productReference = 6A8787721C892278001969F0 /* libAGXWebView.a */;
			productType = "com.apple.product-type.library.static";
		};
/* End PBXNativeTarget section */

/* Begin PBXProject section */
		6A87876A1C892278001969F0 /* Project object */ = {
			isa = PBXProject;
			attributes = {
				LastUpgradeCheck = 0720;
				ORGANIZATIONNAME = "AI-CUC-EC";
				TargetAttributes = {
					6A8787711C892278001969F0 = {
						CreatedOnToolsVersion = 7.2.1;
					};
					6A8787801C89236D001969F0 = {
						CreatedOnToolsVersion = 7.2.1;
					};
				};
			};
			buildConfigurationList = 6A87876D1C892278001969F0 /* Build configuration list for PBXProject "AGXWebView" */;
			compatibilityVersion = "Xcode 3.2";
			developmentRegion = English;
			hasScannedForEncodings = 0;
			knownRegions = (
				en,
			);
			mainGroup = 6A8787691C892278001969F0;
			productRefGroup = 6A8787731C892278001969F0 /* Products */;
			projectDirPath = "";
			projectRoot = "";
			targets = (
				6A8787711C892278001969F0 /* AGXWebView */,
				6A8787801C89236D001969F0 /* AGXWebViewBuilder */,
			);
		};
/* End PBXProject section */

/* Begin PBXShellScriptBuildPhase section */
		6A8787841C892373001969F0 /* ShellScript */ = {
			isa = PBXShellScriptBuildPhase;
			buildActionMask = 2147483647;
			files = (
			);
			inputPaths = (
			);
			outputPaths = (
			);
			runOnlyForDeploymentPostprocessing = 0;
			shellPath = /bin/sh;
			shellScript = "# Step 1. Build Device and Simulator versions\nxcodebuild -target ${PROJECT_NAME} ONLY_ACTIVE_ARCH=NO -configuration ${CONFIGURATION} -sdk iphoneos BUILD_DIR=\"${BUILD_DIR}\" BUILD_ROOT=\"${BUILD_ROOT}\"\nxcodebuild -target ${PROJECT_NAME} -configuration ${CONFIGURATION} -sdk iphonesimulator ARCHS='i386 x86_64' VALID_ARCHS='i386 x86_64' BUILD_DIR=\"${BUILD_DIR}\" BUILD_ROOT=\"${BUILD_ROOT}\"\n\n# define output folder environment variable\nUNIVERSAL_OUTPUTFOLDER=${BUILD_DIR}/${CONFIGURATION}-universal\n\n# make sure the output directory exists\nmkdir -p \"${UNIVERSAL_OUTPUTFOLDER}\"\n\n# Step 2. Create universal binary file using lipo\nlipo -create -output \"${UNIVERSAL_OUTPUTFOLDER}/lib${PROJECT_NAME}.a\" \"${BUILD_DIR}/${CONFIGURATION}-iphoneos/lib${PROJECT_NAME}.a\" \"${BUILD_DIR}/${CONFIGURATION}-iphonesimulator/lib${PROJECT_NAME}.a\"\n\n# Step 3. copy files.\ncp \"${BUILD_DIR}/${CONFIGURATION}-iphoneos/${PROJECT_NAME}.h\" \"${UNIVERSAL_OUTPUTFOLDER}/\"\n#cp -R \"${BUILD_DIR}/${CONFIGURATION}-iphoneos/${PROJECT_NAME}\" \"${UNIVERSAL_OUTPUTFOLDER}/\"\n\n# Last touch. create framework.\nFRAMEWORK_LOCATION=${UNIVERSAL_OUTPUTFOLDER}/${PROJECT_NAME}.framework\nmkdir -p \"${FRAMEWORK_LOCATION}/Headers\"\ncp \"${UNIVERSAL_OUTPUTFOLDER}/${PROJECT_NAME}.h\" \"${FRAMEWORK_LOCATION}/Headers/\"\n#cp -R \"${UNIVERSAL_OUTPUTFOLDER}/${PROJECT_NAME}\" \"${FRAMEWORK_LOCATION}/Headers/\"\ncp \"${UNIVERSAL_OUTPUTFOLDER}/lib${PROJECT_NAME}.a\" \"${FRAMEWORK_LOCATION}/${PROJECT_NAME}\"\n\ncp -R \"${FRAMEWORK_LOCATION}\" \"/Users/Char/WData/github/ZUtilsXPodDemo/ZUtilsXPodDemo/\"\n";
		};
/* End PBXShellScriptBuildPhase section */

/* Begin PBXSourcesBuildPhase section */
		6A87876E1C892278001969F0 /* Sources */ = {
			isa = PBXSourcesBuildPhase;
			buildActionMask = 2147483647;
			files = (
				6A8787911C893AE2001969F0 /* AGXWebViewJavascriptBridge.m in Sources */,
				6A87878D1C892957001969F0 /* AGXWebViewJavascriptBridgeBase.m in Sources */,
				6A8787781C892278001969F0 /* AGXWebView.m in Sources */,
				6A8787891C89252D001969F0 /* AGXWebViewJavascriptBridgeJS.m in Sources */,
			);
			runOnlyForDeploymentPostprocessing = 0;
		};
/* End PBXSourcesBuildPhase section */

/* Begin XCBuildConfiguration section */
		6A8787791C892278001969F0 /* Debug */ = {
			isa = XCBuildConfiguration;
			buildSettings = {
				ALWAYS_SEARCH_USER_PATHS = NO;
				CLANG_CXX_LANGUAGE_STANDARD = "gnu++0x";
				CLANG_CXX_LIBRARY = "libc++";
				CLANG_ENABLE_MODULES = YES;
				CLANG_ENABLE_OBJC_ARC = NO;
				CLANG_WARN_BOOL_CONVERSION = YES;
				CLANG_WARN_CONSTANT_CONVERSION = YES;
				CLANG_WARN_DIRECT_OBJC_ISA_USAGE = YES_ERROR;
				CLANG_WARN_EMPTY_BODY = YES;
				CLANG_WARN_ENUM_CONVERSION = YES;
				CLANG_WARN_INT_CONVERSION = YES;
				CLANG_WARN_OBJC_ROOT_CLASS = YES_ERROR;
				CLANG_WARN_UNREACHABLE_CODE = YES;
				CLANG_WARN__DUPLICATE_METHOD_MATCH = YES;
				"CODE_SIGN_IDENTITY[sdk=iphoneos*]" = "iPhone Developer";
				COPY_PHASE_STRIP = NO;
				DEBUG_INFORMATION_FORMAT = dwarf;
				ENABLE_STRICT_OBJC_MSGSEND = YES;
				ENABLE_TESTABILITY = YES;
				FRAMEWORK_SEARCH_PATHS = "$(BUILD_DIR)/Debug-universal/";
				GCC_C_LANGUAGE_STANDARD = gnu99;
				GCC_DYNAMIC_NO_PIC = NO;
				GCC_NO_COMMON_BLOCKS = YES;
				GCC_OPTIMIZATION_LEVEL = 0;
				GCC_PREPROCESSOR_DEFINITIONS = (
					"DEBUG=1",
					"$(inherited)",
				);
				GCC_WARN_64_TO_32_BIT_CONVERSION = YES;
				GCC_WARN_ABOUT_RETURN_TYPE = YES_ERROR;
				GCC_WARN_UNDECLARED_SELECTOR = YES;
				GCC_WARN_UNINITIALIZED_AUTOS = YES_AGGRESSIVE;
				GCC_WARN_UNUSED_FUNCTION = YES;
				GCC_WARN_UNUSED_VARIABLE = YES;
				IPHONEOS_DEPLOYMENT_TARGET = 5.0;
				MTL_ENABLE_DEBUG_INFO = YES;
				ONLY_ACTIVE_ARCH = YES;
				SDKROOT = iphoneos;
			};
			name = Debug;
		};
		6A87877A1C892278001969F0 /* Release */ = {
			isa = XCBuildConfiguration;
			buildSettings = {
				ALWAYS_SEARCH_USER_PATHS = NO;
				CLANG_CXX_LANGUAGE_STANDARD = "gnu++0x";
				CLANG_CXX_LIBRARY = "libc++";
				CLANG_ENABLE_MODULES = YES;
				CLANG_ENABLE_OBJC_ARC = NO;
				CLANG_WARN_BOOL_CONVERSION = YES;
				CLANG_WARN_CONSTANT_CONVERSION = YES;
				CLANG_WARN_DIRECT_OBJC_ISA_USAGE = YES_ERROR;
				CLANG_WARN_EMPTY_BODY = YES;
				CLANG_WARN_ENUM_CONVERSION = YES;
				CLANG_WARN_INT_CONVERSION = YES;
				CLANG_WARN_OBJC_ROOT_CLASS = YES_ERROR;
				CLANG_WARN_UNREACHABLE_CODE = YES;
				CLANG_WARN__DUPLICATE_METHOD_MATCH = YES;
				"CODE_SIGN_IDENTITY[sdk=iphoneos*]" = "iPhone Developer";
				COPY_PHASE_STRIP = NO;
				DEBUG_INFORMATION_FORMAT = "dwarf-with-dsym";
				ENABLE_NS_ASSERTIONS = NO;
				ENABLE_STRICT_OBJC_MSGSEND = YES;
				FRAMEWORK_SEARCH_PATHS = "$(BUILD_DIR)/Release-universal/";
				GCC_C_LANGUAGE_STANDARD = gnu99;
				GCC_NO_COMMON_BLOCKS = YES;
				GCC_WARN_64_TO_32_BIT_CONVERSION = YES;
				GCC_WARN_ABOUT_RETURN_TYPE = YES_ERROR;
				GCC_WARN_UNDECLARED_SELECTOR = YES;
				GCC_WARN_UNINITIALIZED_AUTOS = YES_AGGRESSIVE;
				GCC_WARN_UNUSED_FUNCTION = YES;
				GCC_WARN_UNUSED_VARIABLE = YES;
				IPHONEOS_DEPLOYMENT_TARGET = 5.0;
				MTL_ENABLE_DEBUG_INFO = NO;
				SDKROOT = iphoneos;
				VALIDATE_PRODUCT = YES;
			};
			name = Release;
		};
		6A87877C1C892278001969F0 /* Debug */ = {
			isa = XCBuildConfiguration;
			buildSettings = {
				CLANG_ENABLE_OBJC_ARC = NO;
				OTHER_LDFLAGS = "";
				PRIVATE_HEADERS_FOLDER_PATH = "$(PROJECT_NAME)/";
				PRODUCT_NAME = "$(TARGET_NAME)";
				PUBLIC_HEADERS_FOLDER_PATH = "";
				SKIP_INSTALL = YES;
			};
			name = Debug;
		};
		6A87877D1C892278001969F0 /* Release */ = {
			isa = XCBuildConfiguration;
			buildSettings = {
				CLANG_ENABLE_OBJC_ARC = NO;
				OTHER_LDFLAGS = "";
				PRIVATE_HEADERS_FOLDER_PATH = "$(PROJECT_NAME)/";
				PRODUCT_NAME = "$(TARGET_NAME)";
				PUBLIC_HEADERS_FOLDER_PATH = "";
				SKIP_INSTALL = YES;
			};
			name = Release;
		};
		6A8787821C89236D001969F0 /* Debug */ = {
			isa = XCBuildConfiguration;
			buildSettings = {
				PRODUCT_NAME = "$(TARGET_NAME)";
			};
			name = Debug;
		};
		6A8787831C89236D001969F0 /* Release */ = {
			isa = XCBuildConfiguration;
			buildSettings = {
				PRODUCT_NAME = "$(TARGET_NAME)";
			};
			name = Release;
		};
/* End XCBuildConfiguration section */

/* Begin XCConfigurationList section */
		6A87876D1C892278001969F0 /* Build configuration list for PBXProject "AGXWebView" */ = {
			isa = XCConfigurationList;
			buildConfigurations = (
				6A8787791C892278001969F0 /* Debug */,
				6A87877A1C892278001969F0 /* Release */,
			);
			defaultConfigurationIsVisible = 0;
			defaultConfigurationName = Release;
		};
		6A87877B1C892278001969F0 /* Build configuration list for PBXNativeTarget "AGXWebView" */ = {
			isa = XCConfigurationList;
			buildConfigurations = (
				6A87877C1C892278001969F0 /* Debug */,
				6A87877D1C892278001969F0 /* Release */,
			);
			defaultConfigurationIsVisible = 0;
		};
		6A8787811C89236D001969F0 /* Build configuration list for PBXAggregateTarget "AGXWebViewBuilder" */ = {
			isa = XCConfigurationList;
			buildConfigurations = (
				6A8787821C89236D001969F0 /* Debug */,
				6A8787831C89236D001969F0 /* Release */,
			);
			defaultConfigurationIsVisible = 0;
		};
/* End XCConfigurationList section */
	};
	rootObject = 6A87876A1C892278001969F0 /* Project object */;
}
